{
  "version": 4,
  "terraform_version": "1.5.7",
  "serial": 377,
  "lineage": "f37a54f5-ee15-7652-215d-c85e3fe05816",
  "outputs": {},
  "resources": [
    {
      "mode": "data",
      "type": "aws_caller_identity",
      "name": "this",
      "provider": "provider[\"registry.terraform.io/hashicorp/aws\"]",
      "instances": [
        {
          "schema_version": 0,
          "attributes": {
            "account_id": "526054848789",
            "arn": "arn:aws:sts::526054848789:assumed-role/AWSReservedSSO_AdministratorAccess_eaa146b6dc3a2316/igor.oliveira",
            "id": "526054848789",
            "user_id": "AROAXU62P7EKSOARTWBFI:igor.oliveira"
          },
          "sensitive_attributes": []
        }
      ]
    },
    {
      "mode": "data",
      "type": "aws_ecr_authorization_token",
      "name": "token",
      "provider": "provider[\"registry.terraform.io/hashicorp/aws\"]",
      "instances": [
        {
          "schema_version": 0,
          "attributes": {
            "authorization_token": "QVdTOmV5SndZWGxzYjJGa0lqb2lUSE0xUkRKbE16WlRNVE14VDFwMVUyYzVVRmRRTVRsNlNEQmxVSGhPUmpGQmFYTXJWbGxuV0hNeVJXNUtRVEJSUTBKQk5HeG9TVlJVYjA5QlJXNWpWVzkzUmtKTVZHVktSa3hsUzJ0MVN6UXZVbVZOU1hVeVdtbERZbGhLU0dKTE5sZzBTR0l4V0VWYVVsZG5Sbk5pTmxFM2FHdERWRlF5ZVV4dGFERjNVSGs0UVVFek9ERTFOblZoTHpscGIxaE5ZVzV5ZDFreWRsVkZNbUoyWlRnMkwwRnpVWFZLUjNWcVpGWlpVM00zWTNNMGFVZ3lZVXR1WTFSMGNsbHhWVFJEVjBaRFoySkNRbkkxVUZWSFIzbE1aSEY0VEhORE1raHpSWEJFVG1SUmJGbzVkR0pzY0dOVFZXaFZlVEoxVkhWUVRWUkNXbmhNV1UxWU9FVnFlWEZrUzNkak5ra3haRWxMVERWTVVFVnFiM0pRTVdjM09GUjBaVWgyYjBwc1FtRk1VV1pZTUhaQ1ZGTlRjSFJDU2tkaGNqWnFPVmRyTDNOcEwweEtaamhKVFVGQ1RpdFljV2g0YkRGS1QzTjFUa3AzV0hGU05HSjZNSG92WVhOdWVXVkhSVmxhWVZNMlF6SkJRMlpCU0V4cE0zazNTVlU0VGxaSlVGQlhhRFpsY1dWeVRYQldNRUZLVkRaTE1sUkJWVzFVYUhSc1NHVlZaazA0TWtKcFVXNTRRMGRXWlM5bWRIVlJkM2RyVmxocGFuRmliVFpKZW5wNk4zZHVUMWQ0Ym1OV1EyVTNhMjQzWWpSUWFFMVhUR05HYmsxTGFXNWlkbVpuT0ZsSGJFWTVXSE5MVDBSSU1GWXhUa3htVjNGS1RGWm5jR04xUjJGclFsaGxOWGQ2TkVkbWIwcEtTblZVZEhWRFNXMXpRMWxxZEVkUllrWm9kWHB6UzNjek9WUXlNalJqTjFKSk9GSkVXVEpXTDFOS1NFVlpiMVpFT0d4NlFrMTJiM2xSVFZsbk1XUkJRbmhPYXpOelpFY3lTV1ZhUVhGcVMwRjFUMWhFUlhRNGJWcDBXalpMUkVKcmQzaFlSRnAwVkhFM1RFaHBhVXhsWXpSVlNHVlZNVmhyUjFRM2FTOUZiMmxXUWs1SGNFTjNORTFyU1hWNU1tRlZRbkJEVkROM0sySlZTbWg1Ym01TVYzTXZTakZ0THpRMUszQk1UamxrTWpsVmJUaDNObWhVVW1GbWIwZ3ZhV2RrVms5bU1uTkxNakp1V2tSWFZWVm9la293YkdsSlJXVktja1pKY0RGMGEzVlRRbkZqVWpGNWMwb3dWMWsyYjJWTmNTdGxNMHBoUVZoeGIyNUhVbTV0UlZrdlRtMWlZVUZMVmtOdGRUSjJPVFpZTWpaVVNqSlVWVzRyZW5CRGRGZDFPVGxpUjB4d1dscGlhRVJuY1RKRVpXUnJlbE5ZTm5wSU5IWkpXRmR6Y0dkeE1VMVdVQzlQVVRkTllXUmpXbmx0ZDJ0b2FVZFJiVzVQVXpBMVRqTXpWMnRtWTJWMlNqWXJSbEk0TkRsdGJHbFVjVnBsUTBSTldGQXdaalY1Wmxkak9GQm1UbVozSzB0TWFHOHJLMmRSVG5OVFdrWjVUMDlzTkRkMGQwNUxUMHhGY2k4eVVrRXhiRTVqTUVGQ2NtbGxTMU5xZW5Wb1RpOXJXR0ZrWlhvNWJIRnRSekZSTnpaRVVYcHRSekJNVjJwemFsTXZXSGhLZDJaV1FuUk9hRkZsV1c4NVpHeDNiMnhtUms4NFNHdDVUVEJSU1dremIyZzBiRlJIUTJ0Sk4wczRhazlsUjNwUGVuSmpjakJaVldKdlNHUjNZbE5IVW13M1pERkJTMEoyWmxGeFZqaHFVa3NyY0hWVGNqZHliSG92VTNoS2IzUjVWa1JLUzNoelJsWkVOMUk1V2toclQzVXpWeTlsWW1GNFNqbFlRMk16Y1dab1VITmtTaTlNUjBKUWFpOW1abGxHWlRoWmN6bENPRFZLUldWd2EzTkpWRTFwYlhwak5XUXhObXRLY0dad1FVSTFibVU1UVhOdVZuZFJjRU5RYzA1MFMwbzFSbTlNTUc5NFdtNHZXWFpGYkZSa2MzcHVUMWRVYUd3cmMxVnJNRXRPYlRWMFoxWkRNRkZYWVN0clVHeDBSMVpsVW1wMmMxb3ZjVVJNTjJjeFpqUjVVRlpzTjNCRE1sSnFObEpoTlRkTGVYQkNjM1JxTVRkUFJWZzNaak5YVml0d09FTjBMMmt6ZG1zMFJuSm1TSEpaY2tKRmFtaENVeXRTVFZacUt6SXlSRnBpY0VaWWVTdDNOalJtTmxOWVpWY3lkRTltYUdNeGNWbzFaVkZ3V2xWT2FEaEdlVlUzWjIxVFJqSjNhRXhXTTBObWFWRlZTVU5XZVdaSllVOVNaMlpzTjI5c1UzSk5ZVGgxV2sxRGJXSXJVM0pUVUVWcFZ6Tk1aVkp4V1QwaUxDSmtZWFJoYTJWNUlqb2lRVkZGUWtGSWFqWnNZelJZU1VwM0x6ZHNiakJJWXpBd1JFMWxhelpIUlhoSVEySlpORkpKY0ZSTlEwazFPRWx1VlhkQlFVRklOSGRtUVZsS1MyOWFTV2gyWTA1QlVXTkhiMGM0ZDJKUlNVSkJSRUp2UW1kcmNXaHJhVWM1ZHpCQ1FuZEZkMGhuV1VwWlNWcEpRVmRWUkVKQlJYVk5Ra1ZGUkUwd2FFUXllbEJwZWs1S1ZtdEhaRWRSU1VKRlNVRTNhM2hDTUVsemFXVlFRalZKVVRCMEswbHBOMmd6V1ZGS09GcDNaMWg0WjBoalNFOU1Xa0l4WlhOcGEwTTNORVJPYXpkblpUSjBVMmRoWkhoc2JVeHVNMGxHYVU1UE5IUkRLMGxxVERRd2J6MGlMQ0oyWlhKemFXOXVJam9pTWlJc0luUjVjR1VpT2lKRVFWUkJYMHRGV1NJc0ltVjRjR2x5WVhScGIyNGlPakUyT1RRNE56YzVNamQ5",
            "expires_at": "2023-09-16T15:25:27Z",
            "id": "us-west-2",
            "password": "eyJwYXlsb2FkIjoiTHM1RDJlMzZTMTMxT1p1U2c5UFdQMTl6SDBlUHhORjFBaXMrVllnWHMyRW5KQTBRQ0JBNGxoSVRUb09BRW5jVW93RkJMVGVKRkxlS2t1SzQvUmVNSXUyWmlDYlhKSGJLNlg0SGIxWEVaUldnRnNiNlE3aGtDVFQyeUxtaDF3UHk4QUEzODE1NnVhLzlpb1hNYW5yd1kydlVFMmJ2ZTg2L0FzUXVKR3VqZFZZU3M3Y3M0aUgyYUtuY1R0cllxVTRDV0ZDZ2JCQnI1UFVHR3lMZHF4THNDMkhzRXBETmRRbFo5dGJscGNTVWhVeTJ1VHVQTVRCWnhMWU1YOEVqeXFkS3djNkkxZElLTDVMUEVqb3JQMWc3OFR0ZUh2b0psQmFMUWZYMHZCVFNTcHRCSkdhcjZqOVdrL3NpL0xKZjhJTUFCTitYcWh4bDFKT3N1Tkp3WHFSNGJ6MHovYXNueWVHRVlaYVM2QzJBQ2ZBSExpM3k3SVU4TlZJUFBXaDZlcWVyTXBWMEFKVDZLMlRBVW1UaHRsSGVVZk04MkJpUW54Q0dWZS9mdHVRd3drVlhpanFibTZJenp6N3duT1d4bmNWQ2U3a243YjRQaE1XTGNGbk1LaW5idmZnOFlHbEY5WHNLT0RIMFYxTkxmV3FKTFZncGN1R2FrQlhlNXd6NEdmb0pKSnVUdHVDSW1zQ1lqdEdRYkZodXpzS3czOVQyMjRjN1JJOFJEWTJWL1NKSEVZb1ZEOGx6Qk12b3lRTVlnMWRBQnhOazNzZEcySWVaQXFqS0F1T1hERXQ4bVp0WjZLREJrd3hYRFp0VHE3TEhpaUxlYzRVSGVVMVhrR1Q3aS9Fb2lWQk5HcEN3NE1rSXV5MmFVQnBDVDN3K2JVSmh5bm5MV3MvSjFtLzQ1K3BMTjlkMjlVbTh3NmhUUmFmb0gvaWdkVk9mMnNLMjJuWkRXVVVoekowbGlJRWVKckZJcDF0a3VTQnFjUjF5c0owV1k2b2VNcStlM0phQVhxb25HUm5tRVkvTm1iYUFLVkNtdTJ2OTZYMjZUSjJUVW4renBDdFd1OTliR0xwWlpiaERncTJEZWRrelNYNnpINHZJWFdzcGdxMU1WUC9PUTdNYWRjWnltd2toaUdRbW5PUzA1TjMzV2tmY2V2SjYrRlI4NDltbGlUcVplQ0RNWFAwZjV5ZldjOFBmTmZ3K0tMaG8rK2dRTnNTWkZ5T09sNDd0d05LT0xFci8yUkExbE5jMEFCcmllS1NqenVoTi9rWGFkZXo5bHFtRzFRNzZEUXptRzBMV2pzalMvWHhKd2ZWQnROaFFlWW85ZGx3b2xmRk84SGt5TTBRSWkzb2g0bFRHQ2tJN0s4ak9lR3pPenJjcjBZVWJvSGR3YlNHUmw3ZDFBS0J2ZlFxVjhqUksrcHVTcjdybHovU3hKb3R5VkRKS3hzRlZEN1I5WkhrT3UzVy9lYmF4SjlYQ2MzcWZoUHNkSi9MR0JQai9mZllGZThZczlCODVKRWVwa3NJVE1pbXpjNWQxNmtKcGZwQUI1bmU5QXNuVndRcENQc050S0o1Rm9MMG94Wm4vWXZFbFRkc3puT1dUaGwrc1VrMEtObTV0Z1ZDMFFXYStrUGx0R1ZlUmp2c1ovcURMN2cxZjR5UFZsN3BDMlJqNlJhNTdLeXBCc3RqMTdPRVg3ZjNXVitwOEN0L2kzdms0RnJmSHJZckJFamhCUytSTVZqKzIyRFpicEZYeSt3NjRmNlNYZVcydE9maGMxcVo1ZVFwWlVOaDhGeVU3Z21TRjJ3aExWM0NmaVFVSUNWeWZJYU9SZ2ZsN29sU3JNYTh1Wk1DbWIrU3JTUEVpVzNMZVJxWT0iLCJkYXRha2V5IjoiQVFFQkFIajZsYzRYSUp3LzdsbjBIYzAwRE1lazZHRXhIQ2JZNFJJcFRNQ0k1OEluVXdBQUFINHdmQVlKS29aSWh2Y05BUWNHb0c4d2JRSUJBREJvQmdrcWhraUc5dzBCQndFd0hnWUpZSVpJQVdVREJBRXVNQkVFRE0waEQyelBpek5KVmtHZEdRSUJFSUE3a3hCMElzaWVQQjVJUTB0K0lpN2gzWVFKOFp3Z1h4Z0hjSE9MWkIxZXNpa0M3NEROazdnZTJ0U2dhZHhsbUxuM0lGaU5PNHRDK0lqTDQwbz0iLCJ2ZXJzaW9uIjoiMiIsInR5cGUiOiJEQVRBX0tFWSIsImV4cGlyYXRpb24iOjE2OTQ4Nzc5Mjd9",
            "proxy_endpoint": "https://526054848789.dkr.ecr.us-west-2.amazonaws.com",
            "registry_id": null,
            "user_name": "AWS"
          },
          "sensitive_attributes": []
        }
      ]
    },
    {
      "mode": "data",
      "type": "aws_region",
      "name": "current",
      "provider": "provider[\"registry.terraform.io/hashicorp/aws\"]",
      "instances": [
        {
          "schema_version": 0,
          "attributes": {
            "description": "US West (Oregon)",
            "endpoint": "ec2.us-west-2.amazonaws.com",
            "id": "us-west-2",
            "name": "us-west-2"
          },
          "sensitive_attributes": []
        }
      ]
    },
    {
      "module": "module.docker_image_mercado_livre",
      "mode": "data",
      "type": "aws_caller_identity",
      "name": "this",
      "provider": "provider[\"registry.terraform.io/hashicorp/aws\"]",
      "instances": [
        {
          "schema_version": 0,
          "attributes": {
            "account_id": "526054848789",
            "arn": "arn:aws:sts::526054848789:assumed-role/AWSReservedSSO_AdministratorAccess_eaa146b6dc3a2316/igor.oliveira",
            "id": "526054848789",
            "user_id": "AROAXU62P7EKSOARTWBFI:igor.oliveira"
          },
          "sensitive_attributes": []
        }
      ]
    },
    {
      "module": "module.docker_image_mercado_livre",
      "mode": "data",
      "type": "aws_region",
      "name": "current",
      "provider": "provider[\"registry.terraform.io/hashicorp/aws\"]",
      "instances": [
        {
          "schema_version": 0,
          "attributes": {
            "description": "US West (Oregon)",
            "endpoint": "ec2.us-west-2.amazonaws.com",
            "id": "us-west-2",
            "name": "us-west-2"
          },
          "sensitive_attributes": []
        }
      ]
    },
    {
      "module": "module.docker_image_mercado_livre",
      "mode": "managed",
      "type": "aws_ecr_lifecycle_policy",
      "name": "this",
      "provider": "provider[\"registry.terraform.io/hashicorp/aws\"]",
      "instances": [
        {
          "index_key": 0,
          "schema_version": 0,
          "attributes": {
            "id": "extract-apis-mercado-livre",
            "policy": "{\"rules\":[{\"action\":{\"type\":\"expire\"},\"description\":\"Keep only the last 2 images\",\"rulePriority\":1,\"selection\":{\"countNumber\":2,\"countType\":\"imageCountMoreThan\",\"tagStatus\":\"any\"}}]}",
            "registry_id": "526054848789",
            "repository": "extract-apis-mercado-livre"
          },
          "sensitive_attributes": [],
          "private": "bnVsbA==",
          "dependencies": [
            "module.docker_image_mercado_livre.aws_ecr_repository.this"
          ]
        }
      ]
    },
    {
      "module": "module.docker_image_mercado_livre",
      "mode": "managed",
      "type": "aws_ecr_repository",
      "name": "this",
      "provider": "provider[\"registry.terraform.io/hashicorp/aws\"]",
      "instances": [
        {
          "index_key": 0,
          "schema_version": 0,
          "attributes": {
            "arn": "arn:aws:ecr:us-west-2:526054848789:repository/extract-apis-mercado-livre",
            "encryption_configuration": [
              {
                "encryption_type": "AES256",
                "kms_key": ""
              }
            ],
            "force_delete": true,
            "id": "extract-apis-mercado-livre",
            "image_scanning_configuration": [
              {
                "scan_on_push": false
              }
            ],
            "image_tag_mutability": "MUTABLE",
            "name": "extract-apis-mercado-livre",
            "registry_id": "526054848789",
            "repository_url": "526054848789.dkr.ecr.us-west-2.amazonaws.com/extract-apis-mercado-livre",
            "tags": {},
            "tags_all": {},
            "timeouts": null
          },
          "sensitive_attributes": [],
          "private": "eyJlMmJmYjczMC1lY2FhLTExZTYtOGY4OC0zNDM2M2JjN2M0YzAiOnsiZGVsZXRlIjoxMjAwMDAwMDAwMDAwfX0="
        }
      ]
    },
    {
      "module": "module.docker_image_mercado_livre",
      "mode": "managed",
      "type": "docker_image",
      "name": "this",
      "provider": "provider[\"registry.terraform.io/kreuzwerker/docker\"]",
      "instances": [
        {
          "schema_version": 0,
          "attributes": {
            "build": [
              {
                "auth_config": [],
                "build_arg": {},
                "build_args": {},
                "build_id": "",
                "cache_from": [],
                "cgroup_parent": "",
                "context": "mercado-livre",
                "cpu_period": 0,
                "cpu_quota": 0,
                "cpu_set_cpus": "",
                "cpu_set_mems": "",
                "cpu_shares": 0,
                "dockerfile": "Dockerfile",
                "extra_hosts": [],
                "force_remove": false,
                "isolation": "",
                "label": {},
                "labels": {},
                "memory": 0,
                "memory_swap": 0,
                "network_mode": "",
                "no_cache": false,
                "platform": "linux/amd64",
                "pull_parent": false,
                "remote_context": "",
                "remove": true,
                "security_opt": [],
                "session_id": "",
                "shm_size": 0,
                "squash": false,
                "suppress_output": false,
                "tag": [],
                "target": "",
                "ulimit": [],
                "version": ""
              }
            ],
            "force_remove": null,
            "id": "sha256:c36ff3e7553514f9a225a5e8ac2e7dc374ee1dbadce64be7987074525c66b7c7526054848789.dkr.ecr.us-west-2.amazonaws.com/extract-apis-mercado-livre:0.1",
            "image_id": "sha256:c36ff3e7553514f9a225a5e8ac2e7dc374ee1dbadce64be7987074525c66b7c7",
            "keep_locally": null,
            "name": "526054848789.dkr.ecr.us-west-2.amazonaws.com/extract-apis-mercado-livre:0.1",
            "platform": null,
            "pull_triggers": null,
            "repo_digest": "526054848789.dkr.ecr.us-west-2.amazonaws.com/extract-apis-mercado-livre@sha256:1d978443080af953dfc85bfa265e56bb75a28bdaa9d79e9263ac890e07824824",
            "triggers": null
          },
          "sensitive_attributes": [],
          "private": "bnVsbA==",
          "dependencies": [
            "data.aws_caller_identity.this",
            "data.aws_ecr_authorization_token.token",
            "data.aws_region.current",
            "module.docker_image_mercado_livre.aws_ecr_repository.this",
            "module.docker_image_mercado_livre.data.aws_caller_identity.this",
            "module.docker_image_mercado_livre.data.aws_region.current"
          ]
        }
      ]
    },
    {
      "module": "module.docker_image_mercado_livre",
      "mode": "managed",
      "type": "docker_registry_image",
      "name": "this",
      "provider": "provider[\"registry.terraform.io/kreuzwerker/docker\"]",
      "instances": [
        {
          "schema_version": 0,
          "attributes": {
            "id": "sha256:1d978443080af953dfc85bfa265e56bb75a28bdaa9d79e9263ac890e07824824",
            "insecure_skip_verify": false,
            "keep_remotely": false,
            "name": "526054848789.dkr.ecr.us-west-2.amazonaws.com/extract-apis-mercado-livre:0.1",
            "sha256_digest": "sha256:1d978443080af953dfc85bfa265e56bb75a28bdaa9d79e9263ac890e07824824",
            "triggers": null
          },
          "sensitive_attributes": [],
          "private": "bnVsbA==",
          "dependencies": [
            "data.aws_caller_identity.this",
            "data.aws_ecr_authorization_token.token",
            "data.aws_region.current",
            "module.docker_image_mercado_livre.aws_ecr_repository.this",
            "module.docker_image_mercado_livre.data.aws_caller_identity.this",
            "module.docker_image_mercado_livre.data.aws_region.current",
            "module.docker_image_mercado_livre.docker_image.this"
          ]
        }
      ]
    },
    {
      "module": "module.docker_image_mercado_livre",
      "mode": "managed",
      "type": "null_resource",
      "name": "sam_metadata_docker_registry_image",
      "provider": "provider[\"registry.terraform.io/hashicorp/null\"]",
      "instances": [
        {
          "schema_version": 0,
          "attributes": {
            "id": "2919595630564074091",
            "triggers": {
              "built_image_uri": "526054848789.dkr.ecr.us-west-2.amazonaws.com/extract-apis-mercado-livre:0.1",
              "docker_build_args": "{}",
              "docker_context": "mercado-livre",
              "docker_file": "Dockerfile",
              "docker_tag": "0.1",
              "resource_type": "IMAGE_LAMBDA_FUNCTION"
            }
          },
          "sensitive_attributes": [],
          "dependencies": [
            "data.aws_caller_identity.this",
            "data.aws_ecr_authorization_token.token",
            "data.aws_region.current",
            "module.docker_image_mercado_livre.aws_ecr_repository.this",
            "module.docker_image_mercado_livre.data.aws_caller_identity.this",
            "module.docker_image_mercado_livre.data.aws_region.current",
            "module.docker_image_mercado_livre.docker_image.this",
            "module.docker_image_mercado_livre.docker_registry_image.this"
          ]
        }
      ]
    },
    {
      "module": "module.lambda_mercado_livre",
      "mode": "data",
      "type": "aws_caller_identity",
      "name": "current",
      "provider": "provider[\"registry.terraform.io/hashicorp/aws\"]",
      "instances": [
        {
          "schema_version": 0,
          "attributes": {
            "account_id": "526054848789",
            "arn": "arn:aws:sts::526054848789:assumed-role/AWSReservedSSO_AdministratorAccess_eaa146b6dc3a2316/igor.oliveira",
            "id": "526054848789",
            "user_id": "AROAXU62P7EKSOARTWBFI:igor.oliveira"
          },
          "sensitive_attributes": []
        }
      ]
    },
    {
      "module": "module.lambda_mercado_livre",
      "mode": "data",
      "type": "aws_iam_policy_document",
      "name": "additional_inline",
      "provider": "provider[\"registry.terraform.io/hashicorp/aws\"]",
      "instances": [
        {
          "index_key": 0,
          "schema_version": 0,
          "attributes": {
            "id": "3014314062",
            "json": "{\n  \"Version\": \"2012-10-17\",\n  \"Statement\": [\n    {\n      \"Sid\": \"dynamodb\",\n      \"Effect\": \"Allow\",\n      \"Action\": \"s3:*\",\n      \"Resource\": \"*\"\n    }\n  ]\n}",
            "override_policy_documents": null,
            "policy_id": null,
            "source_policy_documents": null,
            "statement": [
              {
                "actions": [
                  "s3:*"
                ],
                "condition": [],
                "effect": "Allow",
                "not_actions": [],
                "not_principals": [],
                "not_resources": [],
                "principals": [],
                "resources": [
                  "*"
                ],
                "sid": "dynamodb"
              }
            ],
            "version": "2012-10-17"
          },
          "sensitive_attributes": []
        }
      ]
    },
    {
      "module": "module.lambda_mercado_livre",
      "mode": "data",
      "type": "aws_iam_policy_document",
      "name": "assume_role",
      "provider": "provider[\"registry.terraform.io/hashicorp/aws\"]",
      "instances": [
        {
          "index_key": 0,
          "schema_version": 0,
          "attributes": {
            "id": "2690255455",
            "json": "{\n  \"Version\": \"2012-10-17\",\n  \"Statement\": [\n    {\n      \"Effect\": \"Allow\",\n      \"Action\": \"sts:AssumeRole\",\n      \"Principal\": {\n        \"Service\": \"lambda.amazonaws.com\"\n      }\n    }\n  ]\n}",
            "override_policy_documents": null,
            "policy_id": null,
            "source_policy_documents": null,
            "statement": [
              {
                "actions": [
                  "sts:AssumeRole"
                ],
                "condition": [],
                "effect": "Allow",
                "not_actions": [],
                "not_principals": [],
                "not_resources": [],
                "principals": [
                  {
                    "identifiers": [
                      "lambda.amazonaws.com"
                    ],
                    "type": "Service"
                  }
                ],
                "resources": [],
                "sid": ""
              }
            ],
            "version": "2012-10-17"
          },
          "sensitive_attributes": []
        }
      ]
    },
    {
      "module": "module.lambda_mercado_livre",
      "mode": "data",
      "type": "aws_iam_policy_document",
      "name": "logs",
      "provider": "provider[\"registry.terraform.io/hashicorp/aws\"]",
      "instances": [
        {
          "index_key": 0,
          "schema_version": 0,
          "attributes": {
            "id": "3757632638",
            "json": "{\n  \"Version\": \"2012-10-17\",\n  \"Statement\": [\n    {\n      \"Effect\": \"Allow\",\n      \"Action\": [\n        \"logs:PutLogEvents\",\n        \"logs:CreateLogStream\",\n        \"logs:CreateLogGroup\"\n      ],\n      \"Resource\": [\n        \"arn:aws:logs:us-west-2:526054848789:log-group:/aws/lambda/extract-apis-mercado-livre:*:*\",\n        \"arn:aws:logs:us-west-2:526054848789:log-group:/aws/lambda/extract-apis-mercado-livre:*\"\n      ]\n    }\n  ]\n}",
            "override_policy_documents": null,
            "policy_id": null,
            "source_policy_documents": null,
            "statement": [
              {
                "actions": [
                  "logs:CreateLogGroup",
                  "logs:CreateLogStream",
                  "logs:PutLogEvents"
                ],
                "condition": [],
                "effect": "Allow",
                "not_actions": [],
                "not_principals": [],
                "not_resources": [],
                "principals": [],
                "resources": [
                  "arn:aws:logs:us-west-2:526054848789:log-group:/aws/lambda/extract-apis-mercado-livre:*",
                  "arn:aws:logs:us-west-2:526054848789:log-group:/aws/lambda/extract-apis-mercado-livre:*:*"
                ],
                "sid": ""
              }
            ],
            "version": "2012-10-17"
          },
          "sensitive_attributes": []
        }
      ]
    },
    {
      "module": "module.lambda_mercado_livre",
      "mode": "data",
      "type": "aws_partition",
      "name": "current",
      "provider": "provider[\"registry.terraform.io/hashicorp/aws\"]",
      "instances": [
        {
          "schema_version": 0,
          "attributes": {
            "dns_suffix": "amazonaws.com",
            "id": "aws",
            "partition": "aws",
            "reverse_dns_prefix": "com.amazonaws"
          },
          "sensitive_attributes": []
        }
      ]
    },
    {
      "module": "module.lambda_mercado_livre",
      "mode": "data",
      "type": "aws_region",
      "name": "current",
      "provider": "provider[\"registry.terraform.io/hashicorp/aws\"]",
      "instances": [
        {
          "schema_version": 0,
          "attributes": {
            "description": "US West (Oregon)",
            "endpoint": "ec2.us-west-2.amazonaws.com",
            "id": "us-west-2",
            "name": "us-west-2"
          },
          "sensitive_attributes": []
        }
      ]
    },
    {
      "module": "module.lambda_mercado_livre",
      "mode": "managed",
      "type": "aws_cloudwatch_log_group",
      "name": "lambda",
      "provider": "provider[\"registry.terraform.io/hashicorp/aws\"]",
      "instances": [
        {
          "index_key": 0,
          "schema_version": 0,
          "attributes": {
            "arn": "arn:aws:logs:us-west-2:526054848789:log-group:/aws/lambda/extract-apis-mercado-livre",
            "id": "/aws/lambda/extract-apis-mercado-livre",
            "kms_key_id": "",
            "name": "/aws/lambda/extract-apis-mercado-livre",
            "name_prefix": "",
            "retention_in_days": 0,
            "skip_destroy": false,
            "tags": null,
            "tags_all": {}
          },
          "sensitive_attributes": [],
          "private": "bnVsbA=="
        }
      ]
    },
    {
      "module": "module.lambda_mercado_livre",
      "mode": "managed",
      "type": "aws_iam_policy",
      "name": "additional_inline",
      "provider": "provider[\"registry.terraform.io/hashicorp/aws\"]",
      "instances": [
        {
          "index_key": 0,
          "schema_version": 0,
          "attributes": {
            "arn": "arn:aws:iam::526054848789:policy/extract-apis-mercado-livre-inline",
            "description": "",
            "id": "arn:aws:iam::526054848789:policy/extract-apis-mercado-livre-inline",
            "name": "extract-apis-mercado-livre-inline",
            "name_prefix": "",
            "path": "/",
            "policy": "{\"Statement\":[{\"Action\":\"s3:*\",\"Effect\":\"Allow\",\"Resource\":\"*\",\"Sid\":\"dynamodb\"}],\"Version\":\"2012-10-17\"}",
            "policy_id": "ANPAXU62P7EKWC4LXDTFV",
            "tags": null,
            "tags_all": {}
          },
          "sensitive_attributes": [],
          "private": "bnVsbA==",
          "dependencies": [
            "module.lambda_mercado_livre.data.aws_iam_policy_document.additional_inline"
          ]
        }
      ]
    },
    {
      "module": "module.lambda_mercado_livre",
      "mode": "managed",
      "type": "aws_iam_policy",
      "name": "logs",
      "provider": "provider[\"registry.terraform.io/hashicorp/aws\"]",
      "instances": [
        {
          "index_key": 0,
          "schema_version": 0,
          "attributes": {
            "arn": "arn:aws:iam::526054848789:policy/extract-apis-mercado-livre-logs",
            "description": "",
            "id": "arn:aws:iam::526054848789:policy/extract-apis-mercado-livre-logs",
            "name": "extract-apis-mercado-livre-logs",
            "name_prefix": "",
            "path": "/",
            "policy": "{\"Statement\":[{\"Action\":[\"logs:PutLogEvents\",\"logs:CreateLogStream\",\"logs:CreateLogGroup\"],\"Effect\":\"Allow\",\"Resource\":[\"arn:aws:logs:us-west-2:526054848789:log-group:/aws/lambda/extract-apis-mercado-livre:*:*\",\"arn:aws:logs:us-west-2:526054848789:log-group:/aws/lambda/extract-apis-mercado-livre:*\"]}],\"Version\":\"2012-10-17\"}",
            "policy_id": "ANPAXU62P7EKRW4H6KBW2",
            "tags": null,
            "tags_all": {}
          },
          "sensitive_attributes": [],
          "private": "bnVsbA==",
          "dependencies": [
            "module.lambda_mercado_livre.aws_cloudwatch_log_group.lambda",
            "module.lambda_mercado_livre.data.aws_arn.log_group_arn",
            "module.lambda_mercado_livre.data.aws_cloudwatch_log_group.lambda",
            "module.lambda_mercado_livre.data.aws_iam_policy_document.logs"
          ]
        }
      ]
    },
    {
      "module": "module.lambda_mercado_livre",
      "mode": "managed",
      "type": "aws_iam_role",
      "name": "lambda",
      "provider": "provider[\"registry.terraform.io/hashicorp/aws\"]",
      "instances": [
        {
          "index_key": 0,
          "schema_version": 0,
          "attributes": {
            "arn": "arn:aws:iam::526054848789:role/extract-apis-mercado-livre",
            "assume_role_policy": "{\"Statement\":[{\"Action\":\"sts:AssumeRole\",\"Effect\":\"Allow\",\"Principal\":{\"Service\":\"lambda.amazonaws.com\"}}],\"Version\":\"2012-10-17\"}",
            "create_date": "2023-09-16T03:25:36Z",
            "description": "",
            "force_detach_policies": true,
            "id": "extract-apis-mercado-livre",
            "inline_policy": [],
            "managed_policy_arns": [],
            "max_session_duration": 3600,
            "name": "extract-apis-mercado-livre",
            "name_prefix": "",
            "path": "/",
            "permissions_boundary": null,
            "tags": null,
            "tags_all": {},
            "unique_id": "AROAXU62P7EKZRS67JGGP"
          },
          "sensitive_attributes": [],
          "private": "bnVsbA==",
          "dependencies": [
            "module.lambda_mercado_livre.data.aws_iam_policy_document.assume_role"
          ]
        }
      ]
    },
    {
      "module": "module.lambda_mercado_livre",
      "mode": "managed",
      "type": "aws_iam_role_policy_attachment",
      "name": "additional_inline",
      "provider": "provider[\"registry.terraform.io/hashicorp/aws\"]",
      "instances": [
        {
          "index_key": 0,
          "schema_version": 0,
          "attributes": {
            "id": "extract-apis-mercado-livre-20230916032537330600000001",
            "policy_arn": "arn:aws:iam::526054848789:policy/extract-apis-mercado-livre-inline",
            "role": "extract-apis-mercado-livre"
          },
          "sensitive_attributes": [],
          "private": "bnVsbA==",
          "dependencies": [
            "module.lambda_mercado_livre.aws_iam_policy.additional_inline",
            "module.lambda_mercado_livre.aws_iam_role.lambda",
            "module.lambda_mercado_livre.data.aws_iam_policy_document.additional_inline",
            "module.lambda_mercado_livre.data.aws_iam_policy_document.assume_role"
          ]
        }
      ]
    },
    {
      "module": "module.lambda_mercado_livre",
      "mode": "managed",
      "type": "aws_iam_role_policy_attachment",
      "name": "logs",
      "provider": "provider[\"registry.terraform.io/hashicorp/aws\"]",
      "instances": [
        {
          "index_key": 0,
          "schema_version": 0,
          "attributes": {
            "id": "extract-apis-mercado-livre-20230916032538428600000002",
            "policy_arn": "arn:aws:iam::526054848789:policy/extract-apis-mercado-livre-logs",
            "role": "extract-apis-mercado-livre"
          },
          "sensitive_attributes": [],
          "private": "bnVsbA==",
          "dependencies": [
            "module.lambda_mercado_livre.aws_cloudwatch_log_group.lambda",
            "module.lambda_mercado_livre.aws_iam_policy.logs",
            "module.lambda_mercado_livre.aws_iam_role.lambda",
            "module.lambda_mercado_livre.data.aws_arn.log_group_arn",
            "module.lambda_mercado_livre.data.aws_cloudwatch_log_group.lambda",
            "module.lambda_mercado_livre.data.aws_iam_policy_document.assume_role",
            "module.lambda_mercado_livre.data.aws_iam_policy_document.logs"
          ]
        }
      ]
    },
    {
      "module": "module.lambda_mercado_livre",
      "mode": "managed",
      "type": "aws_lambda_function",
      "name": "this",
      "provider": "provider[\"registry.terraform.io/hashicorp/aws\"]",
      "instances": [
        {
          "index_key": 0,
          "schema_version": 0,
          "attributes": {
            "architectures": [
              "x86_64"
            ],
            "arn": "arn:aws:lambda:us-west-2:526054848789:function:extract-apis-mercado-livre",
            "code_signing_config_arn": "",
            "dead_letter_config": [],
            "description": "My awesome lambda function",
            "environment": [
              {
                "variables": {
                  "TABLE_NAME": ""
                }
              }
            ],
            "ephemeral_storage": [
              {
                "size": 512
              }
            ],
            "file_system_config": [],
            "filename": null,
            "function_name": "extract-apis-mercado-livre",
            "handler": "",
            "id": "extract-apis-mercado-livre",
            "image_config": [],
            "image_uri": "526054848789.dkr.ecr.us-west-2.amazonaws.com/extract-apis-mercado-livre:0.1",
            "invoke_arn": "arn:aws:apigateway:us-west-2:lambda:path/2015-03-31/functions/arn:aws:lambda:us-west-2:526054848789:function:extract-apis-mercado-livre/invocations",
            "kms_key_arn": "",
            "last_modified": "2023-09-16T03:25:55.965+0000",
            "layers": null,
            "memory_size": 1024,
            "package_type": "Image",
            "publish": false,
            "qualified_arn": "arn:aws:lambda:us-west-2:526054848789:function:extract-apis-mercado-livre:$LATEST",
            "qualified_invoke_arn": "arn:aws:apigateway:us-west-2:lambda:path/2015-03-31/functions/arn:aws:lambda:us-west-2:526054848789:function:extract-apis-mercado-livre:$LATEST/invocations",
            "replace_security_groups_on_destroy": null,
            "replacement_security_group_ids": null,
            "reserved_concurrent_executions": -1,
            "role": "arn:aws:iam::526054848789:role/extract-apis-mercado-livre",
            "runtime": "",
            "s3_bucket": null,
            "s3_key": null,
            "s3_object_version": null,
            "signing_job_arn": "",
            "signing_profile_version_arn": "",
            "skip_destroy": false,
            "snap_start": [],
            "source_code_hash": "1d978443080af953dfc85bfa265e56bb75a28bdaa9d79e9263ac890e07824824",
            "source_code_size": 0,
            "tags": null,
            "tags_all": {},
            "timeout": 60,
            "timeouts": null,
            "tracing_config": [
              {
                "mode": "PassThrough"
              }
            ],
            "version": "$LATEST",
            "vpc_config": []
          },
          "sensitive_attributes": [],
          "private": "eyJlMmJmYjczMC1lY2FhLTExZTYtOGY4OC0zNDM2M2JjN2M0YzAiOnsiY3JlYXRlIjo2MDAwMDAwMDAwMDAsImRlbGV0ZSI6NjAwMDAwMDAwMDAwLCJ1cGRhdGUiOjYwMDAwMDAwMDAwMH19",
          "dependencies": [
            "data.aws_caller_identity.this",
            "data.aws_ecr_authorization_token.token",
            "data.aws_region.current",
            "module.docker_image_mercado_livre.docker_registry_image.this",
            "module.lambda_mercado_livre.aws_cloudwatch_log_group.lambda",
            "module.lambda_mercado_livre.aws_iam_policy.additional_inline",
            "module.lambda_mercado_livre.aws_iam_policy.logs",
            "module.lambda_mercado_livre.aws_iam_role.lambda",
            "module.lambda_mercado_livre.aws_iam_role_policy_attachment.additional_inline",
            "module.lambda_mercado_livre.aws_iam_role_policy_attachment.additional_json",
            "module.lambda_mercado_livre.aws_iam_role_policy_attachment.additional_jsons",
            "module.lambda_mercado_livre.aws_iam_role_policy_attachment.additional_many",
            "module.lambda_mercado_livre.aws_iam_role_policy_attachment.additional_one",
            "module.lambda_mercado_livre.aws_iam_role_policy_attachment.async",
            "module.lambda_mercado_livre.aws_iam_role_policy_attachment.dead_letter",
            "module.lambda_mercado_livre.aws_iam_role_policy_attachment.logs",
            "module.lambda_mercado_livre.aws_iam_role_policy_attachment.tracing",
            "module.lambda_mercado_livre.aws_iam_role_policy_attachment.vpc",
            "module.lambda_mercado_livre.aws_s3_object.lambda_package",
            "module.lambda_mercado_livre.data.aws_arn.log_group_arn",
            "module.lambda_mercado_livre.data.aws_cloudwatch_log_group.lambda",
            "module.lambda_mercado_livre.data.aws_iam_policy_document.additional_inline",
            "module.lambda_mercado_livre.data.aws_iam_policy_document.assume_role",
            "module.lambda_mercado_livre.data.aws_iam_policy_document.logs",
            "module.lambda_mercado_livre.data.external.archive_prepare",
            "module.lambda_mercado_livre.null_resource.archive"
          ]
        }
      ]
    },
    {
      "module": "module.step_function",
      "mode": "data",
      "type": "aws_caller_identity",
      "name": "current",
      "provider": "provider[\"registry.terraform.io/hashicorp/aws\"]",
      "instances": [
        {
          "schema_version": 0,
          "attributes": {
            "account_id": "526054848789",
            "arn": "arn:aws:sts::526054848789:assumed-role/AWSReservedSSO_AdministratorAccess_eaa146b6dc3a2316/igor.oliveira",
            "id": "526054848789",
            "user_id": "AROAXU62P7EKSOARTWBFI:igor.oliveira"
          },
          "sensitive_attributes": []
        }
      ]
    },
    {
      "module": "module.step_function",
      "mode": "data",
      "type": "aws_iam_policy_document",
      "name": "assume_role",
      "provider": "provider[\"registry.terraform.io/hashicorp/aws\"]",
      "instances": [
        {
          "index_key": 0,
          "schema_version": 0,
          "attributes": {
            "id": "427396675",
            "json": "{\n  \"Version\": \"2012-10-17\",\n  \"Statement\": [\n    {\n      \"Effect\": \"Allow\",\n      \"Action\": \"sts:AssumeRole\",\n      \"Principal\": {\n        \"Service\": \"states.us-west-2.amazonaws.com\"\n      }\n    }\n  ]\n}",
            "override_policy_documents": null,
            "policy_id": null,
            "source_policy_documents": null,
            "statement": [
              {
                "actions": [
                  "sts:AssumeRole"
                ],
                "condition": [],
                "effect": "Allow",
                "not_actions": [],
                "not_principals": [],
                "not_resources": [],
                "principals": [
                  {
                    "identifiers": [
                      "states.us-west-2.amazonaws.com"
                    ],
                    "type": "Service"
                  }
                ],
                "resources": [],
                "sid": ""
              }
            ],
            "version": "2012-10-17"
          },
          "sensitive_attributes": []
        }
      ]
    },
    {
      "module": "module.step_function",
      "mode": "data",
      "type": "aws_iam_policy_document",
      "name": "logs",
      "provider": "provider[\"registry.terraform.io/hashicorp/aws\"]",
      "instances": [
        {
          "index_key": 0,
          "schema_version": 0,
          "attributes": {
            "id": "2981584126",
            "json": "{\n  \"Version\": \"2012-10-17\",\n  \"Statement\": [\n    {\n      \"Effect\": \"Allow\",\n      \"Action\": [\n        \"logs:UpdateLogDelivery\",\n        \"logs:PutResourcePolicy\",\n        \"logs:ListLogDeliveries\",\n        \"logs:GetLogDelivery\",\n        \"logs:DescribeResourcePolicies\",\n        \"logs:DescribeLogGroups\",\n        \"logs:DeleteLogDelivery\",\n        \"logs:CreateLogDelivery\"\n      ],\n      \"Resource\": \"*\"\n    }\n  ]\n}",
            "override_policy_documents": null,
            "policy_id": null,
            "source_policy_documents": null,
            "statement": [
              {
                "actions": [
                  "logs:CreateLogDelivery",
                  "logs:DeleteLogDelivery",
                  "logs:DescribeLogGroups",
                  "logs:DescribeResourcePolicies",
                  "logs:GetLogDelivery",
                  "logs:ListLogDeliveries",
                  "logs:PutResourcePolicy",
                  "logs:UpdateLogDelivery"
                ],
                "condition": [],
                "effect": "Allow",
                "not_actions": [],
                "not_principals": [],
                "not_resources": [],
                "principals": [],
                "resources": [
                  "*"
                ],
                "sid": ""
              }
            ],
            "version": "2012-10-17"
          },
          "sensitive_attributes": []
        }
      ]
    },
    {
      "module": "module.step_function",
      "mode": "data",
      "type": "aws_iam_policy_document",
      "name": "service",
      "provider": "provider[\"registry.terraform.io/hashicorp/aws\"]",
      "instances": [
        {
          "index_key": "lambda",
          "schema_version": 0,
          "attributes": {
            "id": "3361428682",
            "json": "{\n  \"Version\": \"2012-10-17\",\n  \"Statement\": [\n    {\n      \"Sid\": \"lambdaLambda\",\n      \"Effect\": \"Allow\",\n      \"Action\": \"lambda:InvokeFunction\",\n      \"Resource\": [\n        \"arn:aws:lambda:us-west-2:526054848789:function:extract-apis-mercado-livre:*\",\n        \"arn:aws:lambda:us-west-2:526054848789:function:extract-apis-mercado-livre\"\n      ]\n    }\n  ]\n}",
            "override_policy_documents": null,
            "policy_id": null,
            "source_policy_documents": null,
            "statement": [
              {
                "actions": [
                  "lambda:InvokeFunction"
                ],
                "condition": [],
                "effect": "Allow",
                "not_actions": [],
                "not_principals": [],
                "not_resources": [],
                "principals": [],
                "resources": [
                  "arn:aws:lambda:us-west-2:526054848789:function:extract-apis-mercado-livre",
                  "arn:aws:lambda:us-west-2:526054848789:function:extract-apis-mercado-livre:*"
                ],
                "sid": "lambdaLambda"
              }
            ],
            "version": "2012-10-17"
          },
          "sensitive_attributes": []
        }
      ]
    },
    {
      "module": "module.step_function",
      "mode": "data",
      "type": "aws_region",
      "name": "current",
      "provider": "provider[\"registry.terraform.io/hashicorp/aws\"]",
      "instances": [
        {
          "index_key": 0,
          "schema_version": 0,
          "attributes": {
            "description": "US West (Oregon)",
            "endpoint": "ec2.us-west-2.amazonaws.com",
            "id": "us-west-2",
            "name": "us-west-2"
          },
          "sensitive_attributes": []
        }
      ]
    },
    {
      "module": "module.step_function",
      "mode": "managed",
      "type": "aws_cloudwatch_log_group",
      "name": "sfn",
      "provider": "provider[\"registry.terraform.io/hashicorp/aws\"]",
      "instances": [
        {
          "index_key": 0,
          "schema_version": 0,
          "attributes": {
            "arn": "arn:aws:logs:us-west-2:526054848789:log-group:/aws/vendedlogs/states/sf-extract-apis-mercado-livre",
            "id": "/aws/vendedlogs/states/sf-extract-apis-mercado-livre",
            "kms_key_id": "",
            "name": "/aws/vendedlogs/states/sf-extract-apis-mercado-livre",
            "name_prefix": "",
            "retention_in_days": 0,
            "skip_destroy": false,
            "tags": {},
            "tags_all": {}
          },
          "sensitive_attributes": [],
          "private": "bnVsbA=="
        }
      ]
    },
    {
      "module": "module.step_function",
      "mode": "managed",
      "type": "aws_iam_policy",
      "name": "logs",
      "provider": "provider[\"registry.terraform.io/hashicorp/aws\"]",
      "instances": [
        {
          "index_key": 0,
          "schema_version": 0,
          "attributes": {
            "arn": "arn:aws:iam::526054848789:policy/sf-extract-apis-mercado-livre-logs",
            "description": "",
            "id": "arn:aws:iam::526054848789:policy/sf-extract-apis-mercado-livre-logs",
            "name": "sf-extract-apis-mercado-livre-logs",
            "name_prefix": "",
            "path": "/",
            "policy": "{\"Statement\":[{\"Action\":[\"logs:UpdateLogDelivery\",\"logs:PutResourcePolicy\",\"logs:ListLogDeliveries\",\"logs:GetLogDelivery\",\"logs:DescribeResourcePolicies\",\"logs:DescribeLogGroups\",\"logs:DeleteLogDelivery\",\"logs:CreateLogDelivery\"],\"Effect\":\"Allow\",\"Resource\":\"*\"}],\"Version\":\"2012-10-17\"}",
            "policy_id": "ANPAXU62P7EK423JU2NIU",
            "tags": {},
            "tags_all": {}
          },
          "sensitive_attributes": [],
          "private": "bnVsbA==",
          "dependencies": [
            "module.step_function.data.aws_iam_policy_document.logs"
          ]
        }
      ]
    },
    {
      "module": "module.step_function",
      "mode": "managed",
      "type": "aws_iam_policy",
      "name": "service",
      "provider": "provider[\"registry.terraform.io/hashicorp/aws\"]",
      "instances": [
        {
          "index_key": "lambda",
          "schema_version": 0,
          "attributes": {
            "arn": "arn:aws:iam::526054848789:policy/sf-extract-apis-mercado-livre-lambda",
            "description": "",
            "id": "arn:aws:iam::526054848789:policy/sf-extract-apis-mercado-livre-lambda",
            "name": "sf-extract-apis-mercado-livre-lambda",
            "name_prefix": "",
            "path": "/",
            "policy": "{\"Statement\":[{\"Action\":\"lambda:InvokeFunction\",\"Effect\":\"Allow\",\"Resource\":[\"arn:aws:lambda:us-west-2:526054848789:function:extract-apis-mercado-livre:*\",\"arn:aws:lambda:us-west-2:526054848789:function:extract-apis-mercado-livre\"],\"Sid\":\"lambdaLambda\"}],\"Version\":\"2012-10-17\"}",
            "policy_id": "ANPAXU62P7EK5GBLDWCDQ",
            "tags": {},
            "tags_all": {}
          },
          "sensitive_attributes": [],
          "private": "bnVsbA==",
          "dependencies": [
            "data.aws_caller_identity.this",
            "data.aws_ecr_authorization_token.token",
            "data.aws_region.current",
            "module.docker_image_mercado_livre.docker_registry_image.this",
            "module.lambda_mercado_livre.aws_cloudwatch_log_group.lambda",
            "module.lambda_mercado_livre.aws_iam_policy.additional_inline",
            "module.lambda_mercado_livre.aws_iam_policy.logs",
            "module.lambda_mercado_livre.aws_iam_role.lambda",
            "module.lambda_mercado_livre.aws_iam_role_policy_attachment.additional_inline",
            "module.lambda_mercado_livre.aws_iam_role_policy_attachment.additional_json",
            "module.lambda_mercado_livre.aws_iam_role_policy_attachment.additional_jsons",
            "module.lambda_mercado_livre.aws_iam_role_policy_attachment.additional_many",
            "module.lambda_mercado_livre.aws_iam_role_policy_attachment.additional_one",
            "module.lambda_mercado_livre.aws_iam_role_policy_attachment.async",
            "module.lambda_mercado_livre.aws_iam_role_policy_attachment.dead_letter",
            "module.lambda_mercado_livre.aws_iam_role_policy_attachment.logs",
            "module.lambda_mercado_livre.aws_iam_role_policy_attachment.tracing",
            "module.lambda_mercado_livre.aws_iam_role_policy_attachment.vpc",
            "module.lambda_mercado_livre.aws_lambda_function.this",
            "module.lambda_mercado_livre.aws_s3_object.lambda_package",
            "module.lambda_mercado_livre.data.aws_arn.log_group_arn",
            "module.lambda_mercado_livre.data.aws_cloudwatch_log_group.lambda",
            "module.lambda_mercado_livre.data.aws_iam_policy_document.additional_inline",
            "module.lambda_mercado_livre.data.aws_iam_policy_document.assume_role",
            "module.lambda_mercado_livre.data.aws_iam_policy_document.logs",
            "module.lambda_mercado_livre.data.external.archive_prepare",
            "module.lambda_mercado_livre.null_resource.archive",
            "module.step_function.data.aws_caller_identity.current",
            "module.step_function.data.aws_iam_policy_document.service",
            "module.step_function.data.aws_region.current"
          ]
        }
      ]
    },
    {
      "module": "module.step_function",
      "mode": "managed",
      "type": "aws_iam_policy_attachment",
      "name": "logs",
      "provider": "provider[\"registry.terraform.io/hashicorp/aws\"]",
      "instances": [
        {
          "index_key": 0,
          "schema_version": 0,
          "attributes": {
            "groups": [],
            "id": "sf-extract-apis-mercado-livre-logs",
            "name": "sf-extract-apis-mercado-livre-logs",
            "policy_arn": "arn:aws:iam::526054848789:policy/sf-extract-apis-mercado-livre-logs",
            "roles": [
              "sf-extract-apis-mercado-livre"
            ],
            "users": []
          },
          "sensitive_attributes": [],
          "private": "bnVsbA==",
          "dependencies": [
            "module.step_function.aws_iam_policy.logs",
            "module.step_function.aws_iam_role.this",
            "module.step_function.data.aws_iam_policy_document.assume_role",
            "module.step_function.data.aws_iam_policy_document.logs",
            "module.step_function.data.aws_region.current"
          ]
        }
      ]
    },
    {
      "module": "module.step_function",
      "mode": "managed",
      "type": "aws_iam_policy_attachment",
      "name": "service",
      "provider": "provider[\"registry.terraform.io/hashicorp/aws\"]",
      "instances": [
        {
          "index_key": "lambda",
          "schema_version": 0,
          "attributes": {
            "groups": [],
            "id": "sf-extract-apis-mercado-livre-lambda",
            "name": "sf-extract-apis-mercado-livre-lambda",
            "policy_arn": "arn:aws:iam::526054848789:policy/sf-extract-apis-mercado-livre-lambda",
            "roles": [
              "sf-extract-apis-mercado-livre"
            ],
            "users": []
          },
          "sensitive_attributes": [],
          "private": "bnVsbA==",
          "dependencies": [
            "data.aws_caller_identity.this",
            "data.aws_ecr_authorization_token.token",
            "data.aws_region.current",
            "module.docker_image_mercado_livre.aws_ecr_repository.this",
            "module.docker_image_mercado_livre.data.aws_caller_identity.this",
            "module.docker_image_mercado_livre.data.aws_region.current",
            "module.docker_image_mercado_livre.docker_image.this",
            "module.docker_image_mercado_livre.docker_registry_image.this",
            "module.lambda_mercado_livre.aws_cloudwatch_log_group.lambda",
            "module.lambda_mercado_livre.aws_iam_policy.additional_inline",
            "module.lambda_mercado_livre.aws_iam_policy.additional_json",
            "module.lambda_mercado_livre.aws_iam_policy.additional_jsons",
            "module.lambda_mercado_livre.aws_iam_policy.async",
            "module.lambda_mercado_livre.aws_iam_policy.dead_letter",
            "module.lambda_mercado_livre.aws_iam_policy.logs",
            "module.lambda_mercado_livre.aws_iam_policy.tracing",
            "module.lambda_mercado_livre.aws_iam_policy.vpc",
            "module.lambda_mercado_livre.aws_iam_role.lambda",
            "module.lambda_mercado_livre.aws_iam_role_policy_attachment.additional_inline",
            "module.lambda_mercado_livre.aws_iam_role_policy_attachment.additional_json",
            "module.lambda_mercado_livre.aws_iam_role_policy_attachment.additional_jsons",
            "module.lambda_mercado_livre.aws_iam_role_policy_attachment.additional_many",
            "module.lambda_mercado_livre.aws_iam_role_policy_attachment.additional_one",
            "module.lambda_mercado_livre.aws_iam_role_policy_attachment.async",
            "module.lambda_mercado_livre.aws_iam_role_policy_attachment.dead_letter",
            "module.lambda_mercado_livre.aws_iam_role_policy_attachment.logs",
            "module.lambda_mercado_livre.aws_iam_role_policy_attachment.tracing",
            "module.lambda_mercado_livre.aws_iam_role_policy_attachment.vpc",
            "module.lambda_mercado_livre.aws_lambda_function.this",
            "module.lambda_mercado_livre.aws_s3_object.lambda_package",
            "module.lambda_mercado_livre.data.aws_arn.log_group_arn",
            "module.lambda_mercado_livre.data.aws_cloudwatch_log_group.lambda",
            "module.lambda_mercado_livre.data.aws_iam_policy.tracing",
            "module.lambda_mercado_livre.data.aws_iam_policy.vpc",
            "module.lambda_mercado_livre.data.aws_iam_policy_document.additional_inline",
            "module.lambda_mercado_livre.data.aws_iam_policy_document.assume_role",
            "module.lambda_mercado_livre.data.aws_iam_policy_document.async",
            "module.lambda_mercado_livre.data.aws_iam_policy_document.dead_letter",
            "module.lambda_mercado_livre.data.aws_iam_policy_document.logs",
            "module.lambda_mercado_livre.data.aws_partition.current",
            "module.lambda_mercado_livre.data.external.archive_prepare",
            "module.lambda_mercado_livre.local_file.archive_plan",
            "module.lambda_mercado_livre.null_resource.archive",
            "module.step_function.aws_iam_policy.service",
            "module.step_function.aws_iam_role.this",
            "module.step_function.data.aws_caller_identity.current",
            "module.step_function.data.aws_iam_policy_document.assume_role",
            "module.step_function.data.aws_iam_policy_document.service",
            "module.step_function.data.aws_region.current"
          ]
        }
      ]
    },
    {
      "module": "module.step_function",
      "mode": "managed",
      "type": "aws_iam_role",
      "name": "this",
      "provider": "provider[\"registry.terraform.io/hashicorp/aws\"]",
      "instances": [
        {
          "index_key": 0,
          "schema_version": 0,
          "attributes": {
            "arn": "arn:aws:iam::526054848789:role/sf-extract-apis-mercado-livre",
            "assume_role_policy": "{\"Statement\":[{\"Action\":\"sts:AssumeRole\",\"Effect\":\"Allow\",\"Principal\":{\"Service\":\"states.us-west-2.amazonaws.com\"}}],\"Version\":\"2012-10-17\"}",
            "create_date": "2023-09-16T03:23:53Z",
            "description": "",
            "force_detach_policies": true,
            "id": "sf-extract-apis-mercado-livre",
            "inline_policy": [],
            "managed_policy_arns": [
              "arn:aws:iam::526054848789:policy/sf-extract-apis-mercado-livre-lambda",
              "arn:aws:iam::526054848789:policy/sf-extract-apis-mercado-livre-logs"
            ],
            "max_session_duration": 3600,
            "name": "sf-extract-apis-mercado-livre",
            "name_prefix": "",
            "path": "/",
            "permissions_boundary": null,
            "tags": {},
            "tags_all": {},
            "unique_id": "AROAXU62P7EKWR2RKEZ65"
          },
          "sensitive_attributes": [],
          "private": "bnVsbA==",
          "dependencies": [
            "module.step_function.data.aws_iam_policy_document.assume_role",
            "module.step_function.data.aws_region.current"
          ]
        }
      ]
    },
    {
      "module": "module.step_function",
      "mode": "managed",
      "type": "aws_sfn_state_machine",
      "name": "this",
      "provider": "provider[\"registry.terraform.io/hashicorp/aws\"]",
      "instances": [
        {
          "index_key": 0,
          "schema_version": 0,
          "attributes": {
            "arn": "arn:aws:states:us-west-2:526054848789:stateMachine:sf-extract-apis-mercado-livre",
            "creation_date": "2023-09-16T03:25:13Z",
            "definition": "{\n    \"Comment\": \"Spotify Flow\",\n    \"StartAt\": \"Get Spotify Playlists\",\n    \"States\": {\n      \"Get Spotify Playlists\": {\n        \"Type\": \"Task\",\n        \"Resource\": \"arn:aws:states:::lambda:invoke\",\n        \"OutputPath\": \"$.Payload\",\n        \"Parameters\": {\n          \"Payload.$\": \"$\",\n          \"FunctionName\": \"arn:aws:lambda:us-west-2:526054848789:function:extract-apis-mercado-livre:$LATEST\"\n        },\n        \"Retry\": [\n          {\n            \"ErrorEquals\": [\n              \"Lambda.ServiceException\",\n              \"Lambda.AWSLambdaException\",\n              \"Lambda.SdkClientException\",\n              \"Lambda.TooManyRequestsException\"\n            ],\n            \"IntervalSeconds\": 2,\n            \"MaxAttempts\": 6,\n            \"BackoffRate\": 2\n          }\n        ],\n        \"Next\": \"Has Next Playlist?\"\n      },\n      \"Has Next Playlist?\": {\n        \"Type\": \"Choice\",\n        \"Choices\": [\n          {\n            \"Variable\": \"$.next_playlist\",\n            \"IsPresent\": true,\n            \"Next\": \"Get Spotify Playlists\"\n          }\n        ],\n        \"Default\": \"Success\"\n      },\n      \"Success\": {\n        \"Type\": \"Succeed\"\n      }\n    }\n  }",
            "description": "",
            "id": "arn:aws:states:us-west-2:526054848789:stateMachine:sf-extract-apis-mercado-livre",
            "logging_configuration": [
              {
                "include_execution_data": false,
                "level": "ERROR",
                "log_destination": "arn:aws:logs:us-west-2:526054848789:log-group:/aws/vendedlogs/states/sf-extract-apis-mercado-livre:*"
              }
            ],
            "name": "sf-extract-apis-mercado-livre",
            "name_prefix": "",
            "publish": false,
            "revision_id": "7fdc82db-b03f-4cca-ad71-c24da7196643",
            "role_arn": "arn:aws:iam::526054848789:role/sf-extract-apis-mercado-livre",
            "state_machine_version_arn": "",
            "status": "ACTIVE",
            "tags": {
              "Name": "sf-extract-apis-mercado-livre"
            },
            "tags_all": {
              "Name": "sf-extract-apis-mercado-livre"
            },
            "timeouts": {
              "create": null,
              "delete": null,
              "update": null
            },
            "tracing_configuration": [
              {
                "enabled": false
              }
            ],
            "type": "STANDARD",
            "version_description": null
          },
          "sensitive_attributes": [],
          "private": "eyJlMmJmYjczMC1lY2FhLTExZTYtOGY4OC0zNDM2M2JjN2M0YzAiOnsiY3JlYXRlIjozMDAwMDAwMDAwMDAsImRlbGV0ZSI6MzAwMDAwMDAwMDAwLCJ1cGRhdGUiOjYwMDAwMDAwMDAwfX0=",
          "dependencies": [
            "data.aws_caller_identity.this",
            "data.aws_ecr_authorization_token.token",
            "data.aws_region.current",
            "module.docker_image_mercado_livre.docker_registry_image.this",
            "module.lambda_mercado_livre.aws_cloudwatch_log_group.lambda",
            "module.lambda_mercado_livre.aws_iam_policy.additional_inline",
            "module.lambda_mercado_livre.aws_iam_policy.logs",
            "module.lambda_mercado_livre.aws_iam_role.lambda",
            "module.lambda_mercado_livre.aws_iam_role_policy_attachment.additional_inline",
            "module.lambda_mercado_livre.aws_iam_role_policy_attachment.additional_json",
            "module.lambda_mercado_livre.aws_iam_role_policy_attachment.additional_jsons",
            "module.lambda_mercado_livre.aws_iam_role_policy_attachment.additional_many",
            "module.lambda_mercado_livre.aws_iam_role_policy_attachment.additional_one",
            "module.lambda_mercado_livre.aws_iam_role_policy_attachment.async",
            "module.lambda_mercado_livre.aws_iam_role_policy_attachment.dead_letter",
            "module.lambda_mercado_livre.aws_iam_role_policy_attachment.logs",
            "module.lambda_mercado_livre.aws_iam_role_policy_attachment.tracing",
            "module.lambda_mercado_livre.aws_iam_role_policy_attachment.vpc",
            "module.lambda_mercado_livre.aws_lambda_function.this",
            "module.lambda_mercado_livre.aws_s3_object.lambda_package",
            "module.lambda_mercado_livre.data.aws_arn.log_group_arn",
            "module.lambda_mercado_livre.data.aws_cloudwatch_log_group.lambda",
            "module.lambda_mercado_livre.data.aws_iam_policy_document.additional_inline",
            "module.lambda_mercado_livre.data.aws_iam_policy_document.assume_role",
            "module.lambda_mercado_livre.data.aws_iam_policy_document.logs",
            "module.lambda_mercado_livre.data.external.archive_prepare",
            "module.lambda_mercado_livre.null_resource.archive",
            "module.step_function.aws_cloudwatch_log_group.sfn",
            "module.step_function.aws_iam_role.this",
            "module.step_function.data.aws_cloudwatch_log_group.sfn"
          ]
        }
      ]
    }
  ],
  "check_results": null
}
