{
  "version": 4,
  "terraform_version": "1.5.7",
  "serial": 358,
  "lineage": "f37a54f5-ee15-7652-215d-c85e3fe05816",
  "outputs": {},
  "resources": [
    {
      "mode": "data",
      "type": "aws_caller_identity",
      "name": "this",
      "provider": "provider[\"registry.terraform.io/hashicorp/aws\"]",
      "instances": [
        {
          "schema_version": 0,
          "attributes": {
            "account_id": "526054848789",
            "arn": "arn:aws:sts::526054848789:assumed-role/AWSReservedSSO_AdministratorAccess_eaa146b6dc3a2316/igor.oliveira",
            "id": "526054848789",
            "user_id": "AROAXU62P7EKSOARTWBFI:igor.oliveira"
          },
          "sensitive_attributes": []
        }
      ]
    },
    {
      "mode": "data",
      "type": "aws_ecr_authorization_token",
      "name": "token",
      "provider": "provider[\"registry.terraform.io/hashicorp/aws\"]",
      "instances": [
        {
          "schema_version": 0,
          "attributes": {
            "authorization_token": "QVdTOmV5SndZWGxzYjJGa0lqb2liVGROVG0xQlZUVkxjMGszTjJaNFZVTmxXRzVOWVdVeE1HbFZVMEZXSzFRcmFIWTNUREJYUVZWdGIxUXZUa2t5WjFkcWRFWnBNVmhMTlVWR1VuTmhRVUpDVUZORU1sUllaVXRSZUhNNGRITTJSRFV3TUhKMGFVNXlOeXR2VVdwdlRsQlliRXBhV0haQlptSjNibkZYV0VjNVQzZE5SVWR2ZEVVM2VWSnJNRFp4VWpGelEyMWFXV2RPUjFFelpqZFhVMVY0WWtJelJrMUtjVGxhVWpsT2FtbzRkREZoVGxSWVJHaDNSM3BHTkhaS1pYTkZRMXBxY0c5U2RtZFRWVVF4UmtSelZrVm5iMnBKTlZKSFdXbHliRFIxVUVneWFtOUlXa3hoZWtGWFpHdEhiR0ZPVm04MlZHbHFWWGh1Wmt0cmNYcHJjWEJKWWxsVmQzWlljVU5IVkZsUmIwTXJNRWhUUXpNeGFVbG1VRlp5UWxwMGVsTTRaMDEyVGtkQmNWUlJhblZZY3pGTmFreERhekkzWjNaMlQyNVplVU56TVZsWlRrcHBjbmRPYVZkU01HSnBjM0ZHTlVsUWJtMW9VWEZNZUd3M1JHY3diM2xVY0VGeVpYUkVNRW96YW1jckwxZHBZMUZuWm10MFkwb3daSFZqWlRKeU9YZGpaSEJFUzJ4SUx6TXZUVGN5TDBodk5XOU5VMGRLVDI5U1VYZEJjRXN6VTJWdlZXMVNaV295ZVV0RWRqZEhkR1pFYWl0R2RsTm5ZaTkyVEVWaWR5OXdSRXBRYlVWWWRVcE5iSGxFT0Zkc2NXUkZka3g2YzB4MFpIcDZRamRvYTFoVmVqZFdTbmhRVERONmVXUk5RV0pOTUhweVNtcHZaekUwYUVSMk5ERm1TblJWWm5GdGVIUlpkMUZUV0d4aVdHUlBhWFZaY0ZSb1lYQlBRbFZGYWk4dmNHZFROazV5VkZoUGQyMUtTalF4VG5aa1dEa3ZPREZhYURGck1IaFdSMVJzVTJ4V2JVc3ZZbmxRYzJsbFZURkZZVWwzUlVsbU5WbG1jMVo0ZUZsTVIyZHFabE5YVUZWdFJsQmtTWEZ1YjBGNFdWaHRWWEZZVm5OaE9HRTBkMFpHVEdSV1prSnZNSFpxZVU1NGRHVnBSSGwzU2tKcFJESjVVbEpEZEhFMVlXUkVlVTgzYnpsQkszQkRWbXd5V0hvM2FscDNNVWQwU25jeFpUbG9WSEJhVTI5bWQzQnJjVFIzUkZWTFYwSmlPRlpzV1Rab2NXWjNVSGxuYW5aVWNrOUlXSGxrYm5ZMGFHZERUM3B4TDBOR1kwdEhXRUZwWlhsSVJWZzNWRk5wVlZJeVVVZDVZV05ZTXpseVpTOUliREZ1Um5sMk5DOTZVM3AxVUZkb2JrbEhhVTFGTW5aRVJYbHpWbGwzTkZseU9GTXhlazg1YTFwWmJIUnlabkJzZG5sNmVYQkhibTE0VFZab2FGazBPRkZKV1doVllVTlFaMDB6YVVnMFRqUmFkVU4wYTJOUVRXOVlVbFJ4ZVUwd1ZGVkVaRFZWTWpaNFYwTmxVek5zYVhSTk5HZDJhMnRGY3l0S09VUlNRazlHYkRVM1p5OVBkelk1YjNGb01HMXBOazRyV2xVcldsVlVaVmQyVEUxcFFrUjVSekJLVnpaNWRFOU1lVkUyTlhwQmFXVnpNVWN5ZGs0eWRXUXJWVkU0WVhGWGRrRnRSRXR3ZUhRelZHY3liMmQ0ZEVwWU5sTm1lbVJVU0U1dlZ6VTJkVWhHVTFodlZXZFRlWFJLUzA1dFl5ODNhWFZxTUV4TWJtczJVMHhhTm1Sb2MwSlVaV0pUZEdaV1pIYzVTVGRwSzBveVNrMUZOMmxUWVRkeFdFdDNhRE5TTmxOT1VHVk5iMFp0VGxCM055dHpiMDF5UkRONGFYZFpNRE55V2xkcFExZHlkazgxYWpjdlVGUXJVbTVGZG1jelpFOTVjR2RtTURjMFRWUTVaM2xqYkRCcU5YQjVTemgzWWpGRlVteHpTWGxaTHl0cFFVNTNlblJXTjBwWU1sWjVla0ZuYkRNM1QwWXlOMXBZUlhWNE1YSXlWa0ZVV2pKU1pHTTBUbWg1TDFRcmIwazJRMmwzZWxaWlZDdDVZblZIU1ZkdlR6UnlNa1Y1V0ROTFFuTXZPRWhUVGtZeFdrWm9TWHBrTkM5cFNsQk9LMUpJVWtKaVdFcFJOV1J2Vm0xMlNTODRVbFF6U0ZsRWJFZEJTVTkzTWt4RVoyOVBSVkJTZEVsWFV6ZG9kelJ4VVVsaWQweFZXVVp1Wmk5Nk9GSTNZblZ5VERWblQxaDZhWEYyWWpCNk1qZFZXbkpYZFVVMmJtdGllVVp6SzBsRGNEQkNORWRsWkZJdmVYTnBRV1Z4ZEdwSVZYUkNjSFpIWjBjelMxaGtRbTlzYjA5MFNGSlJWREJvTkdaYVFrd3pOMVpTS3pkS1ozY3ZNa1l6YXowaUxDSmtZWFJoYTJWNUlqb2lRVkZGUWtGSWFqWnNZelJZU1VwM0x6ZHNiakJJWXpBd1JFMWxhelpIUlhoSVEySlpORkpKY0ZSTlEwazFPRWx1VlhkQlFVRklOSGRtUVZsS1MyOWFTV2gyWTA1QlVXTkhiMGM0ZDJKUlNVSkJSRUp2UW1kcmNXaHJhVWM1ZHpCQ1FuZEZkMGhuV1VwWlNWcEpRVmRWUkVKQlJYVk5Ra1ZGUkVST2FsVm1TelJOWVZJelQwWmFTVUozU1VKRlNVRTNaRTh4VXpaRlpXaEhlbTA1U1VKaVlXaGpjVzl3UTNKeU1VSktNRk51TWxsMFVqa3dVakozUmtKVVpua3lOeko0ZDJJd1NFUm9kRzVWWkdaSlQyUnpZVU5NZW1veVExQmlNSEJNWXpOaFRUMGlMQ0oyWlhKemFXOXVJam9pTWlJc0luUjVjR1VpT2lKRVFWUkJYMHRGV1NJc0ltVjRjR2x5WVhScGIyNGlPakUyT1RRNE56YzROelo5",
            "expires_at": "2023-09-16T15:24:36Z",
            "id": "us-west-2",
            "password": "eyJwYXlsb2FkIjoibTdNTm1BVTVLc0k3N2Z4VUNlWG5NYWUxMGlVU0FWK1QraHY3TDBXQVVtb1QvTkkyZ1dqdEZpMVhLNUVGUnNhQUJCUFNEMlRYZUtReHM4dHM2RDUwMHJ0aU5yNytvUWpvTlBYbEpaWHZBZmJ3bnFXWEc5T3dNRUdvdEU3eVJrMDZxUjFzQ21aWWdOR1EzZjdXU1V4YkIzRk1KcTlaUjlOamo4dDFhTlRYRGh3R3pGNHZKZXNFQ1pqcG9SdmdTVUQxRkRzVkVnb2pJNVJHWWlybDR1UEgyam9IWkxhekFXZGtHbGFOVm82VGlqVXhuZktrcXprcXBJYllVd3ZYcUNHVFlRb0MrMEhTQzMxaUlmUFZyQlp0elM4Z012TkdBcVRRanVYczFNakxDazI3Z3Z2T25ZeUNzMVlZTkppcndOaVdSMGJpc3FGNUlQbm1oUXFMeGw3RGcwb3lUcEFyZXREMEozamcrL1dpY1FnZmt0Y0owZHVjZTJyOXdjZHBES2xILzMvTTcyL0hvNW9NU0dKT29SUXdBcEszU2VvVW1SZWoyeUtEdjdHdGZEaitGdlNnYi92TEVidy9wREpQbUVYdUpNbHlEOFdscWRFdkx6c0x0ZHp6Qjdoa1hVejdWSnhQTDN6eWRNQWJNMHpySmpvZzE0aER2NDFmSnRVZnFteHRZd1FTWGxiWGRPaXVZcFRoYXBPQlVFai8vcGdTNk5yVFhPd21KSjQxTnZkWDkvODFaaDFrMHhWR1RsU2xWbUsvYnlQc2llVTFFYUl3RUlmNVlmc1Z4eFlMR2dqZlNXUFVtRlBkSXFub0F4WVhtVXFYVnNhOGE0d0ZGTGRWZkJvMHZqeU54dGVpRHl3SkJpRDJ5UlJDdHE1YWREeU83bzlBK3BDVmwyWHo3alp3MUd0SncxZTloVHBaU29md3BrcTR3RFVLV0JiOFZsWTZocWZ3UHlnanZUck9IWHlkbnY0aGdDT3pxL0NGY0tHWEFpZXlIRVg3VFNpVVIyUUd5YWNYMzlyZS9IbDFuRnl2NC96U3p1UFdobklHaU1FMnZERXlzVll3NFlyOFMxek85a1pZbHRyZnBsdnl6eXBHbm14TVZoaFk0OFFJWWhVYUNQZ00zaUg0TjRadUN0a2NQTW9YUlRxeU0wVFVEZDVVMjZ4V0NlUzNsaXRNNGd2a2tFcytKOURSQk9GbDU3Zy9PdzY5b3FoMG1pNk4rWlUrWlVUZVd2TE1pQkR5RzBKVzZ5dE9MeVE2NXpBaWVzMUcydk4ydWQrVVE4YXFXdkFtREtweHQzVGcyb2d4dEpYNlNmemRUSE5vVzU2dUhGU1hvVWdTeXRKS05tYy83aXVqMExMbms2U0xaNmRoc0JUZWJTdGZWZHc5STdpK0oySk1FN2lTYTdxWEt3aDNSNlNOUGVNb0ZtTlB3Nytzb01yRDN4aXdZMDNyWldpQ1dydk81ajcvUFQrUm5FdmczZE95cGdmMDc0TVQ5Z3ljbDBqNXB5Szh3YjFFUmxzSXlZLytpQU53enRWN0pYMlZ5ekFnbDM3T0YyN1pYRXV4MXIyVkFUWjJSZGM0Tmh5L1Qrb0k2Q2l3elZZVCt5YnVHSVdvTzRyMkV5WDNLQnMvOEhTTkYxWkZoSXpkNC9pSlBOK1JIUkJiWEpRNWRvVm12SS84UlQzSFlEbEdBSU93MkxEZ29PRVBSdElXUzdodzRxUUlid0xVWUZuZi96OFI3YnVyTDVnT1h6aXF2YjB6MjdVWnJXdUU2bmtieUZzK0lDcDBCNEdlZFIveXNpQWVxdGpIVXRCcHZHZ0czS1hkQm9sb090SFJRVDBoNGZaQkwzN1ZSKzdKZ3cvMkYzaz0iLCJkYXRha2V5IjoiQVFFQkFIajZsYzRYSUp3LzdsbjBIYzAwRE1lazZHRXhIQ2JZNFJJcFRNQ0k1OEluVXdBQUFINHdmQVlKS29aSWh2Y05BUWNHb0c4d2JRSUJBREJvQmdrcWhraUc5dzBCQndFd0hnWUpZSVpJQVdVREJBRXVNQkVFREROalVmSzRNYVIzT0ZaSUJ3SUJFSUE3ZE8xUzZFZWhHem05SUJiYWhjcW9wQ3JyMUJKMFNuMll0UjkwUjJ3RkJUZnkyNzJ4d2IwSERodG5VZGZJT2RzYUNMemoyQ1BiMHBMYzNhTT0iLCJ2ZXJzaW9uIjoiMiIsInR5cGUiOiJEQVRBX0tFWSIsImV4cGlyYXRpb24iOjE2OTQ4Nzc4NzZ9",
            "proxy_endpoint": "https://526054848789.dkr.ecr.us-west-2.amazonaws.com",
            "registry_id": null,
            "user_name": "AWS"
          },
          "sensitive_attributes": []
        }
      ]
    },
    {
      "mode": "data",
      "type": "aws_region",
      "name": "current",
      "provider": "provider[\"registry.terraform.io/hashicorp/aws\"]",
      "instances": [
        {
          "schema_version": 0,
          "attributes": {
            "description": "US West (Oregon)",
            "endpoint": "ec2.us-west-2.amazonaws.com",
            "id": "us-west-2",
            "name": "us-west-2"
          },
          "sensitive_attributes": []
        }
      ]
    },
    {
      "module": "module.docker_image_mercado_livre",
      "mode": "data",
      "type": "aws_caller_identity",
      "name": "this",
      "provider": "provider[\"registry.terraform.io/hashicorp/aws\"]",
      "instances": [
        {
          "schema_version": 0,
          "attributes": {
            "account_id": "526054848789",
            "arn": "arn:aws:sts::526054848789:assumed-role/AWSReservedSSO_AdministratorAccess_eaa146b6dc3a2316/igor.oliveira",
            "id": "526054848789",
            "user_id": "AROAXU62P7EKSOARTWBFI:igor.oliveira"
          },
          "sensitive_attributes": []
        }
      ]
    },
    {
      "module": "module.docker_image_mercado_livre",
      "mode": "data",
      "type": "aws_region",
      "name": "current",
      "provider": "provider[\"registry.terraform.io/hashicorp/aws\"]",
      "instances": [
        {
          "schema_version": 0,
          "attributes": {
            "description": "US West (Oregon)",
            "endpoint": "ec2.us-west-2.amazonaws.com",
            "id": "us-west-2",
            "name": "us-west-2"
          },
          "sensitive_attributes": []
        }
      ]
    },
    {
      "module": "module.docker_image_mercado_livre",
      "mode": "managed",
      "type": "aws_ecr_lifecycle_policy",
      "name": "this",
      "provider": "provider[\"registry.terraform.io/hashicorp/aws\"]",
      "instances": [
        {
          "index_key": 0,
          "schema_version": 0,
          "attributes": {
            "id": "extract-apis-mercado-livre",
            "policy": "{\"rules\":[{\"action\":{\"type\":\"expire\"},\"description\":\"Keep only the last 2 images\",\"rulePriority\":1,\"selection\":{\"countNumber\":2,\"countType\":\"imageCountMoreThan\",\"tagStatus\":\"any\"}}]}",
            "registry_id": "526054848789",
            "repository": "extract-apis-mercado-livre"
          },
          "sensitive_attributes": [],
          "private": "bnVsbA==",
          "dependencies": [
            "module.docker_image_mercado_livre.aws_ecr_repository.this"
          ]
        }
      ]
    },
    {
      "module": "module.docker_image_mercado_livre",
      "mode": "managed",
      "type": "aws_ecr_repository",
      "name": "this",
      "provider": "provider[\"registry.terraform.io/hashicorp/aws\"]",
      "instances": [
        {
          "index_key": 0,
          "schema_version": 0,
          "attributes": {
            "arn": "arn:aws:ecr:us-west-2:526054848789:repository/extract-apis-mercado-livre",
            "encryption_configuration": [
              {
                "encryption_type": "AES256",
                "kms_key": ""
              }
            ],
            "force_delete": true,
            "id": "extract-apis-mercado-livre",
            "image_scanning_configuration": [
              {
                "scan_on_push": false
              }
            ],
            "image_tag_mutability": "MUTABLE",
            "name": "extract-apis-mercado-livre",
            "registry_id": "526054848789",
            "repository_url": "526054848789.dkr.ecr.us-west-2.amazonaws.com/extract-apis-mercado-livre",
            "tags": {},
            "tags_all": {},
            "timeouts": null
          },
          "sensitive_attributes": [],
          "private": "eyJlMmJmYjczMC1lY2FhLTExZTYtOGY4OC0zNDM2M2JjN2M0YzAiOnsiZGVsZXRlIjoxMjAwMDAwMDAwMDAwfX0="
        }
      ]
    },
    {
      "module": "module.docker_image_mercado_livre",
      "mode": "managed",
      "type": "docker_image",
      "name": "this",
      "provider": "provider[\"registry.terraform.io/kreuzwerker/docker\"]",
      "instances": [
        {
          "schema_version": 0,
          "attributes": {
            "build": [
              {
                "auth_config": [],
                "build_arg": {},
                "build_args": {},
                "build_id": "",
                "cache_from": [],
                "cgroup_parent": "",
                "context": "mercado-livre",
                "cpu_period": 0,
                "cpu_quota": 0,
                "cpu_set_cpus": "",
                "cpu_set_mems": "",
                "cpu_shares": 0,
                "dockerfile": "Dockerfile",
                "extra_hosts": [],
                "force_remove": false,
                "isolation": "",
                "label": {},
                "labels": {},
                "memory": 0,
                "memory_swap": 0,
                "network_mode": "",
                "no_cache": false,
                "platform": "linux/amd64",
                "pull_parent": false,
                "remote_context": "",
                "remove": true,
                "security_opt": [],
                "session_id": "",
                "shm_size": 0,
                "squash": false,
                "suppress_output": false,
                "tag": [],
                "target": "",
                "ulimit": [],
                "version": ""
              }
            ],
            "force_remove": null,
            "id": "sha256:c36ff3e7553514f9a225a5e8ac2e7dc374ee1dbadce64be7987074525c66b7c7526054848789.dkr.ecr.us-west-2.amazonaws.com/extract-apis-mercado-livre:0.1",
            "image_id": "sha256:c36ff3e7553514f9a225a5e8ac2e7dc374ee1dbadce64be7987074525c66b7c7",
            "keep_locally": null,
            "name": "526054848789.dkr.ecr.us-west-2.amazonaws.com/extract-apis-mercado-livre:0.1",
            "platform": null,
            "pull_triggers": null,
            "repo_digest": "526054848789.dkr.ecr.us-west-2.amazonaws.com/extract-apis-mercado-livre@sha256:1d978443080af953dfc85bfa265e56bb75a28bdaa9d79e9263ac890e07824824",
            "triggers": null
          },
          "sensitive_attributes": [],
          "private": "bnVsbA==",
          "dependencies": [
            "data.aws_caller_identity.this",
            "data.aws_ecr_authorization_token.token",
            "data.aws_region.current",
            "module.docker_image_mercado_livre.aws_ecr_repository.this",
            "module.docker_image_mercado_livre.data.aws_caller_identity.this",
            "module.docker_image_mercado_livre.data.aws_region.current"
          ]
        }
      ]
    },
    {
      "module": "module.docker_image_mercado_livre",
      "mode": "managed",
      "type": "docker_registry_image",
      "name": "this",
      "provider": "provider[\"registry.terraform.io/kreuzwerker/docker\"]",
      "instances": [
        {
          "schema_version": 0,
          "attributes": {
            "id": "sha256:1d978443080af953dfc85bfa265e56bb75a28bdaa9d79e9263ac890e07824824",
            "insecure_skip_verify": false,
            "keep_remotely": false,
            "name": "526054848789.dkr.ecr.us-west-2.amazonaws.com/extract-apis-mercado-livre:0.1",
            "sha256_digest": "sha256:1d978443080af953dfc85bfa265e56bb75a28bdaa9d79e9263ac890e07824824",
            "triggers": null
          },
          "sensitive_attributes": [],
          "private": "bnVsbA==",
          "dependencies": [
            "data.aws_caller_identity.this",
            "data.aws_ecr_authorization_token.token",
            "data.aws_region.current",
            "module.docker_image_mercado_livre.aws_ecr_repository.this",
            "module.docker_image_mercado_livre.data.aws_caller_identity.this",
            "module.docker_image_mercado_livre.data.aws_region.current",
            "module.docker_image_mercado_livre.docker_image.this"
          ]
        }
      ]
    },
    {
      "module": "module.docker_image_mercado_livre",
      "mode": "managed",
      "type": "null_resource",
      "name": "sam_metadata_docker_registry_image",
      "provider": "provider[\"registry.terraform.io/hashicorp/null\"]",
      "instances": [
        {
          "schema_version": 0,
          "attributes": {
            "id": "2919595630564074091",
            "triggers": {
              "built_image_uri": "526054848789.dkr.ecr.us-west-2.amazonaws.com/extract-apis-mercado-livre:0.1",
              "docker_build_args": "{}",
              "docker_context": "mercado-livre",
              "docker_file": "Dockerfile",
              "docker_tag": "0.1",
              "resource_type": "IMAGE_LAMBDA_FUNCTION"
            }
          },
          "sensitive_attributes": [],
          "dependencies": [
            "data.aws_caller_identity.this",
            "data.aws_ecr_authorization_token.token",
            "data.aws_region.current",
            "module.docker_image_mercado_livre.aws_ecr_repository.this",
            "module.docker_image_mercado_livre.data.aws_caller_identity.this",
            "module.docker_image_mercado_livre.data.aws_region.current",
            "module.docker_image_mercado_livre.docker_image.this",
            "module.docker_image_mercado_livre.docker_registry_image.this"
          ]
        }
      ]
    },
    {
      "module": "module.lambda_mercado_livre",
      "mode": "data",
      "type": "aws_caller_identity",
      "name": "current",
      "provider": "provider[\"registry.terraform.io/hashicorp/aws\"]",
      "instances": [
        {
          "schema_version": 0,
          "attributes": {
            "account_id": "526054848789",
            "arn": "arn:aws:sts::526054848789:assumed-role/AWSReservedSSO_AdministratorAccess_eaa146b6dc3a2316/igor.oliveira",
            "id": "526054848789",
            "user_id": "AROAXU62P7EKSOARTWBFI:igor.oliveira"
          },
          "sensitive_attributes": []
        }
      ]
    },
    {
      "module": "module.lambda_mercado_livre",
      "mode": "data",
      "type": "aws_iam_policy_document",
      "name": "additional_inline",
      "provider": "provider[\"registry.terraform.io/hashicorp/aws\"]",
      "instances": [
        {
          "index_key": 0,
          "schema_version": 0,
          "attributes": {
            "id": "3014314062",
            "json": "{\n  \"Version\": \"2012-10-17\",\n  \"Statement\": [\n    {\n      \"Sid\": \"dynamodb\",\n      \"Effect\": \"Allow\",\n      \"Action\": \"s3:*\",\n      \"Resource\": \"*\"\n    }\n  ]\n}",
            "override_policy_documents": null,
            "policy_id": null,
            "source_policy_documents": null,
            "statement": [
              {
                "actions": [
                  "s3:*"
                ],
                "condition": [],
                "effect": "Allow",
                "not_actions": [],
                "not_principals": [],
                "not_resources": [],
                "principals": [],
                "resources": [
                  "*"
                ],
                "sid": "dynamodb"
              }
            ],
            "version": "2012-10-17"
          },
          "sensitive_attributes": []
        }
      ]
    },
    {
      "module": "module.lambda_mercado_livre",
      "mode": "data",
      "type": "aws_iam_policy_document",
      "name": "assume_role",
      "provider": "provider[\"registry.terraform.io/hashicorp/aws\"]",
      "instances": [
        {
          "index_key": 0,
          "schema_version": 0,
          "attributes": {
            "id": "2690255455",
            "json": "{\n  \"Version\": \"2012-10-17\",\n  \"Statement\": [\n    {\n      \"Effect\": \"Allow\",\n      \"Action\": \"sts:AssumeRole\",\n      \"Principal\": {\n        \"Service\": \"lambda.amazonaws.com\"\n      }\n    }\n  ]\n}",
            "override_policy_documents": null,
            "policy_id": null,
            "source_policy_documents": null,
            "statement": [
              {
                "actions": [
                  "sts:AssumeRole"
                ],
                "condition": [],
                "effect": "Allow",
                "not_actions": [],
                "not_principals": [],
                "not_resources": [],
                "principals": [
                  {
                    "identifiers": [
                      "lambda.amazonaws.com"
                    ],
                    "type": "Service"
                  }
                ],
                "resources": [],
                "sid": ""
              }
            ],
            "version": "2012-10-17"
          },
          "sensitive_attributes": []
        }
      ]
    },
    {
      "module": "module.lambda_mercado_livre",
      "mode": "data",
      "type": "aws_iam_policy_document",
      "name": "logs",
      "provider": "provider[\"registry.terraform.io/hashicorp/aws\"]",
      "instances": [
        {
          "index_key": 0,
          "schema_version": 0,
          "attributes": {
            "id": "1651025365",
            "json": "{\n  \"Version\": \"2012-10-17\",\n  \"Statement\": [\n    {\n      \"Effect\": \"Allow\",\n      \"Action\": [\n        \"logs:PutLogEvents\",\n        \"logs:CreateLogStream\",\n        \"logs:CreateLogGroup\"\n      ],\n      \"Resource\": [\n        \"arn:aws:logs:us-west-2:526054848789:log-group:/aws/lambda/extract-apis-mercado_livre:*:*\",\n        \"arn:aws:logs:us-west-2:526054848789:log-group:/aws/lambda/extract-apis-mercado_livre:*\"\n      ]\n    }\n  ]\n}",
            "override_policy_documents": null,
            "policy_id": null,
            "source_policy_documents": null,
            "statement": [
              {
                "actions": [
                  "logs:CreateLogGroup",
                  "logs:CreateLogStream",
                  "logs:PutLogEvents"
                ],
                "condition": [],
                "effect": "Allow",
                "not_actions": [],
                "not_principals": [],
                "not_resources": [],
                "principals": [],
                "resources": [
                  "arn:aws:logs:us-west-2:526054848789:log-group:/aws/lambda/extract-apis-mercado_livre:*",
                  "arn:aws:logs:us-west-2:526054848789:log-group:/aws/lambda/extract-apis-mercado_livre:*:*"
                ],
                "sid": ""
              }
            ],
            "version": "2012-10-17"
          },
          "sensitive_attributes": []
        }
      ]
    },
    {
      "module": "module.lambda_mercado_livre",
      "mode": "data",
      "type": "aws_partition",
      "name": "current",
      "provider": "provider[\"registry.terraform.io/hashicorp/aws\"]",
      "instances": [
        {
          "schema_version": 0,
          "attributes": {
            "dns_suffix": "amazonaws.com",
            "id": "aws",
            "partition": "aws",
            "reverse_dns_prefix": "com.amazonaws"
          },
          "sensitive_attributes": []
        }
      ]
    },
    {
      "module": "module.lambda_mercado_livre",
      "mode": "data",
      "type": "aws_region",
      "name": "current",
      "provider": "provider[\"registry.terraform.io/hashicorp/aws\"]",
      "instances": [
        {
          "schema_version": 0,
          "attributes": {
            "description": "US West (Oregon)",
            "endpoint": "ec2.us-west-2.amazonaws.com",
            "id": "us-west-2",
            "name": "us-west-2"
          },
          "sensitive_attributes": []
        }
      ]
    },
    {
      "module": "module.lambda_mercado_livre",
      "mode": "managed",
      "type": "aws_cloudwatch_log_group",
      "name": "lambda",
      "provider": "provider[\"registry.terraform.io/hashicorp/aws\"]",
      "instances": [
        {
          "index_key": 0,
          "schema_version": 0,
          "attributes": {
            "arn": "arn:aws:logs:us-west-2:526054848789:log-group:/aws/lambda/extract-apis-mercado_livre",
            "id": "/aws/lambda/extract-apis-mercado_livre",
            "kms_key_id": "",
            "name": "/aws/lambda/extract-apis-mercado_livre",
            "name_prefix": "",
            "retention_in_days": 0,
            "skip_destroy": false,
            "tags": null,
            "tags_all": {}
          },
          "sensitive_attributes": [],
          "private": "bnVsbA=="
        }
      ]
    },
    {
      "module": "module.lambda_mercado_livre",
      "mode": "managed",
      "type": "aws_iam_policy",
      "name": "additional_inline",
      "provider": "provider[\"registry.terraform.io/hashicorp/aws\"]",
      "instances": [
        {
          "index_key": 0,
          "schema_version": 0,
          "attributes": {
            "arn": "arn:aws:iam::526054848789:policy/extract-apis-mercado_livre-inline",
            "description": "",
            "id": "arn:aws:iam::526054848789:policy/extract-apis-mercado_livre-inline",
            "name": "extract-apis-mercado_livre-inline",
            "name_prefix": "",
            "path": "/",
            "policy": "{\"Statement\":[{\"Action\":\"s3:*\",\"Effect\":\"Allow\",\"Resource\":\"*\",\"Sid\":\"dynamodb\"}],\"Version\":\"2012-10-17\"}",
            "policy_id": "ANPAXU62P7EK6L2PJOCJL",
            "tags": null,
            "tags_all": {}
          },
          "sensitive_attributes": [],
          "private": "bnVsbA==",
          "dependencies": [
            "module.lambda_mercado_livre.data.aws_iam_policy_document.additional_inline"
          ]
        }
      ]
    },
    {
      "module": "module.lambda_mercado_livre",
      "mode": "managed",
      "type": "aws_iam_policy",
      "name": "logs",
      "provider": "provider[\"registry.terraform.io/hashicorp/aws\"]",
      "instances": [
        {
          "index_key": 0,
          "schema_version": 0,
          "attributes": {
            "arn": "arn:aws:iam::526054848789:policy/extract-apis-mercado_livre-logs",
            "description": "",
            "id": "arn:aws:iam::526054848789:policy/extract-apis-mercado_livre-logs",
            "name": "extract-apis-mercado_livre-logs",
            "name_prefix": "",
            "path": "/",
            "policy": "{\"Statement\":[{\"Action\":[\"logs:PutLogEvents\",\"logs:CreateLogStream\",\"logs:CreateLogGroup\"],\"Effect\":\"Allow\",\"Resource\":[\"arn:aws:logs:us-west-2:526054848789:log-group:/aws/lambda/extract-apis-mercado_livre:*:*\",\"arn:aws:logs:us-west-2:526054848789:log-group:/aws/lambda/extract-apis-mercado_livre:*\"]}],\"Version\":\"2012-10-17\"}",
            "policy_id": "ANPAXU62P7EKU4UJ5GNI6",
            "tags": null,
            "tags_all": {}
          },
          "sensitive_attributes": [],
          "private": "bnVsbA==",
          "dependencies": [
            "module.lambda_mercado_livre.aws_cloudwatch_log_group.lambda",
            "module.lambda_mercado_livre.data.aws_arn.log_group_arn",
            "module.lambda_mercado_livre.data.aws_cloudwatch_log_group.lambda",
            "module.lambda_mercado_livre.data.aws_iam_policy_document.logs"
          ]
        }
      ]
    },
    {
      "module": "module.lambda_mercado_livre",
      "mode": "managed",
      "type": "aws_iam_role",
      "name": "lambda",
      "provider": "provider[\"registry.terraform.io/hashicorp/aws\"]",
      "instances": [
        {
          "index_key": 0,
          "schema_version": 0,
          "attributes": {
            "arn": "arn:aws:iam::526054848789:role/extract-apis-mercado_livre",
            "assume_role_policy": "{\"Statement\":[{\"Action\":\"sts:AssumeRole\",\"Effect\":\"Allow\",\"Principal\":{\"Service\":\"lambda.amazonaws.com\"}}],\"Version\":\"2012-10-17\"}",
            "create_date": "2023-09-16T03:24:43Z",
            "description": "",
            "force_detach_policies": true,
            "id": "extract-apis-mercado_livre",
            "inline_policy": [],
            "managed_policy_arns": [],
            "max_session_duration": 3600,
            "name": "extract-apis-mercado_livre",
            "name_prefix": "",
            "path": "/",
            "permissions_boundary": null,
            "tags": null,
            "tags_all": {},
            "unique_id": "AROAXU62P7EKVY6H5ESCL"
          },
          "sensitive_attributes": [],
          "private": "bnVsbA==",
          "dependencies": [
            "module.lambda_mercado_livre.data.aws_iam_policy_document.assume_role"
          ]
        }
      ]
    },
    {
      "module": "module.lambda_mercado_livre",
      "mode": "managed",
      "type": "aws_iam_role_policy_attachment",
      "name": "additional_inline",
      "provider": "provider[\"registry.terraform.io/hashicorp/aws\"]",
      "instances": [
        {
          "index_key": 0,
          "schema_version": 0,
          "attributes": {
            "id": "extract-apis-mercado_livre-20230916032444159200000001",
            "policy_arn": "arn:aws:iam::526054848789:policy/extract-apis-mercado_livre-inline",
            "role": "extract-apis-mercado_livre"
          },
          "sensitive_attributes": [],
          "private": "bnVsbA==",
          "dependencies": [
            "module.lambda_mercado_livre.aws_iam_policy.additional_inline",
            "module.lambda_mercado_livre.aws_iam_role.lambda",
            "module.lambda_mercado_livre.data.aws_iam_policy_document.additional_inline",
            "module.lambda_mercado_livre.data.aws_iam_policy_document.assume_role"
          ]
        }
      ]
    },
    {
      "module": "module.lambda_mercado_livre",
      "mode": "managed",
      "type": "aws_iam_role_policy_attachment",
      "name": "logs",
      "provider": "provider[\"registry.terraform.io/hashicorp/aws\"]",
      "instances": [
        {
          "index_key": 0,
          "schema_version": 0,
          "attributes": {
            "id": "extract-apis-mercado_livre-20230916032445825100000002",
            "policy_arn": "arn:aws:iam::526054848789:policy/extract-apis-mercado_livre-logs",
            "role": "extract-apis-mercado_livre"
          },
          "sensitive_attributes": [],
          "private": "bnVsbA==",
          "dependencies": [
            "module.lambda_mercado_livre.aws_cloudwatch_log_group.lambda",
            "module.lambda_mercado_livre.aws_iam_policy.logs",
            "module.lambda_mercado_livre.aws_iam_role.lambda",
            "module.lambda_mercado_livre.data.aws_arn.log_group_arn",
            "module.lambda_mercado_livre.data.aws_cloudwatch_log_group.lambda",
            "module.lambda_mercado_livre.data.aws_iam_policy_document.assume_role",
            "module.lambda_mercado_livre.data.aws_iam_policy_document.logs"
          ]
        }
      ]
    },
    {
      "module": "module.lambda_mercado_livre",
      "mode": "managed",
      "type": "aws_lambda_function",
      "name": "this",
      "provider": "provider[\"registry.terraform.io/hashicorp/aws\"]",
      "instances": [
        {
          "index_key": 0,
          "schema_version": 0,
          "attributes": {
            "architectures": [
              "x86_64"
            ],
            "arn": "arn:aws:lambda:us-west-2:526054848789:function:extract-apis-mercado_livre",
            "code_signing_config_arn": "",
            "dead_letter_config": [],
            "description": "My awesome lambda function",
            "environment": [
              {
                "variables": {
                  "TABLE_NAME": ""
                }
              }
            ],
            "ephemeral_storage": [
              {
                "size": 512
              }
            ],
            "file_system_config": [],
            "filename": null,
            "function_name": "extract-apis-mercado_livre",
            "handler": "",
            "id": "extract-apis-mercado_livre",
            "image_config": [],
            "image_uri": "526054848789.dkr.ecr.us-west-2.amazonaws.com/extract-apis-mercado-livre:0.1",
            "invoke_arn": "arn:aws:apigateway:us-west-2:lambda:path/2015-03-31/functions/arn:aws:lambda:us-west-2:526054848789:function:extract-apis-mercado_livre/invocations",
            "kms_key_arn": "",
            "last_modified": "2023-09-16T03:24:51.524+0000",
            "layers": null,
            "memory_size": 1024,
            "package_type": "Image",
            "publish": false,
            "qualified_arn": "arn:aws:lambda:us-west-2:526054848789:function:extract-apis-mercado_livre:$LATEST",
            "qualified_invoke_arn": "arn:aws:apigateway:us-west-2:lambda:path/2015-03-31/functions/arn:aws:lambda:us-west-2:526054848789:function:extract-apis-mercado_livre:$LATEST/invocations",
            "replace_security_groups_on_destroy": null,
            "replacement_security_group_ids": null,
            "reserved_concurrent_executions": -1,
            "role": "arn:aws:iam::526054848789:role/extract-apis-mercado_livre",
            "runtime": "",
            "s3_bucket": null,
            "s3_key": null,
            "s3_object_version": null,
            "signing_job_arn": "",
            "signing_profile_version_arn": "",
            "skip_destroy": false,
            "snap_start": [],
            "source_code_hash": "1d978443080af953dfc85bfa265e56bb75a28bdaa9d79e9263ac890e07824824",
            "source_code_size": 0,
            "tags": null,
            "tags_all": {},
            "timeout": 60,
            "timeouts": null,
            "tracing_config": [
              {
                "mode": "PassThrough"
              }
            ],
            "version": "$LATEST",
            "vpc_config": []
          },
          "sensitive_attributes": [],
          "private": "eyJlMmJmYjczMC1lY2FhLTExZTYtOGY4OC0zNDM2M2JjN2M0YzAiOnsiY3JlYXRlIjo2MDAwMDAwMDAwMDAsImRlbGV0ZSI6NjAwMDAwMDAwMDAwLCJ1cGRhdGUiOjYwMDAwMDAwMDAwMH19",
          "dependencies": [
            "data.aws_caller_identity.this",
            "data.aws_ecr_authorization_token.token",
            "data.aws_region.current",
            "module.docker_image_mercado_livre.docker_registry_image.this",
            "module.lambda_mercado_livre.aws_cloudwatch_log_group.lambda",
            "module.lambda_mercado_livre.aws_iam_policy.additional_inline",
            "module.lambda_mercado_livre.aws_iam_policy.logs",
            "module.lambda_mercado_livre.aws_iam_role.lambda",
            "module.lambda_mercado_livre.aws_iam_role_policy_attachment.additional_inline",
            "module.lambda_mercado_livre.aws_iam_role_policy_attachment.additional_json",
            "module.lambda_mercado_livre.aws_iam_role_policy_attachment.additional_jsons",
            "module.lambda_mercado_livre.aws_iam_role_policy_attachment.additional_many",
            "module.lambda_mercado_livre.aws_iam_role_policy_attachment.additional_one",
            "module.lambda_mercado_livre.aws_iam_role_policy_attachment.async",
            "module.lambda_mercado_livre.aws_iam_role_policy_attachment.dead_letter",
            "module.lambda_mercado_livre.aws_iam_role_policy_attachment.logs",
            "module.lambda_mercado_livre.aws_iam_role_policy_attachment.tracing",
            "module.lambda_mercado_livre.aws_iam_role_policy_attachment.vpc",
            "module.lambda_mercado_livre.aws_s3_object.lambda_package",
            "module.lambda_mercado_livre.data.aws_arn.log_group_arn",
            "module.lambda_mercado_livre.data.aws_cloudwatch_log_group.lambda",
            "module.lambda_mercado_livre.data.aws_iam_policy_document.additional_inline",
            "module.lambda_mercado_livre.data.aws_iam_policy_document.assume_role",
            "module.lambda_mercado_livre.data.aws_iam_policy_document.logs",
            "module.lambda_mercado_livre.data.external.archive_prepare",
            "module.lambda_mercado_livre.null_resource.archive"
          ]
        }
      ]
    },
    {
      "module": "module.step_function",
      "mode": "data",
      "type": "aws_caller_identity",
      "name": "current",
      "provider": "provider[\"registry.terraform.io/hashicorp/aws\"]",
      "instances": [
        {
          "schema_version": 0,
          "attributes": {
            "account_id": "526054848789",
            "arn": "arn:aws:sts::526054848789:assumed-role/AWSReservedSSO_AdministratorAccess_eaa146b6dc3a2316/igor.oliveira",
            "id": "526054848789",
            "user_id": "AROAXU62P7EKSOARTWBFI:igor.oliveira"
          },
          "sensitive_attributes": []
        }
      ]
    },
    {
      "module": "module.step_function",
      "mode": "data",
      "type": "aws_iam_policy_document",
      "name": "assume_role",
      "provider": "provider[\"registry.terraform.io/hashicorp/aws\"]",
      "instances": [
        {
          "index_key": 0,
          "schema_version": 0,
          "attributes": {
            "id": "427396675",
            "json": "{\n  \"Version\": \"2012-10-17\",\n  \"Statement\": [\n    {\n      \"Effect\": \"Allow\",\n      \"Action\": \"sts:AssumeRole\",\n      \"Principal\": {\n        \"Service\": \"states.us-west-2.amazonaws.com\"\n      }\n    }\n  ]\n}",
            "override_policy_documents": null,
            "policy_id": null,
            "source_policy_documents": null,
            "statement": [
              {
                "actions": [
                  "sts:AssumeRole"
                ],
                "condition": [],
                "effect": "Allow",
                "not_actions": [],
                "not_principals": [],
                "not_resources": [],
                "principals": [
                  {
                    "identifiers": [
                      "states.us-west-2.amazonaws.com"
                    ],
                    "type": "Service"
                  }
                ],
                "resources": [],
                "sid": ""
              }
            ],
            "version": "2012-10-17"
          },
          "sensitive_attributes": []
        }
      ]
    },
    {
      "module": "module.step_function",
      "mode": "data",
      "type": "aws_iam_policy_document",
      "name": "logs",
      "provider": "provider[\"registry.terraform.io/hashicorp/aws\"]",
      "instances": [
        {
          "index_key": 0,
          "schema_version": 0,
          "attributes": {
            "id": "2981584126",
            "json": "{\n  \"Version\": \"2012-10-17\",\n  \"Statement\": [\n    {\n      \"Effect\": \"Allow\",\n      \"Action\": [\n        \"logs:UpdateLogDelivery\",\n        \"logs:PutResourcePolicy\",\n        \"logs:ListLogDeliveries\",\n        \"logs:GetLogDelivery\",\n        \"logs:DescribeResourcePolicies\",\n        \"logs:DescribeLogGroups\",\n        \"logs:DeleteLogDelivery\",\n        \"logs:CreateLogDelivery\"\n      ],\n      \"Resource\": \"*\"\n    }\n  ]\n}",
            "override_policy_documents": null,
            "policy_id": null,
            "source_policy_documents": null,
            "statement": [
              {
                "actions": [
                  "logs:CreateLogDelivery",
                  "logs:DeleteLogDelivery",
                  "logs:DescribeLogGroups",
                  "logs:DescribeResourcePolicies",
                  "logs:GetLogDelivery",
                  "logs:ListLogDeliveries",
                  "logs:PutResourcePolicy",
                  "logs:UpdateLogDelivery"
                ],
                "condition": [],
                "effect": "Allow",
                "not_actions": [],
                "not_principals": [],
                "not_resources": [],
                "principals": [],
                "resources": [
                  "*"
                ],
                "sid": ""
              }
            ],
            "version": "2012-10-17"
          },
          "sensitive_attributes": []
        }
      ]
    },
    {
      "module": "module.step_function",
      "mode": "data",
      "type": "aws_iam_policy_document",
      "name": "service",
      "provider": "provider[\"registry.terraform.io/hashicorp/aws\"]",
      "instances": [
        {
          "index_key": "lambda",
          "schema_version": 0,
          "attributes": {
            "id": "3213893740",
            "json": "{\n  \"Version\": \"2012-10-17\",\n  \"Statement\": [\n    {\n      \"Sid\": \"lambdaLambda\",\n      \"Effect\": \"Allow\",\n      \"Action\": \"lambda:InvokeFunction\",\n      \"Resource\": [\n        \"arn:aws:lambda:us-west-2:526054848789:function:extract-apis-mercado_livre:*\",\n        \"arn:aws:lambda:us-west-2:526054848789:function:extract-apis-mercado_livre\"\n      ]\n    }\n  ]\n}",
            "override_policy_documents": null,
            "policy_id": null,
            "source_policy_documents": null,
            "statement": [
              {
                "actions": [
                  "lambda:InvokeFunction"
                ],
                "condition": [],
                "effect": "Allow",
                "not_actions": [],
                "not_principals": [],
                "not_resources": [],
                "principals": [],
                "resources": [
                  "arn:aws:lambda:us-west-2:526054848789:function:extract-apis-mercado_livre",
                  "arn:aws:lambda:us-west-2:526054848789:function:extract-apis-mercado_livre:*"
                ],
                "sid": "lambdaLambda"
              }
            ],
            "version": "2012-10-17"
          },
          "sensitive_attributes": []
        }
      ]
    },
    {
      "module": "module.step_function",
      "mode": "data",
      "type": "aws_region",
      "name": "current",
      "provider": "provider[\"registry.terraform.io/hashicorp/aws\"]",
      "instances": [
        {
          "index_key": 0,
          "schema_version": 0,
          "attributes": {
            "description": "US West (Oregon)",
            "endpoint": "ec2.us-west-2.amazonaws.com",
            "id": "us-west-2",
            "name": "us-west-2"
          },
          "sensitive_attributes": []
        }
      ]
    },
    {
      "module": "module.step_function",
      "mode": "managed",
      "type": "aws_cloudwatch_log_group",
      "name": "sfn",
      "provider": "provider[\"registry.terraform.io/hashicorp/aws\"]",
      "instances": [
        {
          "index_key": 0,
          "schema_version": 0,
          "attributes": {
            "arn": "arn:aws:logs:us-west-2:526054848789:log-group:/aws/vendedlogs/states/sf-extract-apis-mercado-livre",
            "id": "/aws/vendedlogs/states/sf-extract-apis-mercado-livre",
            "kms_key_id": "",
            "name": "/aws/vendedlogs/states/sf-extract-apis-mercado-livre",
            "name_prefix": "",
            "retention_in_days": 0,
            "skip_destroy": false,
            "tags": {},
            "tags_all": {}
          },
          "sensitive_attributes": [],
          "private": "bnVsbA=="
        }
      ]
    },
    {
      "module": "module.step_function",
      "mode": "managed",
      "type": "aws_iam_policy",
      "name": "logs",
      "provider": "provider[\"registry.terraform.io/hashicorp/aws\"]",
      "instances": [
        {
          "index_key": 0,
          "schema_version": 0,
          "attributes": {
            "arn": "arn:aws:iam::526054848789:policy/sf-extract-apis-mercado-livre-logs",
            "description": "",
            "id": "arn:aws:iam::526054848789:policy/sf-extract-apis-mercado-livre-logs",
            "name": "sf-extract-apis-mercado-livre-logs",
            "name_prefix": "",
            "path": "/",
            "policy": "{\"Statement\":[{\"Action\":[\"logs:UpdateLogDelivery\",\"logs:PutResourcePolicy\",\"logs:ListLogDeliveries\",\"logs:GetLogDelivery\",\"logs:DescribeResourcePolicies\",\"logs:DescribeLogGroups\",\"logs:DeleteLogDelivery\",\"logs:CreateLogDelivery\"],\"Effect\":\"Allow\",\"Resource\":\"*\"}],\"Version\":\"2012-10-17\"}",
            "policy_id": "ANPAXU62P7EK423JU2NIU",
            "tags": {},
            "tags_all": {}
          },
          "sensitive_attributes": [],
          "private": "bnVsbA==",
          "dependencies": [
            "module.step_function.data.aws_iam_policy_document.logs"
          ]
        }
      ]
    },
    {
      "module": "module.step_function",
      "mode": "managed",
      "type": "aws_iam_policy",
      "name": "service",
      "provider": "provider[\"registry.terraform.io/hashicorp/aws\"]",
      "instances": [
        {
          "index_key": "lambda",
          "schema_version": 0,
          "attributes": {
            "arn": "arn:aws:iam::526054848789:policy/sf-extract-apis-mercado-livre-lambda",
            "description": "",
            "id": "arn:aws:iam::526054848789:policy/sf-extract-apis-mercado-livre-lambda",
            "name": "sf-extract-apis-mercado-livre-lambda",
            "name_prefix": "",
            "path": "/",
            "policy": "{\"Statement\":[{\"Action\":\"lambda:InvokeFunction\",\"Effect\":\"Allow\",\"Resource\":[\"arn:aws:lambda:us-west-2:526054848789:function:extract-apis-mercado_livre:*\",\"arn:aws:lambda:us-west-2:526054848789:function:extract-apis-mercado_livre\"],\"Sid\":\"lambdaLambda\"}],\"Version\":\"2012-10-17\"}",
            "policy_id": "ANPAXU62P7EK5GBLDWCDQ",
            "tags": null,
            "tags_all": {}
          },
          "sensitive_attributes": [],
          "private": "bnVsbA==",
          "dependencies": [
            "data.aws_caller_identity.this",
            "data.aws_ecr_authorization_token.token",
            "data.aws_region.current",
            "module.docker_image_mercado_livre.docker_registry_image.this",
            "module.lambda_mercado_livre.aws_cloudwatch_log_group.lambda",
            "module.lambda_mercado_livre.aws_iam_policy.additional_inline",
            "module.lambda_mercado_livre.aws_iam_policy.logs",
            "module.lambda_mercado_livre.aws_iam_role.lambda",
            "module.lambda_mercado_livre.aws_iam_role_policy_attachment.additional_inline",
            "module.lambda_mercado_livre.aws_iam_role_policy_attachment.additional_json",
            "module.lambda_mercado_livre.aws_iam_role_policy_attachment.additional_jsons",
            "module.lambda_mercado_livre.aws_iam_role_policy_attachment.additional_many",
            "module.lambda_mercado_livre.aws_iam_role_policy_attachment.additional_one",
            "module.lambda_mercado_livre.aws_iam_role_policy_attachment.async",
            "module.lambda_mercado_livre.aws_iam_role_policy_attachment.dead_letter",
            "module.lambda_mercado_livre.aws_iam_role_policy_attachment.logs",
            "module.lambda_mercado_livre.aws_iam_role_policy_attachment.tracing",
            "module.lambda_mercado_livre.aws_iam_role_policy_attachment.vpc",
            "module.lambda_mercado_livre.aws_lambda_function.this",
            "module.lambda_mercado_livre.aws_s3_object.lambda_package",
            "module.lambda_mercado_livre.data.aws_arn.log_group_arn",
            "module.lambda_mercado_livre.data.aws_cloudwatch_log_group.lambda",
            "module.lambda_mercado_livre.data.aws_iam_policy_document.additional_inline",
            "module.lambda_mercado_livre.data.aws_iam_policy_document.assume_role",
            "module.lambda_mercado_livre.data.aws_iam_policy_document.logs",
            "module.lambda_mercado_livre.data.external.archive_prepare",
            "module.lambda_mercado_livre.null_resource.archive",
            "module.step_function.data.aws_caller_identity.current",
            "module.step_function.data.aws_iam_policy_document.service",
            "module.step_function.data.aws_region.current"
          ]
        }
      ]
    },
    {
      "module": "module.step_function",
      "mode": "managed",
      "type": "aws_iam_policy_attachment",
      "name": "logs",
      "provider": "provider[\"registry.terraform.io/hashicorp/aws\"]",
      "instances": [
        {
          "index_key": 0,
          "schema_version": 0,
          "attributes": {
            "groups": [],
            "id": "sf-extract-apis-mercado-livre-logs",
            "name": "sf-extract-apis-mercado-livre-logs",
            "policy_arn": "arn:aws:iam::526054848789:policy/sf-extract-apis-mercado-livre-logs",
            "roles": [
              "sf-extract-apis-mercado-livre"
            ],
            "users": []
          },
          "sensitive_attributes": [],
          "private": "bnVsbA==",
          "dependencies": [
            "module.step_function.aws_iam_policy.logs",
            "module.step_function.aws_iam_role.this",
            "module.step_function.data.aws_iam_policy_document.assume_role",
            "module.step_function.data.aws_iam_policy_document.logs",
            "module.step_function.data.aws_region.current"
          ]
        }
      ]
    },
    {
      "module": "module.step_function",
      "mode": "managed",
      "type": "aws_iam_policy_attachment",
      "name": "service",
      "provider": "provider[\"registry.terraform.io/hashicorp/aws\"]",
      "instances": [
        {
          "index_key": "lambda",
          "schema_version": 0,
          "attributes": {
            "groups": null,
            "id": "sf-extract-apis-mercado-livre-lambda",
            "name": "sf-extract-apis-mercado-livre-lambda",
            "policy_arn": "arn:aws:iam::526054848789:policy/sf-extract-apis-mercado-livre-lambda",
            "roles": [
              "sf-extract-apis-mercado-livre"
            ],
            "users": null
          },
          "sensitive_attributes": [],
          "private": "bnVsbA==",
          "dependencies": [
            "data.aws_caller_identity.this",
            "data.aws_ecr_authorization_token.token",
            "data.aws_region.current",
            "module.docker_image_mercado_livre.docker_registry_image.this",
            "module.lambda_mercado_livre.aws_cloudwatch_log_group.lambda",
            "module.lambda_mercado_livre.aws_iam_policy.additional_inline",
            "module.lambda_mercado_livre.aws_iam_policy.logs",
            "module.lambda_mercado_livre.aws_iam_role.lambda",
            "module.lambda_mercado_livre.aws_iam_role_policy_attachment.additional_inline",
            "module.lambda_mercado_livre.aws_iam_role_policy_attachment.additional_json",
            "module.lambda_mercado_livre.aws_iam_role_policy_attachment.additional_jsons",
            "module.lambda_mercado_livre.aws_iam_role_policy_attachment.additional_many",
            "module.lambda_mercado_livre.aws_iam_role_policy_attachment.additional_one",
            "module.lambda_mercado_livre.aws_iam_role_policy_attachment.async",
            "module.lambda_mercado_livre.aws_iam_role_policy_attachment.dead_letter",
            "module.lambda_mercado_livre.aws_iam_role_policy_attachment.logs",
            "module.lambda_mercado_livre.aws_iam_role_policy_attachment.tracing",
            "module.lambda_mercado_livre.aws_iam_role_policy_attachment.vpc",
            "module.lambda_mercado_livre.aws_lambda_function.this",
            "module.lambda_mercado_livre.aws_s3_object.lambda_package",
            "module.lambda_mercado_livre.data.aws_arn.log_group_arn",
            "module.lambda_mercado_livre.data.aws_cloudwatch_log_group.lambda",
            "module.lambda_mercado_livre.data.aws_iam_policy_document.additional_inline",
            "module.lambda_mercado_livre.data.aws_iam_policy_document.assume_role",
            "module.lambda_mercado_livre.data.aws_iam_policy_document.logs",
            "module.lambda_mercado_livre.data.external.archive_prepare",
            "module.lambda_mercado_livre.null_resource.archive",
            "module.step_function.aws_iam_policy.service",
            "module.step_function.aws_iam_role.this",
            "module.step_function.data.aws_caller_identity.current",
            "module.step_function.data.aws_iam_policy_document.service",
            "module.step_function.data.aws_region.current"
          ]
        }
      ]
    },
    {
      "module": "module.step_function",
      "mode": "managed",
      "type": "aws_iam_role",
      "name": "this",
      "provider": "provider[\"registry.terraform.io/hashicorp/aws\"]",
      "instances": [
        {
          "index_key": 0,
          "schema_version": 0,
          "attributes": {
            "arn": "arn:aws:iam::526054848789:role/sf-extract-apis-mercado-livre",
            "assume_role_policy": "{\"Statement\":[{\"Action\":\"sts:AssumeRole\",\"Effect\":\"Allow\",\"Principal\":{\"Service\":\"states.us-west-2.amazonaws.com\"}}],\"Version\":\"2012-10-17\"}",
            "create_date": "2023-09-16T03:23:53Z",
            "description": "",
            "force_detach_policies": true,
            "id": "sf-extract-apis-mercado-livre",
            "inline_policy": [],
            "managed_policy_arns": [
              "arn:aws:iam::526054848789:policy/sf-extract-apis-mercado-livre-logs"
            ],
            "max_session_duration": 3600,
            "name": "sf-extract-apis-mercado-livre",
            "name_prefix": "",
            "path": "/",
            "permissions_boundary": null,
            "tags": {},
            "tags_all": {},
            "unique_id": "AROAXU62P7EKWR2RKEZ65"
          },
          "sensitive_attributes": [],
          "private": "bnVsbA==",
          "dependencies": [
            "module.step_function.data.aws_iam_policy_document.assume_role",
            "module.step_function.data.aws_region.current"
          ]
        }
      ]
    },
    {
      "module": "module.step_function",
      "mode": "managed",
      "type": "aws_sfn_state_machine",
      "name": "this",
      "provider": "provider[\"registry.terraform.io/hashicorp/aws\"]",
      "instances": [
        {
          "index_key": 0,
          "schema_version": 0,
          "attributes": {
            "arn": "arn:aws:states:us-west-2:526054848789:stateMachine:sf-extract-apis-mercado-livre",
            "creation_date": "2023-09-16T03:25:13Z",
            "definition": "{\n    \"Comment\": \"Spotify Flow\",\n    \"StartAt\": \"Get Spotify Playlists\",\n    \"States\": {\n      \"Get Spotify Playlists\": {\n        \"Type\": \"Task\",\n        \"Resource\": \"arn:aws:states:::lambda:invoke\",\n        \"OutputPath\": \"$.Payload\",\n        \"Parameters\": {\n          \"Payload.$\": \"$\",\n          \"FunctionName\": \"arn:aws:lambda:us-west-2:526054848789:function:extract-apis-mercado_livre:$LATEST\"\n        },\n        \"Retry\": [\n          {\n            \"ErrorEquals\": [\n              \"Lambda.ServiceException\",\n              \"Lambda.AWSLambdaException\",\n              \"Lambda.SdkClientException\",\n              \"Lambda.TooManyRequestsException\"\n            ],\n            \"IntervalSeconds\": 2,\n            \"MaxAttempts\": 6,\n            \"BackoffRate\": 2\n          }\n        ],\n        \"Next\": \"Has Next Playlist?\"\n      },\n      \"Has Next Playlist?\": {\n        \"Type\": \"Choice\",\n        \"Choices\": [\n          {\n            \"Variable\": \"$.next_playlist\",\n            \"IsPresent\": true,\n            \"Next\": \"Get Spotify Playlists\"\n          }\n        ],\n        \"Default\": \"Success\"\n      },\n      \"Success\": {\n        \"Type\": \"Succeed\"\n      }\n    }\n  }",
            "description": "",
            "id": "arn:aws:states:us-west-2:526054848789:stateMachine:sf-extract-apis-mercado-livre",
            "logging_configuration": [
              {
                "include_execution_data": false,
                "level": "ERROR",
                "log_destination": "arn:aws:logs:us-west-2:526054848789:log-group:/aws/vendedlogs/states/sf-extract-apis-mercado-livre:*"
              }
            ],
            "name": "sf-extract-apis-mercado-livre",
            "name_prefix": "",
            "publish": false,
            "revision_id": "",
            "role_arn": "arn:aws:iam::526054848789:role/sf-extract-apis-mercado-livre",
            "state_machine_version_arn": "",
            "status": "ACTIVE",
            "tags": {
              "Name": "sf-extract-apis-mercado-livre"
            },
            "tags_all": {
              "Name": "sf-extract-apis-mercado-livre"
            },
            "timeouts": {
              "create": null,
              "delete": null,
              "update": null
            },
            "tracing_configuration": [
              {
                "enabled": false
              }
            ],
            "type": "STANDARD",
            "version_description": null
          },
          "sensitive_attributes": [],
          "private": "eyJlMmJmYjczMC1lY2FhLTExZTYtOGY4OC0zNDM2M2JjN2M0YzAiOnsiY3JlYXRlIjozMDAwMDAwMDAwMDAsImRlbGV0ZSI6MzAwMDAwMDAwMDAwLCJ1cGRhdGUiOjYwMDAwMDAwMDAwfX0=",
          "dependencies": [
            "data.aws_caller_identity.this",
            "data.aws_ecr_authorization_token.token",
            "data.aws_region.current",
            "module.docker_image_mercado_livre.docker_registry_image.this",
            "module.lambda_mercado_livre.aws_cloudwatch_log_group.lambda",
            "module.lambda_mercado_livre.aws_iam_policy.additional_inline",
            "module.lambda_mercado_livre.aws_iam_policy.logs",
            "module.lambda_mercado_livre.aws_iam_role.lambda",
            "module.lambda_mercado_livre.aws_iam_role_policy_attachment.additional_inline",
            "module.lambda_mercado_livre.aws_iam_role_policy_attachment.additional_json",
            "module.lambda_mercado_livre.aws_iam_role_policy_attachment.additional_jsons",
            "module.lambda_mercado_livre.aws_iam_role_policy_attachment.additional_many",
            "module.lambda_mercado_livre.aws_iam_role_policy_attachment.additional_one",
            "module.lambda_mercado_livre.aws_iam_role_policy_attachment.async",
            "module.lambda_mercado_livre.aws_iam_role_policy_attachment.dead_letter",
            "module.lambda_mercado_livre.aws_iam_role_policy_attachment.logs",
            "module.lambda_mercado_livre.aws_iam_role_policy_attachment.tracing",
            "module.lambda_mercado_livre.aws_iam_role_policy_attachment.vpc",
            "module.lambda_mercado_livre.aws_lambda_function.this",
            "module.lambda_mercado_livre.aws_s3_object.lambda_package",
            "module.lambda_mercado_livre.data.aws_arn.log_group_arn",
            "module.lambda_mercado_livre.data.aws_cloudwatch_log_group.lambda",
            "module.lambda_mercado_livre.data.aws_iam_policy_document.additional_inline",
            "module.lambda_mercado_livre.data.aws_iam_policy_document.assume_role",
            "module.lambda_mercado_livre.data.aws_iam_policy_document.logs",
            "module.lambda_mercado_livre.data.external.archive_prepare",
            "module.lambda_mercado_livre.null_resource.archive",
            "module.step_function.aws_cloudwatch_log_group.sfn",
            "module.step_function.aws_iam_role.this",
            "module.step_function.data.aws_cloudwatch_log_group.sfn"
          ]
        }
      ]
    }
  ],
  "check_results": null
}
