{
  "version": 4,
  "terraform_version": "1.5.7",
  "serial": 380,
  "lineage": "f37a54f5-ee15-7652-215d-c85e3fe05816",
  "outputs": {},
  "resources": [
    {
      "mode": "data",
      "type": "aws_caller_identity",
      "name": "this",
      "provider": "provider[\"registry.terraform.io/hashicorp/aws\"]",
      "instances": [
        {
          "schema_version": 0,
          "attributes": {
            "account_id": "526054848789",
            "arn": "arn:aws:sts::526054848789:assumed-role/AWSReservedSSO_AdministratorAccess_eaa146b6dc3a2316/igor.oliveira",
            "id": "526054848789",
            "user_id": "AROAXU62P7EKSOARTWBFI:igor.oliveira"
          },
          "sensitive_attributes": []
        }
      ]
    },
    {
      "mode": "data",
      "type": "aws_ecr_authorization_token",
      "name": "token",
      "provider": "provider[\"registry.terraform.io/hashicorp/aws\"]",
      "instances": [
        {
          "schema_version": 0,
          "attributes": {
            "authorization_token": "QVdTOmV5SndZWGxzYjJGa0lqb2lSMFF6UkdKemRuZFdiM0JKYlc4eU9XTlBSV0pJWkVaclIwMVhXREI1WWxkcFZITTJiMlo2VkRGblVtUnJjbVpxTjI1a1YxRTRaazh6VXpBclZrcEZNRVpNY1ZaSGNsbFFObGxwTkdJelZFcHpURFZaTWl0TU9XczNjazFvVW5sVWFrOHdUVFpvUjFkV1ZqWTVhMnRKTkN0NmJ6QlZRa1p3TXpkUWQwZHlPWE16Y21sV05FeFBZWGxoYUd0cGFVbHhZbmRZWkVZMkwxTk1iblJDY0U1UVZHMVBLME4zWkhWaWNuUnBZVWg2YTFnM2JrVTBkVGx6V0ZkaWNXNHZhbTlFVkM4elFVUkxjVFEwT1N0VE4xTlRWM1pOWWtseFV6QXlkWGQ1UzNad1JFaGliMHAxZFdwWVVrSjVSRmQyUzBOSVlVNXhTalZyUkZkTE0xRlFTVU4zVEUxdU0yeDFkVVl3Vmtwbk9YWlBabkUwZVVrM2QyczJjbU5TTUZkd1dXODVRMGxIZWtORmMySkhPVkJMUzJKV1RGRnRLMjRyVVdWVVZVUjRTMmcwZVRacE56Qm9WRzlTWVN0dk1rWkNlVE5VYzFJeldrTTFkVmsxWmxkWVFtWlFhRFl4ZUhOME5XTlFla2RFU1ZJNVMzaFBibVF3ZDBSVVpHRXpiR0Y1YTFsRU1XdzRVMlpYY2xSRFMyRmtWa0p4ZUVOS1VrVkVUM0JQWVhaeFpXZHRaRWx0Y25sd1MwRjBNeXR1U1ZWd1VUQlNUV1k0TUhKaFowUnJUMVUzY21oaVVWVkVPWFJvUWpoVVRWSTRWbUZJUzJab2RHSllUbU5EYVVvNGF5OXNXSFZFTkhwamVUZHZPRUpDUTNGSlJ6SlNkMHhDV2tsVWFFeHRaSEZ5VDBaQlRqSkhObWxHYUZSNk1ubG9VMGw0V1VwaVYwWnBNMDlxWm14S2VWaEplVWQyY0V0bVNHZ3hlWEp2Y21wQ1kyOU1hR3gxUlhSNFVsQllNRnB3S3pOalRYRlFTVW94WjFKTGExWXpSR1Z0YTBoQ1dVSm9hRlU0TURsME1VbHVTMkU1VWtWTU9FbG5hVnBXUTBWMWNFODFTRGwxT1NzcmJYbFBLMk5LU0RSdEwwMVJOWE42WVdKdlVVUmpWMU5oYm5CQlJXWnpMM3BMT0Vvd0sza3ZRemQyYUVWMlkwVkZRMFJyYWtkcmQyeG5VREI0T0RGYVVGRk5abU0xVFV4c1VpOVpWVEZDVDBSemQwTXlOMEZvTTFvdmJXNVNLMVJXTXk5Sk0weGlRaTl6ZUZCb055dExVRWQ1TjFob1lYUjNTRmMxWm10T1VYaENlVkZCYlVsVlUySk5NbW95VnpKUU9XOXVZMUYyVDNvMU5YWmlSMlZpWnpKc2IyUlljaTl4YUZacWRETlRURTF3WldrMlEyb3pZbUo0VkhSUlJVSjZVbEF2YVVsMlFVeEpXQ3RKVVVOMmFIUndjWEk1TW1VNWNtWm9NbkZvYjBjNWJXbDJSbkJRZUU1VlZVOUpiV3RuU21oVk5YQjBSVmMyYlN0dlJuZFFNbk50WVdoalRVWXhZVFl2VEM4NVpuVm5lV2RVYUVZcmQzTlNhMVpvU1VNNFJuQmhLMmRtY0RjeVFtZFFNSFkwYUROSU5uazRkVmRuYkdaRlRXRk9SVFF6VWxwWmJHNUVSVUZFWTNKRE5WWk1aMk0xZEdaNmVFZHZTWGhoYjFCR1dtNTZka3hpU25sWlRWWmFSMlZYY2xsMlZscFdRM1ZZWkVoNU5ITTROSGhEY0RnMU5UUk5kVmd6WVRWT05VeFZUV0ZRT1RFelJsQmtlVGgwS3paM1JFSnpUVFJTWlZGRGNXeElWRUZrVUc1VE1YVkhRVmczWlhCMFFuaFRaSE55T0dSeE5YUjJjRmxsWTBORFkyUktVbTUxYjNWM1dYSnNTSEl6SzFOVmRrazNSSE5JTW5GTWQxcFpaM1l6YkV4bWNVRmhZazFrZEhOWFNqTlhVelYzY0RSMGNYTTVXVGxGVG14MmRESmtVWFZ1VEhGcFZEa3pkVUZtSzJOM1JXWTRVak5tV1hOb1VHSldSVTR6YVdOa1ZtWktPRlZqYjNSQ2RrVjFSakJxYlVVeE5uWk1ObUo2TlZKd01HMVFSSFZwV0VOd1NXOHZSV3BQUjNSWEszaHVOVGhPVEhobFp5czBka1UwTm5wRWRFSjVWMjFuTWs4clZVeFpVaXRGVUVwYWVWbFdWaXROWjBOTWNXVm5lREl2YTFoUVREZG5VbnA2ZVRsalUxbHBjems0YTNaUUsxSnBSR1l3WkdsTE1WZEhNak4wY3paSk1XOWFOM2xuUVhJd1RtaEdVWEpyUTNnMGFUTjJZekpqT0dKd1NVZzVSV0V6YTBWNlNFWTFkVXhZZERSME1YTjJRelpuZGxCeFkwMXFhRTVhTWpZMGJVWlZTVXh0V2s5dU1rOUtlblJUYXowaUxDSmtZWFJoYTJWNUlqb2lRVkZGUWtGSWFqWnNZelJZU1VwM0x6ZHNiakJJWXpBd1JFMWxhelpIUlhoSVEySlpORkpKY0ZSTlEwazFPRWx1VlhkQlFVRklOSGRtUVZsS1MyOWFTV2gyWTA1QlVXTkhiMGM0ZDJKUlNVSkJSRUp2UW1kcmNXaHJhVWM1ZHpCQ1FuZEZkMGhuV1VwWlNWcEpRVmRWUkVKQlJYVk5Ra1ZGUkV0cU5tWXJRVWxsYTJ0U1EzbFJlVVpCU1VKRlNVRTNZVkkyZEhwMVZGWkdTVmQ0VXpkNFVXUlViM2x1ZDFCRFUydHRVMDR6TUdGV1JYcElhaXR1UW5jeGJGRk5UakY1VTIxdk5FZEdOMUV2TmtWcGVtZ3lSREZ2Y3k5VGIzbEplbEZHZW5OcVRUMGlMQ0oyWlhKemFXOXVJam9pTWlJc0luUjVjR1VpT2lKRVFWUkJYMHRGV1NJc0ltVjRjR2x5WVhScGIyNGlPakUyT1RRNE56ZzFOamQ5",
            "expires_at": "2023-09-16T15:36:07Z",
            "id": "us-west-2",
            "password": "eyJwYXlsb2FkIjoiR0QzRGJzdndWb3BJbW8yOWNPRWJIZEZrR01XWDB5YldpVHM2b2Z6VDFnUmRrcmZqN25kV1E4Zk8zUzArVkpFMEZMcVZHcllQNllpNGIzVEpzTDVZMitMOWs3ck1oUnlUak8wTTZoR1dWVjY5a2tJNCt6bzBVQkZwMzdQd0dyOXMzcmlWNExPYXlhaGtpaUlxYndYZEY2L1NMbnRCcE5QVG1PK0N3ZHVicnRpYUh6a1g3bkU0dTlzWFdicW4vam9EVC8zQURLcTQ0OStTN1NTV3ZNYklxUzAydXd5S3ZwREhib0p1dWpYUkJ5RFd2S0NIYU5xSjVrRFdLM1FQSUN3TE1uM2x1dUYwVkpnOXZPZnE0eUk3d2s2cmNSMFdwWW85Q0lHekNFc2JHOVBLS2JWTFFtK24rUWVUVUR4S2g0eTZpNzBoVG9SYStvMkZCeTNUc1IzWkM1dVk1ZldYQmZQaDYxeHN0NWNQekdESVI5S3hPbmQwd0RUZGEzbGF5a1lEMWw4U2ZXclRDS2FkVkJxeENKUkVET3BPYXZxZWdtZEltcnlwS0F0MytuSVVwUTBSTWY4MHJhZ0RrT1U3cmhiUVVEOXRoQjhUTVI4VmFIS2ZodGJYTmNDaUo4ay9sWHVENHpjeTdvOEJCQ3FJRzJSd0xCWklUaExtZHFyT0ZBTjJHNmlGaFR6MnloU0l4WUpiV0ZpM09qZmxKeVhJeUd2cEtmSGgxeXJvcmpCY29MaGx1RXR4UlBYMFpwKzNjTXFQSUoxZ1JLa1YzRGVta0hCWUJoaFU4MDl0MUluS2E5UkVMOElnaVpWQ0V1cE81SDl1OSsrbXlPK2NKSDRtL01RNXN6YWJvUURjV1NhbnBBRWZzL3pLOEowK3kvQzd2aEV2Y0VFQ0Rrakdrd2xnUDB4ODFaUFFNZmM1TUxsUi9ZVTFCT0Rzd0MyN0FoM1ovbW5SK1RWMy9JM0xiQi9zeFBoNytLUEd5N1hoYXR3SFc1ZmtOUXhCeVFBbUlVU2JNMmoyVzJQOW9uY1F2T3o1NXZiR2ViZzJsb2RYci9xaFZqdDNTTE1wZWk2Q2ozYmJ4VHRRRUJ6UlAvaUl2QUxJWCtJUUN2aHRwcXI5MmU5cmZoMnFob0c5bWl2RnBQeE5VVU9JbWtnSmhVNXB0RVc2bStvRndQMnNtYWhjTUYxYTYvTC85ZnVneWdUaEYrd3NSa1ZoSUM4RnBhK2dmcDcyQmdQMHY0aDNINnk4dVdnbGZFTWFORTQzUlpZbG5ERUFEY3JDNVZMZ2M1dGZ6eEdvSXhhb1BGWm56dkxiSnlZTVZaR2VXcll2VlpWQ3VYZEh5NHM4NHhDcDg1NTRNdVgzYTVONUxVTWFQOTEzRlBkeTh0KzZ3REJzTTRSZVFDcWxIVEFkUG5TMXVHQVg3ZXB0QnhTZHNyOGRxNXR2cFllY0NDY2RKUm51b3V3WXJsSHIzK1NVdkk3RHNIMnFMd1pZZ3YzbExmcUFhYk1kdHNXSjNXUzV3cDR0cXM5WTlFTmx2dDJkUXVuTHFpVDkzdUFmK2N3RWY4UjNmWXNoUGJWRU4zaWNkVmZKOFVjb3RCdkV1RjBqbUUxNnZMNmJ6NVJwMG1QRHVpWENwSW8vRWpPR3RXK3huNThOTHhlZys0dkU0NnpEdEJ5V21nMk8rVUxZUitFUEpaeVlWVitNZ0NMcWVneDIva1hQTDdnUnp6eTljU1lpczk4a3ZQK1JpRGYwZGlLMVdHMjN0czZJMW9aN3lnQXIwTmhGUXJrQ3g0aTN2YzJjOGJwSUg5RWEza0V6SEY1dUxYdDR0MXN2QzZndlBxY01qaE5aMjY0bUZVSUxtWk9uMk9KenRTaz0iLCJkYXRha2V5IjoiQVFFQkFIajZsYzRYSUp3LzdsbjBIYzAwRE1lazZHRXhIQ2JZNFJJcFRNQ0k1OEluVXdBQUFINHdmQVlKS29aSWh2Y05BUWNHb0c4d2JRSUJBREJvQmdrcWhraUc5dzBCQndFd0hnWUpZSVpJQVdVREJBRXVNQkVFREtqNmYrQUlla2tSQ3lReUZBSUJFSUE3YVI2dHp1VFZGSVd4Uzd4UWRUb3lud1BDU2ttU04zMGFWRXpIaituQncxbFFNTjF5U21vNEdGN1EvNkVpemgyRDFvcy9Tb3lJelFGenNqTT0iLCJ2ZXJzaW9uIjoiMiIsInR5cGUiOiJEQVRBX0tFWSIsImV4cGlyYXRpb24iOjE2OTQ4Nzg1Njd9",
            "proxy_endpoint": "https://526054848789.dkr.ecr.us-west-2.amazonaws.com",
            "registry_id": null,
            "user_name": "AWS"
          },
          "sensitive_attributes": []
        }
      ]
    },
    {
      "mode": "data",
      "type": "aws_region",
      "name": "current",
      "provider": "provider[\"registry.terraform.io/hashicorp/aws\"]",
      "instances": [
        {
          "schema_version": 0,
          "attributes": {
            "description": "US West (Oregon)",
            "endpoint": "ec2.us-west-2.amazonaws.com",
            "id": "us-west-2",
            "name": "us-west-2"
          },
          "sensitive_attributes": []
        }
      ]
    },
    {
      "module": "module.docker_image_mercado_livre",
      "mode": "data",
      "type": "aws_caller_identity",
      "name": "this",
      "provider": "provider[\"registry.terraform.io/hashicorp/aws\"]",
      "instances": [
        {
          "schema_version": 0,
          "attributes": {
            "account_id": "526054848789",
            "arn": "arn:aws:sts::526054848789:assumed-role/AWSReservedSSO_AdministratorAccess_eaa146b6dc3a2316/igor.oliveira",
            "id": "526054848789",
            "user_id": "AROAXU62P7EKSOARTWBFI:igor.oliveira"
          },
          "sensitive_attributes": []
        }
      ]
    },
    {
      "module": "module.docker_image_mercado_livre",
      "mode": "data",
      "type": "aws_region",
      "name": "current",
      "provider": "provider[\"registry.terraform.io/hashicorp/aws\"]",
      "instances": [
        {
          "schema_version": 0,
          "attributes": {
            "description": "US West (Oregon)",
            "endpoint": "ec2.us-west-2.amazonaws.com",
            "id": "us-west-2",
            "name": "us-west-2"
          },
          "sensitive_attributes": []
        }
      ]
    },
    {
      "module": "module.docker_image_mercado_livre",
      "mode": "managed",
      "type": "aws_ecr_lifecycle_policy",
      "name": "this",
      "provider": "provider[\"registry.terraform.io/hashicorp/aws\"]",
      "instances": [
        {
          "index_key": 0,
          "schema_version": 0,
          "attributes": {
            "id": "extract-apis-mercado-livre",
            "policy": "{\"rules\":[{\"action\":{\"type\":\"expire\"},\"description\":\"Keep only the last 2 images\",\"rulePriority\":1,\"selection\":{\"countNumber\":2,\"countType\":\"imageCountMoreThan\",\"tagStatus\":\"any\"}}]}",
            "registry_id": "526054848789",
            "repository": "extract-apis-mercado-livre"
          },
          "sensitive_attributes": [],
          "private": "bnVsbA==",
          "dependencies": [
            "module.docker_image_mercado_livre.aws_ecr_repository.this"
          ]
        }
      ]
    },
    {
      "module": "module.docker_image_mercado_livre",
      "mode": "managed",
      "type": "aws_ecr_repository",
      "name": "this",
      "provider": "provider[\"registry.terraform.io/hashicorp/aws\"]",
      "instances": [
        {
          "index_key": 0,
          "schema_version": 0,
          "attributes": {
            "arn": "arn:aws:ecr:us-west-2:526054848789:repository/extract-apis-mercado-livre",
            "encryption_configuration": [
              {
                "encryption_type": "AES256",
                "kms_key": ""
              }
            ],
            "force_delete": true,
            "id": "extract-apis-mercado-livre",
            "image_scanning_configuration": [
              {
                "scan_on_push": false
              }
            ],
            "image_tag_mutability": "MUTABLE",
            "name": "extract-apis-mercado-livre",
            "registry_id": "526054848789",
            "repository_url": "526054848789.dkr.ecr.us-west-2.amazonaws.com/extract-apis-mercado-livre",
            "tags": {},
            "tags_all": {},
            "timeouts": null
          },
          "sensitive_attributes": [],
          "private": "eyJlMmJmYjczMC1lY2FhLTExZTYtOGY4OC0zNDM2M2JjN2M0YzAiOnsiZGVsZXRlIjoxMjAwMDAwMDAwMDAwfX0="
        }
      ]
    },
    {
      "module": "module.docker_image_mercado_livre",
      "mode": "managed",
      "type": "docker_image",
      "name": "this",
      "provider": "provider[\"registry.terraform.io/kreuzwerker/docker\"]",
      "instances": [
        {
          "schema_version": 0,
          "attributes": {
            "build": [
              {
                "auth_config": [],
                "build_arg": {},
                "build_args": {},
                "build_id": "",
                "cache_from": [],
                "cgroup_parent": "",
                "context": "mercado-livre",
                "cpu_period": 0,
                "cpu_quota": 0,
                "cpu_set_cpus": "",
                "cpu_set_mems": "",
                "cpu_shares": 0,
                "dockerfile": "Dockerfile",
                "extra_hosts": [],
                "force_remove": false,
                "isolation": "",
                "label": {},
                "labels": {},
                "memory": 0,
                "memory_swap": 0,
                "network_mode": "",
                "no_cache": false,
                "platform": "linux/amd64",
                "pull_parent": false,
                "remote_context": "",
                "remove": true,
                "security_opt": [],
                "session_id": "",
                "shm_size": 0,
                "squash": false,
                "suppress_output": false,
                "tag": [],
                "target": "",
                "ulimit": [],
                "version": ""
              }
            ],
            "force_remove": null,
            "id": "sha256:c36ff3e7553514f9a225a5e8ac2e7dc374ee1dbadce64be7987074525c66b7c7526054848789.dkr.ecr.us-west-2.amazonaws.com/extract-apis-mercado-livre:0.1",
            "image_id": "sha256:c36ff3e7553514f9a225a5e8ac2e7dc374ee1dbadce64be7987074525c66b7c7",
            "keep_locally": null,
            "name": "526054848789.dkr.ecr.us-west-2.amazonaws.com/extract-apis-mercado-livre:0.1",
            "platform": null,
            "pull_triggers": null,
            "repo_digest": "526054848789.dkr.ecr.us-west-2.amazonaws.com/extract-apis-mercado-livre@sha256:1d978443080af953dfc85bfa265e56bb75a28bdaa9d79e9263ac890e07824824",
            "triggers": null
          },
          "sensitive_attributes": [],
          "private": "bnVsbA==",
          "dependencies": [
            "data.aws_caller_identity.this",
            "data.aws_ecr_authorization_token.token",
            "data.aws_region.current",
            "module.docker_image_mercado_livre.aws_ecr_repository.this",
            "module.docker_image_mercado_livre.data.aws_caller_identity.this",
            "module.docker_image_mercado_livre.data.aws_region.current"
          ]
        }
      ]
    },
    {
      "module": "module.docker_image_mercado_livre",
      "mode": "managed",
      "type": "docker_registry_image",
      "name": "this",
      "provider": "provider[\"registry.terraform.io/kreuzwerker/docker\"]",
      "instances": [
        {
          "schema_version": 0,
          "attributes": {
            "id": "sha256:1d978443080af953dfc85bfa265e56bb75a28bdaa9d79e9263ac890e07824824",
            "insecure_skip_verify": false,
            "keep_remotely": false,
            "name": "526054848789.dkr.ecr.us-west-2.amazonaws.com/extract-apis-mercado-livre:0.1",
            "sha256_digest": "sha256:1d978443080af953dfc85bfa265e56bb75a28bdaa9d79e9263ac890e07824824",
            "triggers": null
          },
          "sensitive_attributes": [],
          "private": "bnVsbA==",
          "dependencies": [
            "data.aws_caller_identity.this",
            "data.aws_ecr_authorization_token.token",
            "data.aws_region.current",
            "module.docker_image_mercado_livre.aws_ecr_repository.this",
            "module.docker_image_mercado_livre.data.aws_caller_identity.this",
            "module.docker_image_mercado_livre.data.aws_region.current",
            "module.docker_image_mercado_livre.docker_image.this"
          ]
        }
      ]
    },
    {
      "module": "module.docker_image_mercado_livre",
      "mode": "managed",
      "type": "null_resource",
      "name": "sam_metadata_docker_registry_image",
      "provider": "provider[\"registry.terraform.io/hashicorp/null\"]",
      "instances": [
        {
          "schema_version": 0,
          "attributes": {
            "id": "2919595630564074091",
            "triggers": {
              "built_image_uri": "526054848789.dkr.ecr.us-west-2.amazonaws.com/extract-apis-mercado-livre:0.1",
              "docker_build_args": "{}",
              "docker_context": "mercado-livre",
              "docker_file": "Dockerfile",
              "docker_tag": "0.1",
              "resource_type": "IMAGE_LAMBDA_FUNCTION"
            }
          },
          "sensitive_attributes": [],
          "dependencies": [
            "data.aws_caller_identity.this",
            "data.aws_ecr_authorization_token.token",
            "data.aws_region.current",
            "module.docker_image_mercado_livre.aws_ecr_repository.this",
            "module.docker_image_mercado_livre.data.aws_caller_identity.this",
            "module.docker_image_mercado_livre.data.aws_region.current",
            "module.docker_image_mercado_livre.docker_image.this",
            "module.docker_image_mercado_livre.docker_registry_image.this"
          ]
        }
      ]
    },
    {
      "module": "module.lambda_mercado_livre",
      "mode": "data",
      "type": "aws_caller_identity",
      "name": "current",
      "provider": "provider[\"registry.terraform.io/hashicorp/aws\"]",
      "instances": [
        {
          "schema_version": 0,
          "attributes": {
            "account_id": "526054848789",
            "arn": "arn:aws:sts::526054848789:assumed-role/AWSReservedSSO_AdministratorAccess_eaa146b6dc3a2316/igor.oliveira",
            "id": "526054848789",
            "user_id": "AROAXU62P7EKSOARTWBFI:igor.oliveira"
          },
          "sensitive_attributes": []
        }
      ]
    },
    {
      "module": "module.lambda_mercado_livre",
      "mode": "data",
      "type": "aws_iam_policy_document",
      "name": "additional_inline",
      "provider": "provider[\"registry.terraform.io/hashicorp/aws\"]",
      "instances": [
        {
          "index_key": 0,
          "schema_version": 0,
          "attributes": {
            "id": "3014314062",
            "json": "{\n  \"Version\": \"2012-10-17\",\n  \"Statement\": [\n    {\n      \"Sid\": \"dynamodb\",\n      \"Effect\": \"Allow\",\n      \"Action\": \"s3:*\",\n      \"Resource\": \"*\"\n    }\n  ]\n}",
            "override_policy_documents": null,
            "policy_id": null,
            "source_policy_documents": null,
            "statement": [
              {
                "actions": [
                  "s3:*"
                ],
                "condition": [],
                "effect": "Allow",
                "not_actions": [],
                "not_principals": [],
                "not_resources": [],
                "principals": [],
                "resources": [
                  "*"
                ],
                "sid": "dynamodb"
              }
            ],
            "version": "2012-10-17"
          },
          "sensitive_attributes": []
        }
      ]
    },
    {
      "module": "module.lambda_mercado_livre",
      "mode": "data",
      "type": "aws_iam_policy_document",
      "name": "assume_role",
      "provider": "provider[\"registry.terraform.io/hashicorp/aws\"]",
      "instances": [
        {
          "index_key": 0,
          "schema_version": 0,
          "attributes": {
            "id": "2690255455",
            "json": "{\n  \"Version\": \"2012-10-17\",\n  \"Statement\": [\n    {\n      \"Effect\": \"Allow\",\n      \"Action\": \"sts:AssumeRole\",\n      \"Principal\": {\n        \"Service\": \"lambda.amazonaws.com\"\n      }\n    }\n  ]\n}",
            "override_policy_documents": null,
            "policy_id": null,
            "source_policy_documents": null,
            "statement": [
              {
                "actions": [
                  "sts:AssumeRole"
                ],
                "condition": [],
                "effect": "Allow",
                "not_actions": [],
                "not_principals": [],
                "not_resources": [],
                "principals": [
                  {
                    "identifiers": [
                      "lambda.amazonaws.com"
                    ],
                    "type": "Service"
                  }
                ],
                "resources": [],
                "sid": ""
              }
            ],
            "version": "2012-10-17"
          },
          "sensitive_attributes": []
        }
      ]
    },
    {
      "module": "module.lambda_mercado_livre",
      "mode": "data",
      "type": "aws_iam_policy_document",
      "name": "logs",
      "provider": "provider[\"registry.terraform.io/hashicorp/aws\"]",
      "instances": [
        {
          "index_key": 0,
          "schema_version": 0,
          "attributes": {
            "id": "3757632638",
            "json": "{\n  \"Version\": \"2012-10-17\",\n  \"Statement\": [\n    {\n      \"Effect\": \"Allow\",\n      \"Action\": [\n        \"logs:PutLogEvents\",\n        \"logs:CreateLogStream\",\n        \"logs:CreateLogGroup\"\n      ],\n      \"Resource\": [\n        \"arn:aws:logs:us-west-2:526054848789:log-group:/aws/lambda/extract-apis-mercado-livre:*:*\",\n        \"arn:aws:logs:us-west-2:526054848789:log-group:/aws/lambda/extract-apis-mercado-livre:*\"\n      ]\n    }\n  ]\n}",
            "override_policy_documents": null,
            "policy_id": null,
            "source_policy_documents": null,
            "statement": [
              {
                "actions": [
                  "logs:CreateLogGroup",
                  "logs:CreateLogStream",
                  "logs:PutLogEvents"
                ],
                "condition": [],
                "effect": "Allow",
                "not_actions": [],
                "not_principals": [],
                "not_resources": [],
                "principals": [],
                "resources": [
                  "arn:aws:logs:us-west-2:526054848789:log-group:/aws/lambda/extract-apis-mercado-livre:*",
                  "arn:aws:logs:us-west-2:526054848789:log-group:/aws/lambda/extract-apis-mercado-livre:*:*"
                ],
                "sid": ""
              }
            ],
            "version": "2012-10-17"
          },
          "sensitive_attributes": []
        }
      ]
    },
    {
      "module": "module.lambda_mercado_livre",
      "mode": "data",
      "type": "aws_partition",
      "name": "current",
      "provider": "provider[\"registry.terraform.io/hashicorp/aws\"]",
      "instances": [
        {
          "schema_version": 0,
          "attributes": {
            "dns_suffix": "amazonaws.com",
            "id": "aws",
            "partition": "aws",
            "reverse_dns_prefix": "com.amazonaws"
          },
          "sensitive_attributes": []
        }
      ]
    },
    {
      "module": "module.lambda_mercado_livre",
      "mode": "data",
      "type": "aws_region",
      "name": "current",
      "provider": "provider[\"registry.terraform.io/hashicorp/aws\"]",
      "instances": [
        {
          "schema_version": 0,
          "attributes": {
            "description": "US West (Oregon)",
            "endpoint": "ec2.us-west-2.amazonaws.com",
            "id": "us-west-2",
            "name": "us-west-2"
          },
          "sensitive_attributes": []
        }
      ]
    },
    {
      "module": "module.lambda_mercado_livre",
      "mode": "managed",
      "type": "aws_cloudwatch_log_group",
      "name": "lambda",
      "provider": "provider[\"registry.terraform.io/hashicorp/aws\"]",
      "instances": [
        {
          "index_key": 0,
          "schema_version": 0,
          "attributes": {
            "arn": "arn:aws:logs:us-west-2:526054848789:log-group:/aws/lambda/extract-apis-mercado-livre",
            "id": "/aws/lambda/extract-apis-mercado-livre",
            "kms_key_id": "",
            "name": "/aws/lambda/extract-apis-mercado-livre",
            "name_prefix": "",
            "retention_in_days": 0,
            "skip_destroy": false,
            "tags": {},
            "tags_all": {}
          },
          "sensitive_attributes": [],
          "private": "bnVsbA=="
        }
      ]
    },
    {
      "module": "module.lambda_mercado_livre",
      "mode": "managed",
      "type": "aws_iam_policy",
      "name": "additional_inline",
      "provider": "provider[\"registry.terraform.io/hashicorp/aws\"]",
      "instances": [
        {
          "index_key": 0,
          "schema_version": 0,
          "attributes": {
            "arn": "arn:aws:iam::526054848789:policy/extract-apis-mercado-livre-inline",
            "description": "",
            "id": "arn:aws:iam::526054848789:policy/extract-apis-mercado-livre-inline",
            "name": "extract-apis-mercado-livre-inline",
            "name_prefix": "",
            "path": "/",
            "policy": "{\"Statement\":[{\"Action\":\"s3:*\",\"Effect\":\"Allow\",\"Resource\":\"*\",\"Sid\":\"dynamodb\"}],\"Version\":\"2012-10-17\"}",
            "policy_id": "ANPAXU62P7EKWC4LXDTFV",
            "tags": {},
            "tags_all": {}
          },
          "sensitive_attributes": [],
          "private": "bnVsbA==",
          "dependencies": [
            "module.lambda_mercado_livre.data.aws_iam_policy_document.additional_inline"
          ]
        }
      ]
    },
    {
      "module": "module.lambda_mercado_livre",
      "mode": "managed",
      "type": "aws_iam_policy",
      "name": "logs",
      "provider": "provider[\"registry.terraform.io/hashicorp/aws\"]",
      "instances": [
        {
          "index_key": 0,
          "schema_version": 0,
          "attributes": {
            "arn": "arn:aws:iam::526054848789:policy/extract-apis-mercado-livre-logs",
            "description": "",
            "id": "arn:aws:iam::526054848789:policy/extract-apis-mercado-livre-logs",
            "name": "extract-apis-mercado-livre-logs",
            "name_prefix": "",
            "path": "/",
            "policy": "{\"Statement\":[{\"Action\":[\"logs:PutLogEvents\",\"logs:CreateLogStream\",\"logs:CreateLogGroup\"],\"Effect\":\"Allow\",\"Resource\":[\"arn:aws:logs:us-west-2:526054848789:log-group:/aws/lambda/extract-apis-mercado-livre:*:*\",\"arn:aws:logs:us-west-2:526054848789:log-group:/aws/lambda/extract-apis-mercado-livre:*\"]}],\"Version\":\"2012-10-17\"}",
            "policy_id": "ANPAXU62P7EKRW4H6KBW2",
            "tags": {},
            "tags_all": {}
          },
          "sensitive_attributes": [],
          "private": "bnVsbA==",
          "dependencies": [
            "module.lambda_mercado_livre.aws_cloudwatch_log_group.lambda",
            "module.lambda_mercado_livre.data.aws_arn.log_group_arn",
            "module.lambda_mercado_livre.data.aws_cloudwatch_log_group.lambda",
            "module.lambda_mercado_livre.data.aws_iam_policy_document.logs"
          ]
        }
      ]
    },
    {
      "module": "module.lambda_mercado_livre",
      "mode": "managed",
      "type": "aws_iam_role",
      "name": "lambda",
      "provider": "provider[\"registry.terraform.io/hashicorp/aws\"]",
      "instances": [
        {
          "index_key": 0,
          "schema_version": 0,
          "attributes": {
            "arn": "arn:aws:iam::526054848789:role/extract-apis-mercado-livre",
            "assume_role_policy": "{\"Statement\":[{\"Action\":\"sts:AssumeRole\",\"Effect\":\"Allow\",\"Principal\":{\"Service\":\"lambda.amazonaws.com\"}}],\"Version\":\"2012-10-17\"}",
            "create_date": "2023-09-16T03:25:36Z",
            "description": "",
            "force_detach_policies": true,
            "id": "extract-apis-mercado-livre",
            "inline_policy": [],
            "managed_policy_arns": [
              "arn:aws:iam::526054848789:policy/extract-apis-mercado-livre-inline",
              "arn:aws:iam::526054848789:policy/extract-apis-mercado-livre-logs"
            ],
            "max_session_duration": 3600,
            "name": "extract-apis-mercado-livre",
            "name_prefix": "",
            "path": "/",
            "permissions_boundary": null,
            "tags": {},
            "tags_all": {},
            "unique_id": "AROAXU62P7EKZRS67JGGP"
          },
          "sensitive_attributes": [],
          "private": "bnVsbA==",
          "dependencies": [
            "module.lambda_mercado_livre.data.aws_iam_policy_document.assume_role"
          ]
        }
      ]
    },
    {
      "module": "module.lambda_mercado_livre",
      "mode": "managed",
      "type": "aws_iam_role_policy_attachment",
      "name": "additional_inline",
      "provider": "provider[\"registry.terraform.io/hashicorp/aws\"]",
      "instances": [
        {
          "index_key": 0,
          "schema_version": 0,
          "attributes": {
            "id": "extract-apis-mercado-livre-20230916032537330600000001",
            "policy_arn": "arn:aws:iam::526054848789:policy/extract-apis-mercado-livre-inline",
            "role": "extract-apis-mercado-livre"
          },
          "sensitive_attributes": [],
          "private": "bnVsbA==",
          "dependencies": [
            "module.lambda_mercado_livre.aws_iam_policy.additional_inline",
            "module.lambda_mercado_livre.aws_iam_role.lambda",
            "module.lambda_mercado_livre.data.aws_iam_policy_document.additional_inline",
            "module.lambda_mercado_livre.data.aws_iam_policy_document.assume_role"
          ]
        }
      ]
    },
    {
      "module": "module.lambda_mercado_livre",
      "mode": "managed",
      "type": "aws_iam_role_policy_attachment",
      "name": "logs",
      "provider": "provider[\"registry.terraform.io/hashicorp/aws\"]",
      "instances": [
        {
          "index_key": 0,
          "schema_version": 0,
          "attributes": {
            "id": "extract-apis-mercado-livre-20230916032538428600000002",
            "policy_arn": "arn:aws:iam::526054848789:policy/extract-apis-mercado-livre-logs",
            "role": "extract-apis-mercado-livre"
          },
          "sensitive_attributes": [],
          "private": "bnVsbA==",
          "dependencies": [
            "module.lambda_mercado_livre.aws_cloudwatch_log_group.lambda",
            "module.lambda_mercado_livre.aws_iam_policy.logs",
            "module.lambda_mercado_livre.aws_iam_role.lambda",
            "module.lambda_mercado_livre.data.aws_arn.log_group_arn",
            "module.lambda_mercado_livre.data.aws_cloudwatch_log_group.lambda",
            "module.lambda_mercado_livre.data.aws_iam_policy_document.assume_role",
            "module.lambda_mercado_livre.data.aws_iam_policy_document.logs"
          ]
        }
      ]
    },
    {
      "module": "module.lambda_mercado_livre",
      "mode": "managed",
      "type": "aws_lambda_function",
      "name": "this",
      "provider": "provider[\"registry.terraform.io/hashicorp/aws\"]",
      "instances": [
        {
          "index_key": 0,
          "schema_version": 0,
          "attributes": {
            "architectures": [
              "x86_64"
            ],
            "arn": "arn:aws:lambda:us-west-2:526054848789:function:extract-apis-mercado-livre",
            "code_signing_config_arn": "",
            "dead_letter_config": [],
            "description": "My awesome lambda function",
            "environment": [
              {
                "variables": {
                  "TABLE_NAME": ""
                }
              }
            ],
            "ephemeral_storage": [
              {
                "size": 512
              }
            ],
            "file_system_config": [],
            "filename": null,
            "function_name": "extract-apis-mercado-livre",
            "handler": "",
            "id": "extract-apis-mercado-livre",
            "image_config": [],
            "image_uri": "526054848789.dkr.ecr.us-west-2.amazonaws.com/extract-apis-mercado-livre:0.1",
            "invoke_arn": "arn:aws:apigateway:us-west-2:lambda:path/2015-03-31/functions/arn:aws:lambda:us-west-2:526054848789:function:extract-apis-mercado-livre/invocations",
            "kms_key_arn": "",
            "last_modified": "2023-09-16T03:25:55.965+0000",
            "layers": [],
            "memory_size": 1024,
            "package_type": "Image",
            "publish": false,
            "qualified_arn": "arn:aws:lambda:us-west-2:526054848789:function:extract-apis-mercado-livre:$LATEST",
            "qualified_invoke_arn": "arn:aws:apigateway:us-west-2:lambda:path/2015-03-31/functions/arn:aws:lambda:us-west-2:526054848789:function:extract-apis-mercado-livre:$LATEST/invocations",
            "replace_security_groups_on_destroy": null,
            "replacement_security_group_ids": null,
            "reserved_concurrent_executions": -1,
            "role": "arn:aws:iam::526054848789:role/extract-apis-mercado-livre",
            "runtime": "",
            "s3_bucket": null,
            "s3_key": null,
            "s3_object_version": null,
            "signing_job_arn": "",
            "signing_profile_version_arn": "",
            "skip_destroy": false,
            "snap_start": [],
            "source_code_hash": "1d978443080af953dfc85bfa265e56bb75a28bdaa9d79e9263ac890e07824824",
            "source_code_size": 0,
            "tags": {},
            "tags_all": {},
            "timeout": 60,
            "timeouts": null,
            "tracing_config": [
              {
                "mode": "PassThrough"
              }
            ],
            "version": "$LATEST",
            "vpc_config": []
          },
          "sensitive_attributes": [],
          "private": "eyJlMmJmYjczMC1lY2FhLTExZTYtOGY4OC0zNDM2M2JjN2M0YzAiOnsiY3JlYXRlIjo2MDAwMDAwMDAwMDAsImRlbGV0ZSI6NjAwMDAwMDAwMDAwLCJ1cGRhdGUiOjYwMDAwMDAwMDAwMH19",
          "dependencies": [
            "data.aws_caller_identity.this",
            "data.aws_ecr_authorization_token.token",
            "data.aws_region.current",
            "module.docker_image_mercado_livre.aws_ecr_repository.this",
            "module.docker_image_mercado_livre.data.aws_caller_identity.this",
            "module.docker_image_mercado_livre.data.aws_region.current",
            "module.docker_image_mercado_livre.docker_image.this",
            "module.docker_image_mercado_livre.docker_registry_image.this",
            "module.lambda_mercado_livre.aws_cloudwatch_log_group.lambda",
            "module.lambda_mercado_livre.aws_iam_policy.additional_inline",
            "module.lambda_mercado_livre.aws_iam_policy.additional_json",
            "module.lambda_mercado_livre.aws_iam_policy.additional_jsons",
            "module.lambda_mercado_livre.aws_iam_policy.async",
            "module.lambda_mercado_livre.aws_iam_policy.dead_letter",
            "module.lambda_mercado_livre.aws_iam_policy.logs",
            "module.lambda_mercado_livre.aws_iam_policy.tracing",
            "module.lambda_mercado_livre.aws_iam_policy.vpc",
            "module.lambda_mercado_livre.aws_iam_role.lambda",
            "module.lambda_mercado_livre.aws_iam_role_policy_attachment.additional_inline",
            "module.lambda_mercado_livre.aws_iam_role_policy_attachment.additional_json",
            "module.lambda_mercado_livre.aws_iam_role_policy_attachment.additional_jsons",
            "module.lambda_mercado_livre.aws_iam_role_policy_attachment.additional_many",
            "module.lambda_mercado_livre.aws_iam_role_policy_attachment.additional_one",
            "module.lambda_mercado_livre.aws_iam_role_policy_attachment.async",
            "module.lambda_mercado_livre.aws_iam_role_policy_attachment.dead_letter",
            "module.lambda_mercado_livre.aws_iam_role_policy_attachment.logs",
            "module.lambda_mercado_livre.aws_iam_role_policy_attachment.tracing",
            "module.lambda_mercado_livre.aws_iam_role_policy_attachment.vpc",
            "module.lambda_mercado_livre.aws_s3_object.lambda_package",
            "module.lambda_mercado_livre.data.aws_arn.log_group_arn",
            "module.lambda_mercado_livre.data.aws_cloudwatch_log_group.lambda",
            "module.lambda_mercado_livre.data.aws_iam_policy.tracing",
            "module.lambda_mercado_livre.data.aws_iam_policy.vpc",
            "module.lambda_mercado_livre.data.aws_iam_policy_document.additional_inline",
            "module.lambda_mercado_livre.data.aws_iam_policy_document.assume_role",
            "module.lambda_mercado_livre.data.aws_iam_policy_document.async",
            "module.lambda_mercado_livre.data.aws_iam_policy_document.dead_letter",
            "module.lambda_mercado_livre.data.aws_iam_policy_document.logs",
            "module.lambda_mercado_livre.data.aws_partition.current",
            "module.lambda_mercado_livre.data.external.archive_prepare",
            "module.lambda_mercado_livre.local_file.archive_plan",
            "module.lambda_mercado_livre.null_resource.archive"
          ]
        }
      ]
    },
    {
      "module": "module.step_function",
      "mode": "data",
      "type": "aws_caller_identity",
      "name": "current",
      "provider": "provider[\"registry.terraform.io/hashicorp/aws\"]",
      "instances": [
        {
          "schema_version": 0,
          "attributes": {
            "account_id": "526054848789",
            "arn": "arn:aws:sts::526054848789:assumed-role/AWSReservedSSO_AdministratorAccess_eaa146b6dc3a2316/igor.oliveira",
            "id": "526054848789",
            "user_id": "AROAXU62P7EKSOARTWBFI:igor.oliveira"
          },
          "sensitive_attributes": []
        }
      ]
    },
    {
      "module": "module.step_function",
      "mode": "data",
      "type": "aws_iam_policy_document",
      "name": "assume_role",
      "provider": "provider[\"registry.terraform.io/hashicorp/aws\"]",
      "instances": [
        {
          "index_key": 0,
          "schema_version": 0,
          "attributes": {
            "id": "427396675",
            "json": "{\n  \"Version\": \"2012-10-17\",\n  \"Statement\": [\n    {\n      \"Effect\": \"Allow\",\n      \"Action\": \"sts:AssumeRole\",\n      \"Principal\": {\n        \"Service\": \"states.us-west-2.amazonaws.com\"\n      }\n    }\n  ]\n}",
            "override_policy_documents": null,
            "policy_id": null,
            "source_policy_documents": null,
            "statement": [
              {
                "actions": [
                  "sts:AssumeRole"
                ],
                "condition": [],
                "effect": "Allow",
                "not_actions": [],
                "not_principals": [],
                "not_resources": [],
                "principals": [
                  {
                    "identifiers": [
                      "states.us-west-2.amazonaws.com"
                    ],
                    "type": "Service"
                  }
                ],
                "resources": [],
                "sid": ""
              }
            ],
            "version": "2012-10-17"
          },
          "sensitive_attributes": []
        }
      ]
    },
    {
      "module": "module.step_function",
      "mode": "data",
      "type": "aws_iam_policy_document",
      "name": "logs",
      "provider": "provider[\"registry.terraform.io/hashicorp/aws\"]",
      "instances": [
        {
          "index_key": 0,
          "schema_version": 0,
          "attributes": {
            "id": "2981584126",
            "json": "{\n  \"Version\": \"2012-10-17\",\n  \"Statement\": [\n    {\n      \"Effect\": \"Allow\",\n      \"Action\": [\n        \"logs:UpdateLogDelivery\",\n        \"logs:PutResourcePolicy\",\n        \"logs:ListLogDeliveries\",\n        \"logs:GetLogDelivery\",\n        \"logs:DescribeResourcePolicies\",\n        \"logs:DescribeLogGroups\",\n        \"logs:DeleteLogDelivery\",\n        \"logs:CreateLogDelivery\"\n      ],\n      \"Resource\": \"*\"\n    }\n  ]\n}",
            "override_policy_documents": null,
            "policy_id": null,
            "source_policy_documents": null,
            "statement": [
              {
                "actions": [
                  "logs:CreateLogDelivery",
                  "logs:DeleteLogDelivery",
                  "logs:DescribeLogGroups",
                  "logs:DescribeResourcePolicies",
                  "logs:GetLogDelivery",
                  "logs:ListLogDeliveries",
                  "logs:PutResourcePolicy",
                  "logs:UpdateLogDelivery"
                ],
                "condition": [],
                "effect": "Allow",
                "not_actions": [],
                "not_principals": [],
                "not_resources": [],
                "principals": [],
                "resources": [
                  "*"
                ],
                "sid": ""
              }
            ],
            "version": "2012-10-17"
          },
          "sensitive_attributes": []
        }
      ]
    },
    {
      "module": "module.step_function",
      "mode": "data",
      "type": "aws_iam_policy_document",
      "name": "service",
      "provider": "provider[\"registry.terraform.io/hashicorp/aws\"]",
      "instances": [
        {
          "index_key": "lambda",
          "schema_version": 0,
          "attributes": {
            "id": "3361428682",
            "json": "{\n  \"Version\": \"2012-10-17\",\n  \"Statement\": [\n    {\n      \"Sid\": \"lambdaLambda\",\n      \"Effect\": \"Allow\",\n      \"Action\": \"lambda:InvokeFunction\",\n      \"Resource\": [\n        \"arn:aws:lambda:us-west-2:526054848789:function:extract-apis-mercado-livre:*\",\n        \"arn:aws:lambda:us-west-2:526054848789:function:extract-apis-mercado-livre\"\n      ]\n    }\n  ]\n}",
            "override_policy_documents": null,
            "policy_id": null,
            "source_policy_documents": null,
            "statement": [
              {
                "actions": [
                  "lambda:InvokeFunction"
                ],
                "condition": [],
                "effect": "Allow",
                "not_actions": [],
                "not_principals": [],
                "not_resources": [],
                "principals": [],
                "resources": [
                  "arn:aws:lambda:us-west-2:526054848789:function:extract-apis-mercado-livre",
                  "arn:aws:lambda:us-west-2:526054848789:function:extract-apis-mercado-livre:*"
                ],
                "sid": "lambdaLambda"
              }
            ],
            "version": "2012-10-17"
          },
          "sensitive_attributes": []
        }
      ]
    },
    {
      "module": "module.step_function",
      "mode": "data",
      "type": "aws_region",
      "name": "current",
      "provider": "provider[\"registry.terraform.io/hashicorp/aws\"]",
      "instances": [
        {
          "index_key": 0,
          "schema_version": 0,
          "attributes": {
            "description": "US West (Oregon)",
            "endpoint": "ec2.us-west-2.amazonaws.com",
            "id": "us-west-2",
            "name": "us-west-2"
          },
          "sensitive_attributes": []
        }
      ]
    },
    {
      "module": "module.step_function",
      "mode": "managed",
      "type": "aws_cloudwatch_log_group",
      "name": "sfn",
      "provider": "provider[\"registry.terraform.io/hashicorp/aws\"]",
      "instances": [
        {
          "index_key": 0,
          "schema_version": 0,
          "attributes": {
            "arn": "arn:aws:logs:us-west-2:526054848789:log-group:/aws/vendedlogs/states/sf-extract-apis-mercado-livre",
            "id": "/aws/vendedlogs/states/sf-extract-apis-mercado-livre",
            "kms_key_id": "",
            "name": "/aws/vendedlogs/states/sf-extract-apis-mercado-livre",
            "name_prefix": "",
            "retention_in_days": 0,
            "skip_destroy": false,
            "tags": {},
            "tags_all": {}
          },
          "sensitive_attributes": [],
          "private": "bnVsbA=="
        }
      ]
    },
    {
      "module": "module.step_function",
      "mode": "managed",
      "type": "aws_iam_policy",
      "name": "logs",
      "provider": "provider[\"registry.terraform.io/hashicorp/aws\"]",
      "instances": [
        {
          "index_key": 0,
          "schema_version": 0,
          "attributes": {
            "arn": "arn:aws:iam::526054848789:policy/sf-extract-apis-mercado-livre-logs",
            "description": "",
            "id": "arn:aws:iam::526054848789:policy/sf-extract-apis-mercado-livre-logs",
            "name": "sf-extract-apis-mercado-livre-logs",
            "name_prefix": "",
            "path": "/",
            "policy": "{\"Statement\":[{\"Action\":[\"logs:UpdateLogDelivery\",\"logs:PutResourcePolicy\",\"logs:ListLogDeliveries\",\"logs:GetLogDelivery\",\"logs:DescribeResourcePolicies\",\"logs:DescribeLogGroups\",\"logs:DeleteLogDelivery\",\"logs:CreateLogDelivery\"],\"Effect\":\"Allow\",\"Resource\":\"*\"}],\"Version\":\"2012-10-17\"}",
            "policy_id": "ANPAXU62P7EK423JU2NIU",
            "tags": {},
            "tags_all": {}
          },
          "sensitive_attributes": [],
          "private": "bnVsbA==",
          "dependencies": [
            "module.step_function.data.aws_iam_policy_document.logs"
          ]
        }
      ]
    },
    {
      "module": "module.step_function",
      "mode": "managed",
      "type": "aws_iam_policy",
      "name": "service",
      "provider": "provider[\"registry.terraform.io/hashicorp/aws\"]",
      "instances": [
        {
          "index_key": "lambda",
          "schema_version": 0,
          "attributes": {
            "arn": "arn:aws:iam::526054848789:policy/sf-extract-apis-mercado-livre-lambda",
            "description": "",
            "id": "arn:aws:iam::526054848789:policy/sf-extract-apis-mercado-livre-lambda",
            "name": "sf-extract-apis-mercado-livre-lambda",
            "name_prefix": "",
            "path": "/",
            "policy": "{\"Statement\":[{\"Action\":\"lambda:InvokeFunction\",\"Effect\":\"Allow\",\"Resource\":[\"arn:aws:lambda:us-west-2:526054848789:function:extract-apis-mercado-livre:*\",\"arn:aws:lambda:us-west-2:526054848789:function:extract-apis-mercado-livre\"],\"Sid\":\"lambdaLambda\"}],\"Version\":\"2012-10-17\"}",
            "policy_id": "ANPAXU62P7EK5GBLDWCDQ",
            "tags": {},
            "tags_all": {}
          },
          "sensitive_attributes": [],
          "private": "bnVsbA==",
          "dependencies": [
            "data.aws_caller_identity.this",
            "data.aws_ecr_authorization_token.token",
            "data.aws_region.current",
            "module.docker_image_mercado_livre.aws_ecr_repository.this",
            "module.docker_image_mercado_livre.data.aws_caller_identity.this",
            "module.docker_image_mercado_livre.data.aws_region.current",
            "module.docker_image_mercado_livre.docker_image.this",
            "module.docker_image_mercado_livre.docker_registry_image.this",
            "module.lambda_mercado_livre.aws_cloudwatch_log_group.lambda",
            "module.lambda_mercado_livre.aws_iam_policy.additional_inline",
            "module.lambda_mercado_livre.aws_iam_policy.additional_json",
            "module.lambda_mercado_livre.aws_iam_policy.additional_jsons",
            "module.lambda_mercado_livre.aws_iam_policy.async",
            "module.lambda_mercado_livre.aws_iam_policy.dead_letter",
            "module.lambda_mercado_livre.aws_iam_policy.logs",
            "module.lambda_mercado_livre.aws_iam_policy.tracing",
            "module.lambda_mercado_livre.aws_iam_policy.vpc",
            "module.lambda_mercado_livre.aws_iam_role.lambda",
            "module.lambda_mercado_livre.aws_iam_role_policy_attachment.additional_inline",
            "module.lambda_mercado_livre.aws_iam_role_policy_attachment.additional_json",
            "module.lambda_mercado_livre.aws_iam_role_policy_attachment.additional_jsons",
            "module.lambda_mercado_livre.aws_iam_role_policy_attachment.additional_many",
            "module.lambda_mercado_livre.aws_iam_role_policy_attachment.additional_one",
            "module.lambda_mercado_livre.aws_iam_role_policy_attachment.async",
            "module.lambda_mercado_livre.aws_iam_role_policy_attachment.dead_letter",
            "module.lambda_mercado_livre.aws_iam_role_policy_attachment.logs",
            "module.lambda_mercado_livre.aws_iam_role_policy_attachment.tracing",
            "module.lambda_mercado_livre.aws_iam_role_policy_attachment.vpc",
            "module.lambda_mercado_livre.aws_lambda_function.this",
            "module.lambda_mercado_livre.aws_s3_object.lambda_package",
            "module.lambda_mercado_livre.data.aws_arn.log_group_arn",
            "module.lambda_mercado_livre.data.aws_cloudwatch_log_group.lambda",
            "module.lambda_mercado_livre.data.aws_iam_policy.tracing",
            "module.lambda_mercado_livre.data.aws_iam_policy.vpc",
            "module.lambda_mercado_livre.data.aws_iam_policy_document.additional_inline",
            "module.lambda_mercado_livre.data.aws_iam_policy_document.assume_role",
            "module.lambda_mercado_livre.data.aws_iam_policy_document.async",
            "module.lambda_mercado_livre.data.aws_iam_policy_document.dead_letter",
            "module.lambda_mercado_livre.data.aws_iam_policy_document.logs",
            "module.lambda_mercado_livre.data.aws_partition.current",
            "module.lambda_mercado_livre.data.external.archive_prepare",
            "module.lambda_mercado_livre.local_file.archive_plan",
            "module.lambda_mercado_livre.null_resource.archive",
            "module.step_function.data.aws_caller_identity.current",
            "module.step_function.data.aws_iam_policy_document.service",
            "module.step_function.data.aws_region.current"
          ]
        }
      ]
    },
    {
      "module": "module.step_function",
      "mode": "managed",
      "type": "aws_iam_policy_attachment",
      "name": "logs",
      "provider": "provider[\"registry.terraform.io/hashicorp/aws\"]",
      "instances": [
        {
          "index_key": 0,
          "schema_version": 0,
          "attributes": {
            "groups": [],
            "id": "sf-extract-apis-mercado-livre-logs",
            "name": "sf-extract-apis-mercado-livre-logs",
            "policy_arn": "arn:aws:iam::526054848789:policy/sf-extract-apis-mercado-livre-logs",
            "roles": [
              "sf-extract-apis-mercado-livre"
            ],
            "users": []
          },
          "sensitive_attributes": [],
          "private": "bnVsbA==",
          "dependencies": [
            "module.step_function.aws_iam_policy.logs",
            "module.step_function.aws_iam_role.this",
            "module.step_function.data.aws_iam_policy_document.assume_role",
            "module.step_function.data.aws_iam_policy_document.logs",
            "module.step_function.data.aws_region.current"
          ]
        }
      ]
    },
    {
      "module": "module.step_function",
      "mode": "managed",
      "type": "aws_iam_policy_attachment",
      "name": "service",
      "provider": "provider[\"registry.terraform.io/hashicorp/aws\"]",
      "instances": [
        {
          "index_key": "lambda",
          "schema_version": 0,
          "attributes": {
            "groups": [],
            "id": "sf-extract-apis-mercado-livre-lambda",
            "name": "sf-extract-apis-mercado-livre-lambda",
            "policy_arn": "arn:aws:iam::526054848789:policy/sf-extract-apis-mercado-livre-lambda",
            "roles": [
              "sf-extract-apis-mercado-livre"
            ],
            "users": []
          },
          "sensitive_attributes": [],
          "private": "bnVsbA==",
          "dependencies": [
            "data.aws_caller_identity.this",
            "data.aws_ecr_authorization_token.token",
            "data.aws_region.current",
            "module.docker_image_mercado_livre.aws_ecr_repository.this",
            "module.docker_image_mercado_livre.data.aws_caller_identity.this",
            "module.docker_image_mercado_livre.data.aws_region.current",
            "module.docker_image_mercado_livre.docker_image.this",
            "module.docker_image_mercado_livre.docker_registry_image.this",
            "module.lambda_mercado_livre.aws_cloudwatch_log_group.lambda",
            "module.lambda_mercado_livre.aws_iam_policy.additional_inline",
            "module.lambda_mercado_livre.aws_iam_policy.additional_json",
            "module.lambda_mercado_livre.aws_iam_policy.additional_jsons",
            "module.lambda_mercado_livre.aws_iam_policy.async",
            "module.lambda_mercado_livre.aws_iam_policy.dead_letter",
            "module.lambda_mercado_livre.aws_iam_policy.logs",
            "module.lambda_mercado_livre.aws_iam_policy.tracing",
            "module.lambda_mercado_livre.aws_iam_policy.vpc",
            "module.lambda_mercado_livre.aws_iam_role.lambda",
            "module.lambda_mercado_livre.aws_iam_role_policy_attachment.additional_inline",
            "module.lambda_mercado_livre.aws_iam_role_policy_attachment.additional_json",
            "module.lambda_mercado_livre.aws_iam_role_policy_attachment.additional_jsons",
            "module.lambda_mercado_livre.aws_iam_role_policy_attachment.additional_many",
            "module.lambda_mercado_livre.aws_iam_role_policy_attachment.additional_one",
            "module.lambda_mercado_livre.aws_iam_role_policy_attachment.async",
            "module.lambda_mercado_livre.aws_iam_role_policy_attachment.dead_letter",
            "module.lambda_mercado_livre.aws_iam_role_policy_attachment.logs",
            "module.lambda_mercado_livre.aws_iam_role_policy_attachment.tracing",
            "module.lambda_mercado_livre.aws_iam_role_policy_attachment.vpc",
            "module.lambda_mercado_livre.aws_lambda_function.this",
            "module.lambda_mercado_livre.aws_s3_object.lambda_package",
            "module.lambda_mercado_livre.data.aws_arn.log_group_arn",
            "module.lambda_mercado_livre.data.aws_cloudwatch_log_group.lambda",
            "module.lambda_mercado_livre.data.aws_iam_policy.tracing",
            "module.lambda_mercado_livre.data.aws_iam_policy.vpc",
            "module.lambda_mercado_livre.data.aws_iam_policy_document.additional_inline",
            "module.lambda_mercado_livre.data.aws_iam_policy_document.assume_role",
            "module.lambda_mercado_livre.data.aws_iam_policy_document.async",
            "module.lambda_mercado_livre.data.aws_iam_policy_document.dead_letter",
            "module.lambda_mercado_livre.data.aws_iam_policy_document.logs",
            "module.lambda_mercado_livre.data.aws_partition.current",
            "module.lambda_mercado_livre.data.external.archive_prepare",
            "module.lambda_mercado_livre.local_file.archive_plan",
            "module.lambda_mercado_livre.null_resource.archive",
            "module.step_function.aws_iam_policy.service",
            "module.step_function.aws_iam_role.this",
            "module.step_function.data.aws_caller_identity.current",
            "module.step_function.data.aws_iam_policy_document.assume_role",
            "module.step_function.data.aws_iam_policy_document.service",
            "module.step_function.data.aws_region.current"
          ]
        }
      ]
    },
    {
      "module": "module.step_function",
      "mode": "managed",
      "type": "aws_iam_role",
      "name": "this",
      "provider": "provider[\"registry.terraform.io/hashicorp/aws\"]",
      "instances": [
        {
          "index_key": 0,
          "schema_version": 0,
          "attributes": {
            "arn": "arn:aws:iam::526054848789:role/sf-extract-apis-mercado-livre",
            "assume_role_policy": "{\"Statement\":[{\"Action\":\"sts:AssumeRole\",\"Effect\":\"Allow\",\"Principal\":{\"Service\":\"states.us-west-2.amazonaws.com\"}}],\"Version\":\"2012-10-17\"}",
            "create_date": "2023-09-16T03:23:53Z",
            "description": "",
            "force_detach_policies": true,
            "id": "sf-extract-apis-mercado-livre",
            "inline_policy": [],
            "managed_policy_arns": [
              "arn:aws:iam::526054848789:policy/sf-extract-apis-mercado-livre-lambda",
              "arn:aws:iam::526054848789:policy/sf-extract-apis-mercado-livre-logs"
            ],
            "max_session_duration": 3600,
            "name": "sf-extract-apis-mercado-livre",
            "name_prefix": "",
            "path": "/",
            "permissions_boundary": null,
            "tags": {},
            "tags_all": {},
            "unique_id": "AROAXU62P7EKWR2RKEZ65"
          },
          "sensitive_attributes": [],
          "private": "bnVsbA==",
          "dependencies": [
            "module.step_function.data.aws_iam_policy_document.assume_role",
            "module.step_function.data.aws_region.current"
          ]
        }
      ]
    },
    {
      "module": "module.step_function",
      "mode": "managed",
      "type": "aws_sfn_state_machine",
      "name": "this",
      "provider": "provider[\"registry.terraform.io/hashicorp/aws\"]",
      "instances": [
        {
          "index_key": 0,
          "schema_version": 0,
          "attributes": {
            "arn": "arn:aws:states:us-west-2:526054848789:stateMachine:sf-extract-apis-mercado-livre",
            "creation_date": "2023-09-16T03:25:13Z",
            "definition": "{\n    \"Comment\": \"Mercado Livre Flow\",\n    \"StartAt\": \"Get Mercado Livre Items\",\n    \"States\": {\n      \"Get Mercado Livre Items\": {\n        \"Type\": \"Task\",\n        \"Resource\": \"arn:aws:states:::lambda:invoke\",\n        \"OutputPath\": \"$.Payload\",\n        \"Parameters\": {\n          \"Payload.$\": \"$\",\n          \"FunctionName\": \"arn:aws:lambda:us-west-2:526054848789:function:extract-apis-mercado-livre:$LATEST\"\n        },\n        \"Retry\": [\n          {\n            \"ErrorEquals\": [\n              \"Lambda.ServiceException\",\n              \"Lambda.AWSLambdaException\",\n              \"Lambda.SdkClientException\",\n              \"Lambda.TooManyRequestsException\"\n            ],\n            \"IntervalSeconds\": 2,\n            \"MaxAttempts\": 6,\n            \"BackoffRate\": 2\n          }\n        ],\n        \"Next\": \"Has Next Items?\"\n      },\n      \"Has Next Items?\": {\n        \"Type\": \"Choice\",\n        \"Choices\": [\n          {\n            \"Variable\": \"$.next_items\",\n            \"IsPresent\": true,\n            \"Next\": \"Get Mercado Livre Items\"\n          }\n        ],\n        \"Default\": \"Success\"\n      },\n      \"Success\": {\n        \"Type\": \"Succeed\"\n      }\n    }\n  }",
            "description": "",
            "id": "arn:aws:states:us-west-2:526054848789:stateMachine:sf-extract-apis-mercado-livre",
            "logging_configuration": [
              {
                "include_execution_data": false,
                "level": "ERROR",
                "log_destination": "arn:aws:logs:us-west-2:526054848789:log-group:/aws/vendedlogs/states/sf-extract-apis-mercado-livre:*"
              }
            ],
            "name": "sf-extract-apis-mercado-livre",
            "name_prefix": "",
            "publish": false,
            "revision_id": "91cc092a-dab1-470a-b9e6-a1059be5e8c6",
            "role_arn": "arn:aws:iam::526054848789:role/sf-extract-apis-mercado-livre",
            "state_machine_version_arn": "",
            "status": "ACTIVE",
            "tags": {
              "Name": "sf-extract-apis-mercado-livre"
            },
            "tags_all": {
              "Name": "sf-extract-apis-mercado-livre"
            },
            "timeouts": {
              "create": null,
              "delete": null,
              "update": null
            },
            "tracing_configuration": [
              {
                "enabled": false
              }
            ],
            "type": "STANDARD",
            "version_description": null
          },
          "sensitive_attributes": [],
          "private": "eyJlMmJmYjczMC1lY2FhLTExZTYtOGY4OC0zNDM2M2JjN2M0YzAiOnsiY3JlYXRlIjozMDAwMDAwMDAwMDAsImRlbGV0ZSI6MzAwMDAwMDAwMDAwLCJ1cGRhdGUiOjYwMDAwMDAwMDAwfX0=",
          "dependencies": [
            "data.aws_caller_identity.this",
            "data.aws_ecr_authorization_token.token",
            "data.aws_region.current",
            "module.docker_image_mercado_livre.aws_ecr_repository.this",
            "module.docker_image_mercado_livre.data.aws_caller_identity.this",
            "module.docker_image_mercado_livre.data.aws_region.current",
            "module.docker_image_mercado_livre.docker_image.this",
            "module.docker_image_mercado_livre.docker_registry_image.this",
            "module.lambda_mercado_livre.aws_cloudwatch_log_group.lambda",
            "module.lambda_mercado_livre.aws_iam_policy.additional_inline",
            "module.lambda_mercado_livre.aws_iam_policy.additional_json",
            "module.lambda_mercado_livre.aws_iam_policy.additional_jsons",
            "module.lambda_mercado_livre.aws_iam_policy.async",
            "module.lambda_mercado_livre.aws_iam_policy.dead_letter",
            "module.lambda_mercado_livre.aws_iam_policy.logs",
            "module.lambda_mercado_livre.aws_iam_policy.tracing",
            "module.lambda_mercado_livre.aws_iam_policy.vpc",
            "module.lambda_mercado_livre.aws_iam_role.lambda",
            "module.lambda_mercado_livre.aws_iam_role_policy_attachment.additional_inline",
            "module.lambda_mercado_livre.aws_iam_role_policy_attachment.additional_json",
            "module.lambda_mercado_livre.aws_iam_role_policy_attachment.additional_jsons",
            "module.lambda_mercado_livre.aws_iam_role_policy_attachment.additional_many",
            "module.lambda_mercado_livre.aws_iam_role_policy_attachment.additional_one",
            "module.lambda_mercado_livre.aws_iam_role_policy_attachment.async",
            "module.lambda_mercado_livre.aws_iam_role_policy_attachment.dead_letter",
            "module.lambda_mercado_livre.aws_iam_role_policy_attachment.logs",
            "module.lambda_mercado_livre.aws_iam_role_policy_attachment.tracing",
            "module.lambda_mercado_livre.aws_iam_role_policy_attachment.vpc",
            "module.lambda_mercado_livre.aws_lambda_function.this",
            "module.lambda_mercado_livre.aws_s3_object.lambda_package",
            "module.lambda_mercado_livre.data.aws_arn.log_group_arn",
            "module.lambda_mercado_livre.data.aws_cloudwatch_log_group.lambda",
            "module.lambda_mercado_livre.data.aws_iam_policy.tracing",
            "module.lambda_mercado_livre.data.aws_iam_policy.vpc",
            "module.lambda_mercado_livre.data.aws_iam_policy_document.additional_inline",
            "module.lambda_mercado_livre.data.aws_iam_policy_document.assume_role",
            "module.lambda_mercado_livre.data.aws_iam_policy_document.async",
            "module.lambda_mercado_livre.data.aws_iam_policy_document.dead_letter",
            "module.lambda_mercado_livre.data.aws_iam_policy_document.logs",
            "module.lambda_mercado_livre.data.aws_partition.current",
            "module.lambda_mercado_livre.data.external.archive_prepare",
            "module.lambda_mercado_livre.local_file.archive_plan",
            "module.lambda_mercado_livre.null_resource.archive",
            "module.step_function.aws_cloudwatch_log_group.sfn",
            "module.step_function.aws_iam_role.this",
            "module.step_function.data.aws_cloudwatch_log_group.sfn",
            "module.step_function.data.aws_iam_policy_document.assume_role",
            "module.step_function.data.aws_region.current"
          ]
        }
      ]
    }
  ],
  "check_results": null
}
