{
  "version": 4,
  "terraform_version": "1.5.7",
  "serial": 417,
  "lineage": "f37a54f5-ee15-7652-215d-c85e3fe05816",
  "outputs": {},
  "resources": [
    {
      "mode": "data",
      "type": "aws_caller_identity",
      "name": "this",
      "provider": "provider[\"registry.terraform.io/hashicorp/aws\"]",
      "instances": [
        {
          "schema_version": 0,
          "attributes": {
            "account_id": "526054848789",
            "arn": "arn:aws:sts::526054848789:assumed-role/AWSReservedSSO_AdministratorAccess_eaa146b6dc3a2316/igor.oliveira",
            "id": "526054848789",
            "user_id": "AROAXU62P7EKSOARTWBFI:igor.oliveira"
          },
          "sensitive_attributes": []
        }
      ]
    },
    {
      "mode": "data",
      "type": "aws_ecr_authorization_token",
      "name": "token",
      "provider": "provider[\"registry.terraform.io/hashicorp/aws\"]",
      "instances": [
        {
          "schema_version": 0,
          "attributes": {
            "authorization_token": "QVdTOmV5SndZWGxzYjJGa0lqb2lWWEJ5ZEZnMVprZzNkMHRNZDFWbFVFTkJiMWR1WkVGaFNrUXdLM0JrUm5OVFJqSmphVVZHY3psNWVURlhOMWx5TW1wVE5XWnNVM0IwVTFKbWNsSmxSME51VWtWSFpIUlRUM2RCVTJRMVVUTTFkV3R5U0VWMFFUaG9VbHBqUVZoSVVtMVlZMFkySzBabk5HcDBZbmN5VEZwVGJUVnpkQ3RaZDFWclYxWXplVllyUmtScVNFbHBUMDh5T1ZsamRUaHFhVGt4WTBabGNrWnFZbUZ0UkRCbmJGUTVOamhpTkhaNGN6aFFRVmtyY2xnMk1HMUVaVVpVWW1wNllrVXdTbFUyYzI1NWFHVmljMEpNV21SQkx6Sm5SblZxY0dNNVRXTTNNR0ZpYUcxR1IzVXJiazVrUTIxSGVURXhZWFZ2TmtKc1pHVkNNMkZ4WWpoS05qQjJWMnhWY21WcE9ISlZZMDFNTjA5NVZ6QklNRWRaY0c5dFVrWnBaVFJoUWxNeldWZElhRWRCUmpoNFdUUkZaMHB5YlZaRFlVeHRWRkY2U3pKYVQwcEdMMGxqVWtSSVJGaFRaVkZZYnpsb1FWbHJjRmhFWjJGRGFHaG1SalZOUzJwT2FXODRUMmRaVDA5Q1owdGpXbFI1TW5CU1MzUkZXbU5MUkhkWVNHUkVkR1pzV0VkT2RHOTNaekpUUVVGbVlrUkpMM3BwUzJsT1pVZElPSGhKTVhkbmRsZFhNVkpHY0N0SFpTODVSa1JvWWpWaGVrVndZM3BNYWxGV2FtTTBOVU5WUWtaWFVHUTBWV3BvYWt4dVIzcEZjVE5LZEZOcVpHTlFjSFUwV2s5aFRIRmpjbXBFTlcxdFNpOWliWGgyT0ZobU4wUmxjbFZyYWtabmRFTm9LMFpXTTFnd00yaFBWRVpXTkdoUE5rOVBUVTh3THl0dVFtVk9jV1I2UWxGeE9YWjNUbTV6WlcxQ1VFZ3dXbTkzTkVaVGNGbzJRWEZKUkZkWVdUQkJka2RFT1docFdYaEphRzlaUXpBNFlsTTVVVWh5WjFFd1luUTBWMHhFUzNVNE5pOHZhMDVNTUc1aFZUUmhNM2hCVUc1cmVEbHdObk5zVFdvNVMwTjBTMlJwVEhod00xYzBaRk5ZYWpWaUwyTmlTVlJ5UTJKUlREbFZkMnBTUlVGUE1sbHZTMk5QT1hwS01uRm5OMHQyWlN0SVYweFFkRU5VZDNSRlEycFpTMjA0U1hkVFRXcEdhbUV4Um1SUGJURnVXRlU0UVhwRWRHYzRVbVV6TjNONUt6bE5jMmhqS3pRMVNpOHphRXMwSzJRNVFWUmhRazByV0d4WVpqZGpUVEExY0V4VVdVdG1TV1p3Tms5aWJWaGlMM05OUjI4elNsRnBWbU5yVkRkV1VISjRLMFJUWVdwRVQxTnphM2RYYTNRcmMzTmxiRkZOVVZKSE1GbE1NREowTlhGREwxcHlXREYzUVZwS1ZtNHhSbnBvYmtWU2R6WlBUa1Z3WkV0R1MzbEhkVk5ITVcwME4zZG1PVUUzTVZCTFNUWmtaRUpvYWxneFdXYzVaM2xYV21OaFRHOTRSbWhxTjBOVVNrUTVVemRhYm5WVVlsTlVTa1ZoTWs5R1F6UjBUWFJ1VkdSQ1dYVTRlREZrYVM5c2EyVkNkSFl6TXpob01HcFhWMUJuZFhSM1IxVXpUR2RzU1VGemRGa3lZemhDTW5abk5qa3ZUaXQ1WkdSclVVcDNkalp4WVZCU1F6TTJaWFJoTW5RemNsZ3lURWhNT1hscGFqUjJjbUk1VjBacmQxaFVaR3h3WW5SRVZWQm1TbWh0TUdRM1lTOXdUVk56VlRoRGIwSnhlVEJ3U2pReU5ITTJSR3BZTVUxbFlsRkhXVEpzWlRkclVsUnRNREY0VEd4V2NFWTNVVmRNUkd0T1VXRkNhV1IwWW5Sc2FYQjBha1Z1Ukhsb1VXUktVRTB4WlZGSlJqSXZhRVYzWjJsUGNXUnRNakIwT0hSaVZWZHZSbXRQUWpFdlJERnRSWEI2Y0d4TlpVdEVkbGg2VVZack4xbzFUVmNyT1haTWJuSjVVVE5qYlVoU1ZFeHBaWEZrYzBsSmRDdG5SbEoyTlhSM1lqQkNUMU5aYlZBMlRrTnRTbmR3VUdGU1JraHdWMUZrU0ZFeWRIcEJaMHBvVjJwUmF6Tk9VVWNyWm1kRVVGWm5RV0pRVG5ObVJqbHpZbFJhVEhGaFQzQmFVMjB3YkVWMVoyMVRMMjlxT1RSbFUySm5NMkozVGs5S1YyOUdZMkk1WW1aUk5UUnJPWFV6UWpSRGMxbE9aamxQVmxkNWNrNUVha1ZMU2pnNFFYbDJTMkpRVUc5c01qRXhkVkJJUWxoWU16Qk5SRmxsY1RoT1ExUmtTVEZMTWpseVJHbEpSMEZrWlZRMWQzaGlkelJITTJvdk4yTkxXR1UzYWpWYWNsRkhSVFp5VURZMVQzaFBlbmhWY3owaUxDSmtZWFJoYTJWNUlqb2lRVkZGUWtGSWFqWnNZelJZU1VwM0x6ZHNiakJJWXpBd1JFMWxhelpIUlhoSVEySlpORkpKY0ZSTlEwazFPRWx1VlhkQlFVRklOSGRtUVZsS1MyOWFTV2gyWTA1QlVXTkhiMGM0ZDJKUlNVSkJSRUp2UW1kcmNXaHJhVWM1ZHpCQ1FuZEZkMGhuV1VwWlNWcEpRVmRWUkVKQlJYVk5Ra1ZGUkVkeFUydFlUMk4wYzI5UVVrRnZhbXhuU1VKRlNVRTNiRU5NYjJwdWFqVm9TM1JzV1VJM1dHOXlSVFU0Y0dWU2JWQk9XVVZ5YVZrMUwzUjJNUzlSYUU5TVJrdE1SakpMYUUxcmFXMDRZMGtyWVdVMVNqaElWMk5xU2pCR09FdFFTME5CVVd0WFZUMGlMQ0oyWlhKemFXOXVJam9pTWlJc0luUjVjR1VpT2lKRVFWUkJYMHRGV1NJc0ltVjRjR2x5WVhScGIyNGlPakUyT1RVM016YzNNRFI5",
            "expires_at": "2023-09-26T14:15:04Z",
            "id": "us-west-2",
            "password": "eyJwYXlsb2FkIjoiVXBydFg1Zkg3d0tMd1VlUENBb1duZEFhSkQwK3BkRnNTRjJjaUVGczl5eTFXN1lyMmpTNWZsU3B0U1JmclJlR0NuUkVHZHRTT3dBU2Q1UTM1dWtySEV0QThoUlpjQVhIUm1YY0Y2K0ZnNGp0YncyTFpTbTVzdCtZd1VrV1YzeVYrRkRqSElpT08yOVljdThqaTkxY0ZlckZqYmFtRDBnbFQ5NjhiNHZ4czhQQVkrclg2MG1EZUZUYmp6YkUwSlU2c255aGVic0JMWmRBLzJnRnVqcGM5TWM3MGFiaG1GR3Urbk5kQ21HeTExYXVvNkJsZGVCM2FxYjhKNjB2V2xVcmVpOHJVY01MN095VzBIMEdZcG9tUkZpZTRhQlMzWVdIaEdBRjh4WTRFZ0pybVZDYUxtVFF6SzJaT0pGL0ljUkRIRFhTZVFYbzloQVlrcFhEZ2FDaGhmRjVNS2pOaW84T2dZT09CZ0tjWlR5MnBSS3RFWmNLRHdYSGREdGZsWEdOdG93ZzJTQUFmYkRJL3ppS2lOZUdIOHhJMXdndldXMVJGcCtHZS85RkRoYjVhekVwY3pMalFWamM0NUNVQkZXUGQ0VWpoakxuR3pFcTNKdFNqZGNQcHU0Wk9hTHFjcmpENW1tSi9ibXh2OFhmN0RlclVrakZndENoK0ZWM1gwM2hPVEZWNGhPNk9PTU8wLytuQmVOcWR6QlFxOXZ3Tm5zZW1CUEgwWm93NEZTcFo2QXFJRFdYWTBBdkdEOWhpWXhJaG9ZQzA4YlM5UUhyZ1EwYnQ0V0xES3U4Ni8va05MMG5hVTRhM3hBUG5reDlwNnNsTWo5S0N0S2RpTHhwM1c0ZFNYajViL2NiSVRyQ2JRTDlVd2pSRUFPMllvS2NPOXpKMnFnN0t2ZStIV0xQdENUd3RFQ2pZS204SXdTTWpGamExRmRPbTFuWFU4QXpEdGc4UmUzN3N5KzlNc2hjKzQ1Si8zaEs0K2Q5QVRhQk0rWGxYZjdjTTA1cExUWUtmSWZwNk9ibVhiL3NNR28zSlFpVmNrVDdWUHJ4K0RTYWpET1Nza3dXa3Qrc3NlbFFNUVJHMFlMMDJ0NXFDL1pyWDF3QVpKVm4xRnpobkVSdzZPTkVwZEtGS3lHdVNHMW00N3dmOUE3MVBLSTZkZEJoalgxWWc5Z3lXWmNhTG94RmhqN0NUSkQ5UzdabnVUYlNUSkVhMk9GQzR0TXRuVGRCWXU4eDFkaS9sa2VCdHYzMzhoMGpXV1BndXR3R1UzTGdsSUFzdFkyYzhCMnZnNjkvTit5ZGRrUUp3djZxYVBSQzM2ZXRhMnQzclgyTEhMOXlpajR2cmI5V0Zrd1hUZGxwYnREVVBmSmhtMGQ3YS9wTVNzVThDb0JxeTBwSjQyNHM2RGpYMU1lYlFHWTJsZTdrUlRtMDF4TGxWcEY3UVdMRGtOUWFCaWR0YnRsaXB0akVuRHloUWRKUE0xZVFJRjIvaEV3Z2lPcWRtMjB0OHRiVVdvRmtPQjEvRDFtRXB6cGxNZUtEdlh6UVZrN1o1TVcrOXZMbnJ5UTNjbUhSVExpZXFkc0lJdCtnRlJ2NXR3YjBCT1NZbVA2TkNtSndwUGFSRkhwV1FkSFEydHpBZ0poV2pRazNOUUcrZmdEUFZnQWJQTnNmRjlzYlRaTHFhT3BaU20wbEV1Z21TL29qOTRlU2JnM2J3Tk9KV29GY2I5YmZRNTRrOXUzQjRDc1lOZjlPVld5ck5EakVLSjg4QXl2S2JQUG9sMjExdVBIQlhYMzBNRFllcThOQ1RkSTFLMjlyRGlJR0FkZVQ1d3hidzRHM2ovN2NLWGU3ajVaclFHRTZyUDY1T3hPenhVcz0iLCJkYXRha2V5IjoiQVFFQkFIajZsYzRYSUp3LzdsbjBIYzAwRE1lazZHRXhIQ2JZNFJJcFRNQ0k1OEluVXdBQUFINHdmQVlKS29aSWh2Y05BUWNHb0c4d2JRSUJBREJvQmdrcWhraUc5dzBCQndFd0hnWUpZSVpJQVdVREJBRXVNQkVFREdxU2tYT2N0c29QUkFvamxnSUJFSUE3bENMb2puajVoS3RsWUI3WG9yRTU4cGVSbVBOWUVyaVk1L3R2MS9RaE9MRktMRjJLaE1raW04Y0krYWU1SjhIV2NqSjBGOEtQS0NBUWtXVT0iLCJ2ZXJzaW9uIjoiMiIsInR5cGUiOiJEQVRBX0tFWSIsImV4cGlyYXRpb24iOjE2OTU3Mzc3MDR9",
            "proxy_endpoint": "https://526054848789.dkr.ecr.us-west-2.amazonaws.com",
            "registry_id": null,
            "user_name": "AWS"
          },
          "sensitive_attributes": []
        }
      ]
    },
    {
      "mode": "data",
      "type": "aws_region",
      "name": "current",
      "provider": "provider[\"registry.terraform.io/hashicorp/aws\"]",
      "instances": [
        {
          "schema_version": 0,
          "attributes": {
            "description": "US West (Oregon)",
            "endpoint": "ec2.us-west-2.amazonaws.com",
            "id": "us-west-2",
            "name": "us-west-2"
          },
          "sensitive_attributes": []
        }
      ]
    },
    {
      "module": "module.docker_image_mercado_livre",
      "mode": "data",
      "type": "aws_caller_identity",
      "name": "this",
      "provider": "provider[\"registry.terraform.io/hashicorp/aws\"]",
      "instances": [
        {
          "schema_version": 0,
          "attributes": {
            "account_id": "526054848789",
            "arn": "arn:aws:sts::526054848789:assumed-role/AWSReservedSSO_AdministratorAccess_eaa146b6dc3a2316/igor.oliveira",
            "id": "526054848789",
            "user_id": "AROAXU62P7EKSOARTWBFI:igor.oliveira"
          },
          "sensitive_attributes": []
        }
      ]
    },
    {
      "module": "module.docker_image_mercado_livre",
      "mode": "data",
      "type": "aws_region",
      "name": "current",
      "provider": "provider[\"registry.terraform.io/hashicorp/aws\"]",
      "instances": [
        {
          "schema_version": 0,
          "attributes": {
            "description": "US West (Oregon)",
            "endpoint": "ec2.us-west-2.amazonaws.com",
            "id": "us-west-2",
            "name": "us-west-2"
          },
          "sensitive_attributes": []
        }
      ]
    },
    {
      "module": "module.docker_image_mercado_livre",
      "mode": "managed",
      "type": "aws_ecr_lifecycle_policy",
      "name": "this",
      "provider": "provider[\"registry.terraform.io/hashicorp/aws\"]",
      "instances": [
        {
          "index_key": 0,
          "schema_version": 0,
          "attributes": {
            "id": "extract-apis-mercado-livre",
            "policy": "{\"rules\":[{\"action\":{\"type\":\"expire\"},\"description\":\"Keep only the last 2 images\",\"rulePriority\":1,\"selection\":{\"countNumber\":2,\"countType\":\"imageCountMoreThan\",\"tagStatus\":\"any\"}}]}",
            "registry_id": "526054848789",
            "repository": "extract-apis-mercado-livre"
          },
          "sensitive_attributes": [],
          "private": "bnVsbA==",
          "dependencies": [
            "module.docker_image_mercado_livre.aws_ecr_repository.this"
          ]
        }
      ]
    },
    {
      "module": "module.docker_image_mercado_livre",
      "mode": "managed",
      "type": "aws_ecr_repository",
      "name": "this",
      "provider": "provider[\"registry.terraform.io/hashicorp/aws\"]",
      "instances": [
        {
          "index_key": 0,
          "schema_version": 0,
          "attributes": {
            "arn": "arn:aws:ecr:us-west-2:526054848789:repository/extract-apis-mercado-livre",
            "encryption_configuration": [
              {
                "encryption_type": "AES256",
                "kms_key": ""
              }
            ],
            "force_delete": true,
            "id": "extract-apis-mercado-livre",
            "image_scanning_configuration": [
              {
                "scan_on_push": false
              }
            ],
            "image_tag_mutability": "MUTABLE",
            "name": "extract-apis-mercado-livre",
            "registry_id": "526054848789",
            "repository_url": "526054848789.dkr.ecr.us-west-2.amazonaws.com/extract-apis-mercado-livre",
            "tags": {},
            "tags_all": {},
            "timeouts": null
          },
          "sensitive_attributes": [],
          "private": "eyJlMmJmYjczMC1lY2FhLTExZTYtOGY4OC0zNDM2M2JjN2M0YzAiOnsiZGVsZXRlIjoxMjAwMDAwMDAwMDAwfX0="
        }
      ]
    },
    {
      "module": "module.docker_image_mercado_livre",
      "mode": "managed",
      "type": "docker_image",
      "name": "this",
      "provider": "provider[\"registry.terraform.io/kreuzwerker/docker\"]",
      "instances": [
        {
          "schema_version": 0,
          "attributes": {
            "build": [
              {
                "auth_config": [],
                "build_arg": null,
                "build_args": null,
                "build_id": "",
                "cache_from": [],
                "cgroup_parent": "",
                "context": "mercado-livre",
                "cpu_period": null,
                "cpu_quota": null,
                "cpu_set_cpus": "",
                "cpu_set_mems": "",
                "cpu_shares": null,
                "dockerfile": "Dockerfile",
                "extra_hosts": [],
                "force_remove": null,
                "isolation": "",
                "label": null,
                "labels": null,
                "memory": null,
                "memory_swap": null,
                "network_mode": "",
                "no_cache": null,
                "platform": "linux/amd64",
                "pull_parent": null,
                "remote_context": "",
                "remove": true,
                "security_opt": [],
                "session_id": "",
                "shm_size": null,
                "squash": null,
                "suppress_output": null,
                "tag": [],
                "target": "",
                "ulimit": [],
                "version": ""
              }
            ],
            "force_remove": null,
            "id": "sha256:b109eb1deecb8b51a1abb81b485cd89ae52b5c1ca69d02e4460699c90ad33427526054848789.dkr.ecr.us-west-2.amazonaws.com/extract-apis-mercado-livre:0.5",
            "image_id": "sha256:b109eb1deecb8b51a1abb81b485cd89ae52b5c1ca69d02e4460699c90ad33427",
            "keep_locally": null,
            "name": "526054848789.dkr.ecr.us-west-2.amazonaws.com/extract-apis-mercado-livre:0.5",
            "platform": null,
            "pull_triggers": null,
            "repo_digest": "",
            "triggers": null
          },
          "sensitive_attributes": [],
          "private": "bnVsbA==",
          "dependencies": [
            "data.aws_caller_identity.this",
            "data.aws_ecr_authorization_token.token",
            "data.aws_region.current",
            "module.docker_image_mercado_livre.aws_ecr_repository.this",
            "module.docker_image_mercado_livre.data.aws_caller_identity.this",
            "module.docker_image_mercado_livre.data.aws_region.current"
          ]
        }
      ]
    },
    {
      "module": "module.docker_image_mercado_livre",
      "mode": "managed",
      "type": "docker_registry_image",
      "name": "this",
      "provider": "provider[\"registry.terraform.io/kreuzwerker/docker\"]",
      "instances": [
        {
          "schema_version": 0,
          "attributes": {
            "id": "sha256:a19b805c2a8da478f4d73fc2e290b83a63f777edf20a07a31a34a1791a8bec4c",
            "insecure_skip_verify": false,
            "keep_remotely": false,
            "name": "526054848789.dkr.ecr.us-west-2.amazonaws.com/extract-apis-mercado-livre:0.5",
            "sha256_digest": "sha256:a19b805c2a8da478f4d73fc2e290b83a63f777edf20a07a31a34a1791a8bec4c",
            "triggers": null
          },
          "sensitive_attributes": [],
          "private": "bnVsbA==",
          "dependencies": [
            "data.aws_caller_identity.this",
            "data.aws_ecr_authorization_token.token",
            "data.aws_region.current",
            "module.docker_image_mercado_livre.aws_ecr_repository.this",
            "module.docker_image_mercado_livre.data.aws_caller_identity.this",
            "module.docker_image_mercado_livre.data.aws_region.current",
            "module.docker_image_mercado_livre.docker_image.this"
          ]
        }
      ]
    },
    {
      "module": "module.docker_image_mercado_livre",
      "mode": "managed",
      "type": "null_resource",
      "name": "sam_metadata_docker_registry_image",
      "provider": "provider[\"registry.terraform.io/hashicorp/null\"]",
      "instances": [
        {
          "schema_version": 0,
          "attributes": {
            "id": "5913205191433042428",
            "triggers": {
              "built_image_uri": "526054848789.dkr.ecr.us-west-2.amazonaws.com/extract-apis-mercado-livre:0.5",
              "docker_build_args": "{}",
              "docker_context": "mercado-livre",
              "docker_file": "Dockerfile",
              "docker_tag": "0.5",
              "resource_type": "IMAGE_LAMBDA_FUNCTION"
            }
          },
          "sensitive_attributes": [],
          "dependencies": [
            "data.aws_caller_identity.this",
            "data.aws_ecr_authorization_token.token",
            "data.aws_region.current",
            "module.docker_image_mercado_livre.aws_ecr_repository.this",
            "module.docker_image_mercado_livre.data.aws_caller_identity.this",
            "module.docker_image_mercado_livre.data.aws_region.current",
            "module.docker_image_mercado_livre.docker_image.this",
            "module.docker_image_mercado_livre.docker_registry_image.this"
          ]
        }
      ]
    },
    {
      "module": "module.lambda_mercado_livre",
      "mode": "data",
      "type": "aws_caller_identity",
      "name": "current",
      "provider": "provider[\"registry.terraform.io/hashicorp/aws\"]",
      "instances": [
        {
          "schema_version": 0,
          "attributes": {
            "account_id": "526054848789",
            "arn": "arn:aws:sts::526054848789:assumed-role/AWSReservedSSO_AdministratorAccess_eaa146b6dc3a2316/igor.oliveira",
            "id": "526054848789",
            "user_id": "AROAXU62P7EKSOARTWBFI:igor.oliveira"
          },
          "sensitive_attributes": []
        }
      ]
    },
    {
      "module": "module.lambda_mercado_livre",
      "mode": "data",
      "type": "aws_iam_policy_document",
      "name": "additional_inline",
      "provider": "provider[\"registry.terraform.io/hashicorp/aws\"]",
      "instances": [
        {
          "index_key": 0,
          "schema_version": 0,
          "attributes": {
            "id": "830058119",
            "json": "{\n  \"Version\": \"2012-10-17\",\n  \"Statement\": [\n    {\n      \"Sid\": \"s3\",\n      \"Effect\": \"Allow\",\n      \"Action\": \"s3:*\",\n      \"Resource\": \"*\"\n    }\n  ]\n}",
            "override_policy_documents": null,
            "policy_id": null,
            "source_policy_documents": null,
            "statement": [
              {
                "actions": [
                  "s3:*"
                ],
                "condition": [],
                "effect": "Allow",
                "not_actions": [],
                "not_principals": [],
                "not_resources": [],
                "principals": [],
                "resources": [
                  "*"
                ],
                "sid": "s3"
              }
            ],
            "version": "2012-10-17"
          },
          "sensitive_attributes": []
        }
      ]
    },
    {
      "module": "module.lambda_mercado_livre",
      "mode": "data",
      "type": "aws_iam_policy_document",
      "name": "assume_role",
      "provider": "provider[\"registry.terraform.io/hashicorp/aws\"]",
      "instances": [
        {
          "index_key": 0,
          "schema_version": 0,
          "attributes": {
            "id": "2690255455",
            "json": "{\n  \"Version\": \"2012-10-17\",\n  \"Statement\": [\n    {\n      \"Effect\": \"Allow\",\n      \"Action\": \"sts:AssumeRole\",\n      \"Principal\": {\n        \"Service\": \"lambda.amazonaws.com\"\n      }\n    }\n  ]\n}",
            "override_policy_documents": null,
            "policy_id": null,
            "source_policy_documents": null,
            "statement": [
              {
                "actions": [
                  "sts:AssumeRole"
                ],
                "condition": [],
                "effect": "Allow",
                "not_actions": [],
                "not_principals": [],
                "not_resources": [],
                "principals": [
                  {
                    "identifiers": [
                      "lambda.amazonaws.com"
                    ],
                    "type": "Service"
                  }
                ],
                "resources": [],
                "sid": ""
              }
            ],
            "version": "2012-10-17"
          },
          "sensitive_attributes": []
        }
      ]
    },
    {
      "module": "module.lambda_mercado_livre",
      "mode": "data",
      "type": "aws_iam_policy_document",
      "name": "logs",
      "provider": "provider[\"registry.terraform.io/hashicorp/aws\"]",
      "instances": [
        {
          "index_key": 0,
          "schema_version": 0,
          "attributes": {
            "id": "3757632638",
            "json": "{\n  \"Version\": \"2012-10-17\",\n  \"Statement\": [\n    {\n      \"Effect\": \"Allow\",\n      \"Action\": [\n        \"logs:PutLogEvents\",\n        \"logs:CreateLogStream\",\n        \"logs:CreateLogGroup\"\n      ],\n      \"Resource\": [\n        \"arn:aws:logs:us-west-2:526054848789:log-group:/aws/lambda/extract-apis-mercado-livre:*:*\",\n        \"arn:aws:logs:us-west-2:526054848789:log-group:/aws/lambda/extract-apis-mercado-livre:*\"\n      ]\n    }\n  ]\n}",
            "override_policy_documents": null,
            "policy_id": null,
            "source_policy_documents": null,
            "statement": [
              {
                "actions": [
                  "logs:CreateLogGroup",
                  "logs:CreateLogStream",
                  "logs:PutLogEvents"
                ],
                "condition": [],
                "effect": "Allow",
                "not_actions": [],
                "not_principals": [],
                "not_resources": [],
                "principals": [],
                "resources": [
                  "arn:aws:logs:us-west-2:526054848789:log-group:/aws/lambda/extract-apis-mercado-livre:*",
                  "arn:aws:logs:us-west-2:526054848789:log-group:/aws/lambda/extract-apis-mercado-livre:*:*"
                ],
                "sid": ""
              }
            ],
            "version": "2012-10-17"
          },
          "sensitive_attributes": []
        }
      ]
    },
    {
      "module": "module.lambda_mercado_livre",
      "mode": "data",
      "type": "aws_partition",
      "name": "current",
      "provider": "provider[\"registry.terraform.io/hashicorp/aws\"]",
      "instances": [
        {
          "schema_version": 0,
          "attributes": {
            "dns_suffix": "amazonaws.com",
            "id": "aws",
            "partition": "aws",
            "reverse_dns_prefix": "com.amazonaws"
          },
          "sensitive_attributes": []
        }
      ]
    },
    {
      "module": "module.lambda_mercado_livre",
      "mode": "data",
      "type": "aws_region",
      "name": "current",
      "provider": "provider[\"registry.terraform.io/hashicorp/aws\"]",
      "instances": [
        {
          "schema_version": 0,
          "attributes": {
            "description": "US West (Oregon)",
            "endpoint": "ec2.us-west-2.amazonaws.com",
            "id": "us-west-2",
            "name": "us-west-2"
          },
          "sensitive_attributes": []
        }
      ]
    },
    {
      "module": "module.lambda_mercado_livre",
      "mode": "managed",
      "type": "aws_cloudwatch_log_group",
      "name": "lambda",
      "provider": "provider[\"registry.terraform.io/hashicorp/aws\"]",
      "instances": [
        {
          "index_key": 0,
          "schema_version": 0,
          "attributes": {
            "arn": "arn:aws:logs:us-west-2:526054848789:log-group:/aws/lambda/extract-apis-mercado-livre",
            "id": "/aws/lambda/extract-apis-mercado-livre",
            "kms_key_id": "",
            "name": "/aws/lambda/extract-apis-mercado-livre",
            "name_prefix": "",
            "retention_in_days": 0,
            "skip_destroy": false,
            "tags": {},
            "tags_all": {}
          },
          "sensitive_attributes": [],
          "private": "bnVsbA=="
        }
      ]
    },
    {
      "module": "module.lambda_mercado_livre",
      "mode": "managed",
      "type": "aws_iam_policy",
      "name": "additional_inline",
      "provider": "provider[\"registry.terraform.io/hashicorp/aws\"]",
      "instances": [
        {
          "index_key": 0,
          "schema_version": 0,
          "attributes": {
            "arn": "arn:aws:iam::526054848789:policy/extract-apis-mercado-livre-inline",
            "description": "",
            "id": "arn:aws:iam::526054848789:policy/extract-apis-mercado-livre-inline",
            "name": "extract-apis-mercado-livre-inline",
            "name_prefix": "",
            "path": "/",
            "policy": "{\"Statement\":[{\"Action\":\"s3:*\",\"Effect\":\"Allow\",\"Resource\":\"*\",\"Sid\":\"s3\"}],\"Version\":\"2012-10-17\"}",
            "policy_id": "ANPAXU62P7EKWC4LXDTFV",
            "tags": {},
            "tags_all": {}
          },
          "sensitive_attributes": [],
          "private": "bnVsbA==",
          "dependencies": [
            "module.lambda_mercado_livre.data.aws_iam_policy_document.additional_inline"
          ]
        }
      ]
    },
    {
      "module": "module.lambda_mercado_livre",
      "mode": "managed",
      "type": "aws_iam_policy",
      "name": "logs",
      "provider": "provider[\"registry.terraform.io/hashicorp/aws\"]",
      "instances": [
        {
          "index_key": 0,
          "schema_version": 0,
          "attributes": {
            "arn": "arn:aws:iam::526054848789:policy/extract-apis-mercado-livre-logs",
            "description": "",
            "id": "arn:aws:iam::526054848789:policy/extract-apis-mercado-livre-logs",
            "name": "extract-apis-mercado-livre-logs",
            "name_prefix": "",
            "path": "/",
            "policy": "{\"Statement\":[{\"Action\":[\"logs:PutLogEvents\",\"logs:CreateLogStream\",\"logs:CreateLogGroup\"],\"Effect\":\"Allow\",\"Resource\":[\"arn:aws:logs:us-west-2:526054848789:log-group:/aws/lambda/extract-apis-mercado-livre:*:*\",\"arn:aws:logs:us-west-2:526054848789:log-group:/aws/lambda/extract-apis-mercado-livre:*\"]}],\"Version\":\"2012-10-17\"}",
            "policy_id": "ANPAXU62P7EKRW4H6KBW2",
            "tags": {},
            "tags_all": {}
          },
          "sensitive_attributes": [],
          "private": "bnVsbA==",
          "dependencies": [
            "module.lambda_mercado_livre.aws_cloudwatch_log_group.lambda",
            "module.lambda_mercado_livre.data.aws_arn.log_group_arn",
            "module.lambda_mercado_livre.data.aws_cloudwatch_log_group.lambda",
            "module.lambda_mercado_livre.data.aws_iam_policy_document.logs"
          ]
        }
      ]
    },
    {
      "module": "module.lambda_mercado_livre",
      "mode": "managed",
      "type": "aws_iam_role",
      "name": "lambda",
      "provider": "provider[\"registry.terraform.io/hashicorp/aws\"]",
      "instances": [
        {
          "index_key": 0,
          "schema_version": 0,
          "attributes": {
            "arn": "arn:aws:iam::526054848789:role/extract-apis-mercado-livre",
            "assume_role_policy": "{\"Statement\":[{\"Action\":\"sts:AssumeRole\",\"Effect\":\"Allow\",\"Principal\":{\"Service\":\"lambda.amazonaws.com\"}}],\"Version\":\"2012-10-17\"}",
            "create_date": "2023-09-16T03:25:36Z",
            "description": "",
            "force_detach_policies": true,
            "id": "extract-apis-mercado-livre",
            "inline_policy": [],
            "managed_policy_arns": [
              "arn:aws:iam::526054848789:policy/extract-apis-mercado-livre-inline",
              "arn:aws:iam::526054848789:policy/extract-apis-mercado-livre-logs"
            ],
            "max_session_duration": 3600,
            "name": "extract-apis-mercado-livre",
            "name_prefix": "",
            "path": "/",
            "permissions_boundary": null,
            "tags": {},
            "tags_all": {},
            "unique_id": "AROAXU62P7EKZRS67JGGP"
          },
          "sensitive_attributes": [],
          "private": "bnVsbA==",
          "dependencies": [
            "module.lambda_mercado_livre.data.aws_iam_policy_document.assume_role"
          ]
        }
      ]
    },
    {
      "module": "module.lambda_mercado_livre",
      "mode": "managed",
      "type": "aws_iam_role_policy_attachment",
      "name": "additional_inline",
      "provider": "provider[\"registry.terraform.io/hashicorp/aws\"]",
      "instances": [
        {
          "index_key": 0,
          "schema_version": 0,
          "attributes": {
            "id": "extract-apis-mercado-livre-20230916032537330600000001",
            "policy_arn": "arn:aws:iam::526054848789:policy/extract-apis-mercado-livre-inline",
            "role": "extract-apis-mercado-livre"
          },
          "sensitive_attributes": [],
          "private": "bnVsbA==",
          "dependencies": [
            "module.lambda_mercado_livre.aws_iam_policy.additional_inline",
            "module.lambda_mercado_livre.aws_iam_role.lambda",
            "module.lambda_mercado_livre.data.aws_iam_policy_document.additional_inline",
            "module.lambda_mercado_livre.data.aws_iam_policy_document.assume_role"
          ]
        }
      ]
    },
    {
      "module": "module.lambda_mercado_livre",
      "mode": "managed",
      "type": "aws_iam_role_policy_attachment",
      "name": "logs",
      "provider": "provider[\"registry.terraform.io/hashicorp/aws\"]",
      "instances": [
        {
          "index_key": 0,
          "schema_version": 0,
          "attributes": {
            "id": "extract-apis-mercado-livre-20230916032538428600000002",
            "policy_arn": "arn:aws:iam::526054848789:policy/extract-apis-mercado-livre-logs",
            "role": "extract-apis-mercado-livre"
          },
          "sensitive_attributes": [],
          "private": "bnVsbA==",
          "dependencies": [
            "module.lambda_mercado_livre.aws_cloudwatch_log_group.lambda",
            "module.lambda_mercado_livre.aws_iam_policy.logs",
            "module.lambda_mercado_livre.aws_iam_role.lambda",
            "module.lambda_mercado_livre.data.aws_arn.log_group_arn",
            "module.lambda_mercado_livre.data.aws_cloudwatch_log_group.lambda",
            "module.lambda_mercado_livre.data.aws_iam_policy_document.assume_role",
            "module.lambda_mercado_livre.data.aws_iam_policy_document.logs"
          ]
        }
      ]
    },
    {
      "module": "module.lambda_mercado_livre",
      "mode": "managed",
      "type": "aws_lambda_function",
      "name": "this",
      "provider": "provider[\"registry.terraform.io/hashicorp/aws\"]",
      "instances": [
        {
          "index_key": 0,
          "schema_version": 0,
          "attributes": {
            "architectures": [
              "x86_64"
            ],
            "arn": "arn:aws:lambda:us-west-2:526054848789:function:extract-apis-mercado-livre",
            "code_signing_config_arn": "",
            "dead_letter_config": [],
            "description": "My awesome lambda function",
            "environment": [
              {
                "variables": {
                  "BUCKET_NAME": "extract-apis-raw"
                }
              }
            ],
            "ephemeral_storage": [
              {
                "size": 512
              }
            ],
            "file_system_config": [],
            "filename": null,
            "function_name": "extract-apis-mercado-livre",
            "handler": "",
            "id": "extract-apis-mercado-livre",
            "image_config": [],
            "image_uri": "526054848789.dkr.ecr.us-west-2.amazonaws.com/extract-apis-mercado-livre:0.5",
            "invoke_arn": "arn:aws:apigateway:us-west-2:lambda:path/2015-03-31/functions/arn:aws:lambda:us-west-2:526054848789:function:extract-apis-mercado-livre/invocations",
            "kms_key_arn": "",
            "last_modified": "2023-09-26T02:19:26.000+0000",
            "layers": [],
            "memory_size": 1024,
            "package_type": "Image",
            "publish": false,
            "qualified_arn": "arn:aws:lambda:us-west-2:526054848789:function:extract-apis-mercado-livre:$LATEST",
            "qualified_invoke_arn": "arn:aws:apigateway:us-west-2:lambda:path/2015-03-31/functions/arn:aws:lambda:us-west-2:526054848789:function:extract-apis-mercado-livre:$LATEST/invocations",
            "replace_security_groups_on_destroy": null,
            "replacement_security_group_ids": null,
            "reserved_concurrent_executions": -1,
            "role": "arn:aws:iam::526054848789:role/extract-apis-mercado-livre",
            "runtime": "",
            "s3_bucket": null,
            "s3_key": null,
            "s3_object_version": null,
            "signing_job_arn": "",
            "signing_profile_version_arn": "",
            "skip_destroy": false,
            "snap_start": [],
            "source_code_hash": "a19b805c2a8da478f4d73fc2e290b83a63f777edf20a07a31a34a1791a8bec4c",
            "source_code_size": 0,
            "tags": {},
            "tags_all": {},
            "timeout": 60,
            "timeouts": null,
            "tracing_config": [
              {
                "mode": "PassThrough"
              }
            ],
            "version": "$LATEST",
            "vpc_config": []
          },
          "sensitive_attributes": [],
          "private": "eyJlMmJmYjczMC1lY2FhLTExZTYtOGY4OC0zNDM2M2JjN2M0YzAiOnsiY3JlYXRlIjo2MDAwMDAwMDAwMDAsImRlbGV0ZSI6NjAwMDAwMDAwMDAwLCJ1cGRhdGUiOjYwMDAwMDAwMDAwMH19",
          "dependencies": [
            "data.aws_caller_identity.this",
            "data.aws_ecr_authorization_token.token",
            "data.aws_region.current",
            "module.docker_image_mercado_livre.aws_ecr_repository.this",
            "module.docker_image_mercado_livre.data.aws_caller_identity.this",
            "module.docker_image_mercado_livre.data.aws_region.current",
            "module.docker_image_mercado_livre.docker_image.this",
            "module.docker_image_mercado_livre.docker_registry_image.this",
            "module.lambda_mercado_livre.aws_cloudwatch_log_group.lambda",
            "module.lambda_mercado_livre.aws_iam_role.lambda",
            "module.lambda_mercado_livre.aws_iam_role_policy_attachment.additional_inline",
            "module.lambda_mercado_livre.aws_iam_role_policy_attachment.additional_json",
            "module.lambda_mercado_livre.aws_iam_role_policy_attachment.additional_jsons",
            "module.lambda_mercado_livre.aws_iam_role_policy_attachment.additional_many",
            "module.lambda_mercado_livre.aws_iam_role_policy_attachment.additional_one",
            "module.lambda_mercado_livre.aws_iam_role_policy_attachment.async",
            "module.lambda_mercado_livre.aws_iam_role_policy_attachment.dead_letter",
            "module.lambda_mercado_livre.aws_iam_role_policy_attachment.logs",
            "module.lambda_mercado_livre.aws_iam_role_policy_attachment.tracing",
            "module.lambda_mercado_livre.aws_iam_role_policy_attachment.vpc",
            "module.lambda_mercado_livre.aws_s3_object.lambda_package",
            "module.lambda_mercado_livre.data.external.archive_prepare",
            "module.lambda_mercado_livre.null_resource.archive",
            "module.s3_bucket.aws_s3_bucket.this",
            "module.s3_bucket.aws_s3_bucket_policy.this"
          ]
        }
      ]
    },
    {
      "module": "module.s3_bucket",
      "mode": "data",
      "type": "aws_caller_identity",
      "name": "current",
      "provider": "provider[\"registry.terraform.io/hashicorp/aws\"]",
      "instances": [
        {
          "schema_version": 0,
          "attributes": {
            "account_id": "526054848789",
            "arn": "arn:aws:sts::526054848789:assumed-role/AWSReservedSSO_AdministratorAccess_eaa146b6dc3a2316/igor.oliveira",
            "id": "526054848789",
            "user_id": "AROAXU62P7EKSOARTWBFI:igor.oliveira"
          },
          "sensitive_attributes": []
        }
      ]
    },
    {
      "module": "module.s3_bucket",
      "mode": "data",
      "type": "aws_partition",
      "name": "current",
      "provider": "provider[\"registry.terraform.io/hashicorp/aws\"]",
      "instances": [
        {
          "schema_version": 0,
          "attributes": {
            "dns_suffix": "amazonaws.com",
            "id": "aws",
            "partition": "aws",
            "reverse_dns_prefix": "com.amazonaws"
          },
          "sensitive_attributes": []
        }
      ]
    },
    {
      "module": "module.s3_bucket",
      "mode": "data",
      "type": "aws_region",
      "name": "current",
      "provider": "provider[\"registry.terraform.io/hashicorp/aws\"]",
      "instances": [
        {
          "schema_version": 0,
          "attributes": {
            "description": "US West (Oregon)",
            "endpoint": "ec2.us-west-2.amazonaws.com",
            "id": "us-west-2",
            "name": "us-west-2"
          },
          "sensitive_attributes": []
        }
      ]
    },
    {
      "module": "module.s3_bucket",
      "mode": "managed",
      "type": "aws_s3_bucket",
      "name": "this",
      "provider": "provider[\"registry.terraform.io/hashicorp/aws\"]",
      "instances": [
        {
          "index_key": 0,
          "schema_version": 0,
          "attributes": {
            "acceleration_status": "",
            "acl": null,
            "arn": "arn:aws:s3:::extract-apis-raw",
            "bucket": "extract-apis-raw",
            "bucket_domain_name": "extract-apis-raw.s3.amazonaws.com",
            "bucket_prefix": "",
            "bucket_regional_domain_name": "extract-apis-raw.s3.us-west-2.amazonaws.com",
            "cors_rule": [],
            "force_destroy": false,
            "grant": [
              {
                "id": "2c833cfd6303524b381e113a5fa4dc4d6d4f91bc12fe9e0d857320586c4eaeaa",
                "permissions": [
                  "FULL_CONTROL"
                ],
                "type": "CanonicalUser",
                "uri": ""
              }
            ],
            "hosted_zone_id": "Z3BJ6K6RIION7M",
            "id": "extract-apis-raw",
            "lifecycle_rule": [],
            "logging": [],
            "object_lock_configuration": [],
            "object_lock_enabled": false,
            "policy": "",
            "region": "us-west-2",
            "replication_configuration": [],
            "request_payer": "BucketOwner",
            "server_side_encryption_configuration": [
              {
                "rule": [
                  {
                    "apply_server_side_encryption_by_default": [
                      {
                        "kms_master_key_id": "",
                        "sse_algorithm": "AES256"
                      }
                    ],
                    "bucket_key_enabled": false
                  }
                ]
              }
            ],
            "tags": {},
            "tags_all": {},
            "timeouts": null,
            "versioning": [
              {
                "enabled": false,
                "mfa_delete": false
              }
            ],
            "website": [],
            "website_domain": null,
            "website_endpoint": null
          },
          "sensitive_attributes": [],
          "private": "eyJlMmJmYjczMC1lY2FhLTExZTYtOGY4OC0zNDM2M2JjN2M0YzAiOnsiY3JlYXRlIjoxMjAwMDAwMDAwMDAwLCJkZWxldGUiOjM2MDAwMDAwMDAwMDAsInJlYWQiOjEyMDAwMDAwMDAwMDAsInVwZGF0ZSI6MTIwMDAwMDAwMDAwMH19"
        }
      ]
    },
    {
      "module": "module.s3_bucket",
      "mode": "managed",
      "type": "aws_s3_bucket_public_access_block",
      "name": "this",
      "provider": "provider[\"registry.terraform.io/hashicorp/aws\"]",
      "instances": [
        {
          "index_key": 0,
          "schema_version": 0,
          "attributes": {
            "block_public_acls": true,
            "block_public_policy": true,
            "bucket": "extract-apis-raw",
            "id": "extract-apis-raw",
            "ignore_public_acls": true,
            "restrict_public_buckets": true
          },
          "sensitive_attributes": [],
          "private": "bnVsbA==",
          "dependencies": [
            "module.s3_bucket.aws_s3_bucket.this"
          ]
        }
      ]
    },
    {
      "module": "module.step_function",
      "mode": "data",
      "type": "aws_caller_identity",
      "name": "current",
      "provider": "provider[\"registry.terraform.io/hashicorp/aws\"]",
      "instances": [
        {
          "schema_version": 0,
          "attributes": {
            "account_id": "526054848789",
            "arn": "arn:aws:sts::526054848789:assumed-role/AWSReservedSSO_AdministratorAccess_eaa146b6dc3a2316/igor.oliveira",
            "id": "526054848789",
            "user_id": "AROAXU62P7EKSOARTWBFI:igor.oliveira"
          },
          "sensitive_attributes": []
        }
      ]
    },
    {
      "module": "module.step_function",
      "mode": "data",
      "type": "aws_iam_policy_document",
      "name": "assume_role",
      "provider": "provider[\"registry.terraform.io/hashicorp/aws\"]",
      "instances": [
        {
          "index_key": 0,
          "schema_version": 0,
          "attributes": {
            "id": "427396675",
            "json": "{\n  \"Version\": \"2012-10-17\",\n  \"Statement\": [\n    {\n      \"Effect\": \"Allow\",\n      \"Action\": \"sts:AssumeRole\",\n      \"Principal\": {\n        \"Service\": \"states.us-west-2.amazonaws.com\"\n      }\n    }\n  ]\n}",
            "override_policy_documents": null,
            "policy_id": null,
            "source_policy_documents": null,
            "statement": [
              {
                "actions": [
                  "sts:AssumeRole"
                ],
                "condition": [],
                "effect": "Allow",
                "not_actions": [],
                "not_principals": [],
                "not_resources": [],
                "principals": [
                  {
                    "identifiers": [
                      "states.us-west-2.amazonaws.com"
                    ],
                    "type": "Service"
                  }
                ],
                "resources": [],
                "sid": ""
              }
            ],
            "version": "2012-10-17"
          },
          "sensitive_attributes": []
        }
      ]
    },
    {
      "module": "module.step_function",
      "mode": "data",
      "type": "aws_iam_policy_document",
      "name": "logs",
      "provider": "provider[\"registry.terraform.io/hashicorp/aws\"]",
      "instances": [
        {
          "index_key": 0,
          "schema_version": 0,
          "attributes": {
            "id": "2981584126",
            "json": "{\n  \"Version\": \"2012-10-17\",\n  \"Statement\": [\n    {\n      \"Effect\": \"Allow\",\n      \"Action\": [\n        \"logs:UpdateLogDelivery\",\n        \"logs:PutResourcePolicy\",\n        \"logs:ListLogDeliveries\",\n        \"logs:GetLogDelivery\",\n        \"logs:DescribeResourcePolicies\",\n        \"logs:DescribeLogGroups\",\n        \"logs:DeleteLogDelivery\",\n        \"logs:CreateLogDelivery\"\n      ],\n      \"Resource\": \"*\"\n    }\n  ]\n}",
            "override_policy_documents": null,
            "policy_id": null,
            "source_policy_documents": null,
            "statement": [
              {
                "actions": [
                  "logs:CreateLogDelivery",
                  "logs:DeleteLogDelivery",
                  "logs:DescribeLogGroups",
                  "logs:DescribeResourcePolicies",
                  "logs:GetLogDelivery",
                  "logs:ListLogDeliveries",
                  "logs:PutResourcePolicy",
                  "logs:UpdateLogDelivery"
                ],
                "condition": [],
                "effect": "Allow",
                "not_actions": [],
                "not_principals": [],
                "not_resources": [],
                "principals": [],
                "resources": [
                  "*"
                ],
                "sid": ""
              }
            ],
            "version": "2012-10-17"
          },
          "sensitive_attributes": []
        }
      ]
    },
    {
      "module": "module.step_function",
      "mode": "data",
      "type": "aws_iam_policy_document",
      "name": "service",
      "provider": "provider[\"registry.terraform.io/hashicorp/aws\"]",
      "instances": [
        {
          "index_key": "lambda",
          "schema_version": 0,
          "attributes": {
            "id": "3361428682",
            "json": "{\n  \"Version\": \"2012-10-17\",\n  \"Statement\": [\n    {\n      \"Sid\": \"lambdaLambda\",\n      \"Effect\": \"Allow\",\n      \"Action\": \"lambda:InvokeFunction\",\n      \"Resource\": [\n        \"arn:aws:lambda:us-west-2:526054848789:function:extract-apis-mercado-livre:*\",\n        \"arn:aws:lambda:us-west-2:526054848789:function:extract-apis-mercado-livre\"\n      ]\n    }\n  ]\n}",
            "override_policy_documents": null,
            "policy_id": null,
            "source_policy_documents": null,
            "statement": [
              {
                "actions": [
                  "lambda:InvokeFunction"
                ],
                "condition": [],
                "effect": "Allow",
                "not_actions": [],
                "not_principals": [],
                "not_resources": [],
                "principals": [],
                "resources": [
                  "arn:aws:lambda:us-west-2:526054848789:function:extract-apis-mercado-livre",
                  "arn:aws:lambda:us-west-2:526054848789:function:extract-apis-mercado-livre:*"
                ],
                "sid": "lambdaLambda"
              }
            ],
            "version": "2012-10-17"
          },
          "sensitive_attributes": []
        }
      ]
    },
    {
      "module": "module.step_function",
      "mode": "data",
      "type": "aws_region",
      "name": "current",
      "provider": "provider[\"registry.terraform.io/hashicorp/aws\"]",
      "instances": [
        {
          "index_key": 0,
          "schema_version": 0,
          "attributes": {
            "description": "US West (Oregon)",
            "endpoint": "ec2.us-west-2.amazonaws.com",
            "id": "us-west-2",
            "name": "us-west-2"
          },
          "sensitive_attributes": []
        }
      ]
    },
    {
      "module": "module.step_function",
      "mode": "managed",
      "type": "aws_cloudwatch_log_group",
      "name": "sfn",
      "provider": "provider[\"registry.terraform.io/hashicorp/aws\"]",
      "instances": [
        {
          "index_key": 0,
          "schema_version": 0,
          "attributes": {
            "arn": "arn:aws:logs:us-west-2:526054848789:log-group:/aws/vendedlogs/states/sf-extract-apis-mercado-livre",
            "id": "/aws/vendedlogs/states/sf-extract-apis-mercado-livre",
            "kms_key_id": "",
            "name": "/aws/vendedlogs/states/sf-extract-apis-mercado-livre",
            "name_prefix": "",
            "retention_in_days": 0,
            "skip_destroy": false,
            "tags": {},
            "tags_all": {}
          },
          "sensitive_attributes": [],
          "private": "bnVsbA=="
        }
      ]
    },
    {
      "module": "module.step_function",
      "mode": "managed",
      "type": "aws_iam_policy",
      "name": "logs",
      "provider": "provider[\"registry.terraform.io/hashicorp/aws\"]",
      "instances": [
        {
          "index_key": 0,
          "schema_version": 0,
          "attributes": {
            "arn": "arn:aws:iam::526054848789:policy/sf-extract-apis-mercado-livre-logs",
            "description": "",
            "id": "arn:aws:iam::526054848789:policy/sf-extract-apis-mercado-livre-logs",
            "name": "sf-extract-apis-mercado-livre-logs",
            "name_prefix": "",
            "path": "/",
            "policy": "{\"Statement\":[{\"Action\":[\"logs:UpdateLogDelivery\",\"logs:PutResourcePolicy\",\"logs:ListLogDeliveries\",\"logs:GetLogDelivery\",\"logs:DescribeResourcePolicies\",\"logs:DescribeLogGroups\",\"logs:DeleteLogDelivery\",\"logs:CreateLogDelivery\"],\"Effect\":\"Allow\",\"Resource\":\"*\"}],\"Version\":\"2012-10-17\"}",
            "policy_id": "ANPAXU62P7EK423JU2NIU",
            "tags": {},
            "tags_all": {}
          },
          "sensitive_attributes": [],
          "private": "bnVsbA==",
          "dependencies": [
            "module.step_function.data.aws_iam_policy_document.logs"
          ]
        }
      ]
    },
    {
      "module": "module.step_function",
      "mode": "managed",
      "type": "aws_iam_policy",
      "name": "service",
      "provider": "provider[\"registry.terraform.io/hashicorp/aws\"]",
      "instances": [
        {
          "index_key": "lambda",
          "schema_version": 0,
          "attributes": {
            "arn": "arn:aws:iam::526054848789:policy/sf-extract-apis-mercado-livre-lambda",
            "description": "",
            "id": "arn:aws:iam::526054848789:policy/sf-extract-apis-mercado-livre-lambda",
            "name": "sf-extract-apis-mercado-livre-lambda",
            "name_prefix": "",
            "path": "/",
            "policy": "{\"Statement\":[{\"Action\":\"lambda:InvokeFunction\",\"Effect\":\"Allow\",\"Resource\":[\"arn:aws:lambda:us-west-2:526054848789:function:extract-apis-mercado-livre:*\",\"arn:aws:lambda:us-west-2:526054848789:function:extract-apis-mercado-livre\"],\"Sid\":\"lambdaLambda\"}],\"Version\":\"2012-10-17\"}",
            "policy_id": "ANPAXU62P7EK5GBLDWCDQ",
            "tags": {},
            "tags_all": {}
          },
          "sensitive_attributes": [],
          "private": "bnVsbA==",
          "dependencies": [
            "data.aws_caller_identity.this",
            "data.aws_ecr_authorization_token.token",
            "data.aws_region.current",
            "module.docker_image_mercado_livre.aws_ecr_repository.this",
            "module.docker_image_mercado_livre.data.aws_caller_identity.this",
            "module.docker_image_mercado_livre.data.aws_region.current",
            "module.docker_image_mercado_livre.docker_image.this",
            "module.docker_image_mercado_livre.docker_registry_image.this",
            "module.lambda_mercado_livre.aws_cloudwatch_log_group.lambda",
            "module.lambda_mercado_livre.aws_iam_policy.additional_inline",
            "module.lambda_mercado_livre.aws_iam_policy.additional_json",
            "module.lambda_mercado_livre.aws_iam_policy.additional_jsons",
            "module.lambda_mercado_livre.aws_iam_policy.async",
            "module.lambda_mercado_livre.aws_iam_policy.dead_letter",
            "module.lambda_mercado_livre.aws_iam_policy.logs",
            "module.lambda_mercado_livre.aws_iam_policy.tracing",
            "module.lambda_mercado_livre.aws_iam_policy.vpc",
            "module.lambda_mercado_livre.aws_iam_role.lambda",
            "module.lambda_mercado_livre.aws_iam_role_policy_attachment.additional_inline",
            "module.lambda_mercado_livre.aws_iam_role_policy_attachment.additional_json",
            "module.lambda_mercado_livre.aws_iam_role_policy_attachment.additional_jsons",
            "module.lambda_mercado_livre.aws_iam_role_policy_attachment.additional_many",
            "module.lambda_mercado_livre.aws_iam_role_policy_attachment.additional_one",
            "module.lambda_mercado_livre.aws_iam_role_policy_attachment.async",
            "module.lambda_mercado_livre.aws_iam_role_policy_attachment.dead_letter",
            "module.lambda_mercado_livre.aws_iam_role_policy_attachment.logs",
            "module.lambda_mercado_livre.aws_iam_role_policy_attachment.tracing",
            "module.lambda_mercado_livre.aws_iam_role_policy_attachment.vpc",
            "module.lambda_mercado_livre.aws_lambda_function.this",
            "module.lambda_mercado_livre.aws_s3_object.lambda_package",
            "module.lambda_mercado_livre.data.aws_arn.log_group_arn",
            "module.lambda_mercado_livre.data.aws_cloudwatch_log_group.lambda",
            "module.lambda_mercado_livre.data.aws_iam_policy.tracing",
            "module.lambda_mercado_livre.data.aws_iam_policy.vpc",
            "module.lambda_mercado_livre.data.aws_iam_policy_document.additional_inline",
            "module.lambda_mercado_livre.data.aws_iam_policy_document.assume_role",
            "module.lambda_mercado_livre.data.aws_iam_policy_document.async",
            "module.lambda_mercado_livre.data.aws_iam_policy_document.dead_letter",
            "module.lambda_mercado_livre.data.aws_iam_policy_document.logs",
            "module.lambda_mercado_livre.data.aws_partition.current",
            "module.lambda_mercado_livre.data.external.archive_prepare",
            "module.lambda_mercado_livre.local_file.archive_plan",
            "module.lambda_mercado_livre.null_resource.archive",
            "module.s3_bucket.aws_s3_bucket.this",
            "module.s3_bucket.aws_s3_bucket_policy.this",
            "module.s3_bucket.aws_s3_bucket_public_access_block.this",
            "module.s3_bucket.data.aws_caller_identity.current",
            "module.s3_bucket.data.aws_iam_policy_document.access_log_delivery",
            "module.s3_bucket.data.aws_iam_policy_document.combined",
            "module.s3_bucket.data.aws_iam_policy_document.deny_incorrect_encryption_headers",
            "module.s3_bucket.data.aws_iam_policy_document.deny_incorrect_kms_key_sse",
            "module.s3_bucket.data.aws_iam_policy_document.deny_insecure_transport",
            "module.s3_bucket.data.aws_iam_policy_document.deny_unencrypted_object_uploads",
            "module.s3_bucket.data.aws_iam_policy_document.elb_log_delivery",
            "module.s3_bucket.data.aws_iam_policy_document.inventory_and_analytics_destination_policy",
            "module.s3_bucket.data.aws_iam_policy_document.lb_log_delivery",
            "module.s3_bucket.data.aws_iam_policy_document.require_latest_tls",
            "module.s3_bucket.data.aws_partition.current",
            "module.s3_bucket.data.aws_region.current",
            "module.step_function.data.aws_caller_identity.current",
            "module.step_function.data.aws_iam_policy_document.service",
            "module.step_function.data.aws_region.current"
          ]
        }
      ]
    },
    {
      "module": "module.step_function",
      "mode": "managed",
      "type": "aws_iam_policy_attachment",
      "name": "logs",
      "provider": "provider[\"registry.terraform.io/hashicorp/aws\"]",
      "instances": [
        {
          "index_key": 0,
          "schema_version": 0,
          "attributes": {
            "groups": [],
            "id": "sf-extract-apis-mercado-livre-logs",
            "name": "sf-extract-apis-mercado-livre-logs",
            "policy_arn": "arn:aws:iam::526054848789:policy/sf-extract-apis-mercado-livre-logs",
            "roles": [
              "sf-extract-apis-mercado-livre"
            ],
            "users": []
          },
          "sensitive_attributes": [],
          "private": "bnVsbA==",
          "dependencies": [
            "module.step_function.aws_iam_policy.logs",
            "module.step_function.aws_iam_role.this",
            "module.step_function.data.aws_iam_policy_document.assume_role",
            "module.step_function.data.aws_iam_policy_document.logs",
            "module.step_function.data.aws_region.current"
          ]
        }
      ]
    },
    {
      "module": "module.step_function",
      "mode": "managed",
      "type": "aws_iam_policy_attachment",
      "name": "service",
      "provider": "provider[\"registry.terraform.io/hashicorp/aws\"]",
      "instances": [
        {
          "index_key": "lambda",
          "schema_version": 0,
          "attributes": {
            "groups": [],
            "id": "sf-extract-apis-mercado-livre-lambda",
            "name": "sf-extract-apis-mercado-livre-lambda",
            "policy_arn": "arn:aws:iam::526054848789:policy/sf-extract-apis-mercado-livre-lambda",
            "roles": [
              "sf-extract-apis-mercado-livre"
            ],
            "users": []
          },
          "sensitive_attributes": [],
          "private": "bnVsbA==",
          "dependencies": [
            "data.aws_caller_identity.this",
            "data.aws_ecr_authorization_token.token",
            "data.aws_region.current",
            "module.docker_image_mercado_livre.aws_ecr_repository.this",
            "module.docker_image_mercado_livre.data.aws_caller_identity.this",
            "module.docker_image_mercado_livre.data.aws_region.current",
            "module.docker_image_mercado_livre.docker_image.this",
            "module.docker_image_mercado_livre.docker_registry_image.this",
            "module.lambda_mercado_livre.aws_cloudwatch_log_group.lambda",
            "module.lambda_mercado_livre.aws_iam_policy.additional_inline",
            "module.lambda_mercado_livre.aws_iam_policy.additional_json",
            "module.lambda_mercado_livre.aws_iam_policy.additional_jsons",
            "module.lambda_mercado_livre.aws_iam_policy.async",
            "module.lambda_mercado_livre.aws_iam_policy.dead_letter",
            "module.lambda_mercado_livre.aws_iam_policy.logs",
            "module.lambda_mercado_livre.aws_iam_policy.tracing",
            "module.lambda_mercado_livre.aws_iam_policy.vpc",
            "module.lambda_mercado_livre.aws_iam_role.lambda",
            "module.lambda_mercado_livre.aws_iam_role_policy_attachment.additional_inline",
            "module.lambda_mercado_livre.aws_iam_role_policy_attachment.additional_json",
            "module.lambda_mercado_livre.aws_iam_role_policy_attachment.additional_jsons",
            "module.lambda_mercado_livre.aws_iam_role_policy_attachment.additional_many",
            "module.lambda_mercado_livre.aws_iam_role_policy_attachment.additional_one",
            "module.lambda_mercado_livre.aws_iam_role_policy_attachment.async",
            "module.lambda_mercado_livre.aws_iam_role_policy_attachment.dead_letter",
            "module.lambda_mercado_livre.aws_iam_role_policy_attachment.logs",
            "module.lambda_mercado_livre.aws_iam_role_policy_attachment.tracing",
            "module.lambda_mercado_livre.aws_iam_role_policy_attachment.vpc",
            "module.lambda_mercado_livre.aws_lambda_function.this",
            "module.lambda_mercado_livre.aws_s3_object.lambda_package",
            "module.lambda_mercado_livre.data.aws_arn.log_group_arn",
            "module.lambda_mercado_livre.data.aws_cloudwatch_log_group.lambda",
            "module.lambda_mercado_livre.data.aws_iam_policy.tracing",
            "module.lambda_mercado_livre.data.aws_iam_policy.vpc",
            "module.lambda_mercado_livre.data.aws_iam_policy_document.additional_inline",
            "module.lambda_mercado_livre.data.aws_iam_policy_document.assume_role",
            "module.lambda_mercado_livre.data.aws_iam_policy_document.async",
            "module.lambda_mercado_livre.data.aws_iam_policy_document.dead_letter",
            "module.lambda_mercado_livre.data.aws_iam_policy_document.logs",
            "module.lambda_mercado_livre.data.aws_partition.current",
            "module.lambda_mercado_livre.data.external.archive_prepare",
            "module.lambda_mercado_livre.local_file.archive_plan",
            "module.lambda_mercado_livre.null_resource.archive",
            "module.s3_bucket.aws_s3_bucket.this",
            "module.s3_bucket.aws_s3_bucket_policy.this",
            "module.s3_bucket.aws_s3_bucket_public_access_block.this",
            "module.s3_bucket.data.aws_caller_identity.current",
            "module.s3_bucket.data.aws_iam_policy_document.access_log_delivery",
            "module.s3_bucket.data.aws_iam_policy_document.combined",
            "module.s3_bucket.data.aws_iam_policy_document.deny_incorrect_encryption_headers",
            "module.s3_bucket.data.aws_iam_policy_document.deny_incorrect_kms_key_sse",
            "module.s3_bucket.data.aws_iam_policy_document.deny_insecure_transport",
            "module.s3_bucket.data.aws_iam_policy_document.deny_unencrypted_object_uploads",
            "module.s3_bucket.data.aws_iam_policy_document.elb_log_delivery",
            "module.s3_bucket.data.aws_iam_policy_document.inventory_and_analytics_destination_policy",
            "module.s3_bucket.data.aws_iam_policy_document.lb_log_delivery",
            "module.s3_bucket.data.aws_iam_policy_document.require_latest_tls",
            "module.s3_bucket.data.aws_partition.current",
            "module.s3_bucket.data.aws_region.current",
            "module.step_function.aws_iam_policy.service",
            "module.step_function.aws_iam_role.this",
            "module.step_function.data.aws_caller_identity.current",
            "module.step_function.data.aws_iam_policy_document.assume_role",
            "module.step_function.data.aws_iam_policy_document.service",
            "module.step_function.data.aws_region.current"
          ]
        }
      ]
    },
    {
      "module": "module.step_function",
      "mode": "managed",
      "type": "aws_iam_role",
      "name": "this",
      "provider": "provider[\"registry.terraform.io/hashicorp/aws\"]",
      "instances": [
        {
          "index_key": 0,
          "schema_version": 0,
          "attributes": {
            "arn": "arn:aws:iam::526054848789:role/sf-extract-apis-mercado-livre",
            "assume_role_policy": "{\"Statement\":[{\"Action\":\"sts:AssumeRole\",\"Effect\":\"Allow\",\"Principal\":{\"Service\":\"states.us-west-2.amazonaws.com\"}}],\"Version\":\"2012-10-17\"}",
            "create_date": "2023-09-16T03:23:53Z",
            "description": "",
            "force_detach_policies": true,
            "id": "sf-extract-apis-mercado-livre",
            "inline_policy": [],
            "managed_policy_arns": [
              "arn:aws:iam::526054848789:policy/sf-extract-apis-mercado-livre-lambda",
              "arn:aws:iam::526054848789:policy/sf-extract-apis-mercado-livre-logs"
            ],
            "max_session_duration": 3600,
            "name": "sf-extract-apis-mercado-livre",
            "name_prefix": "",
            "path": "/",
            "permissions_boundary": null,
            "tags": {},
            "tags_all": {},
            "unique_id": "AROAXU62P7EKWR2RKEZ65"
          },
          "sensitive_attributes": [],
          "private": "bnVsbA==",
          "dependencies": [
            "module.step_function.data.aws_iam_policy_document.assume_role",
            "module.step_function.data.aws_region.current"
          ]
        }
      ]
    },
    {
      "module": "module.step_function",
      "mode": "managed",
      "type": "aws_sfn_state_machine",
      "name": "this",
      "provider": "provider[\"registry.terraform.io/hashicorp/aws\"]",
      "instances": [
        {
          "index_key": 0,
          "schema_version": 0,
          "attributes": {
            "arn": "arn:aws:states:us-west-2:526054848789:stateMachine:sf-extract-apis-mercado-livre",
            "creation_date": "2023-09-16T03:25:13Z",
            "definition": "{\n    \"Comment\": \"Mercado Livre Flow\",\n    \"StartAt\": \"Get Mercado Livre Items\",\n    \"States\": {\n      \"Get Mercado Livre Items\": {\n        \"Type\": \"Task\",\n        \"Resource\": \"arn:aws:states:::lambda:invoke\",\n        \"OutputPath\": \"$.Payload\",\n        \"Parameters\": {\n          \"Payload.$\": \"$\",\n          \"FunctionName\": \"arn:aws:lambda:us-west-2:526054848789:function:extract-apis-mercado-livre:$LATEST\"\n        },\n        \"Retry\": [\n          {\n            \"ErrorEquals\": [\n              \"Lambda.ServiceException\",\n              \"Lambda.AWSLambdaException\",\n              \"Lambda.SdkClientException\",\n              \"Lambda.TooManyRequestsException\"\n            ],\n            \"IntervalSeconds\": 2,\n            \"MaxAttempts\": 6,\n            \"BackoffRate\": 2\n          }\n        ],\n        \"Next\": \"Has Next Items?\"\n      },\n      \"Has Next Items?\": {\n        \"Type\": \"Choice\",\n        \"Choices\": [\n          {\n            \"Variable\": \"$.next_items\",\n            \"IsPresent\": true,\n            \"Next\": \"Get Mercado Livre Items\"\n          }\n        ],\n        \"Default\": \"Success\"\n      },\n      \"Success\": {\n        \"Type\": \"Succeed\"\n      }\n    }\n  }",
            "description": "",
            "id": "arn:aws:states:us-west-2:526054848789:stateMachine:sf-extract-apis-mercado-livre",
            "logging_configuration": [
              {
                "include_execution_data": false,
                "level": "ERROR",
                "log_destination": "arn:aws:logs:us-west-2:526054848789:log-group:/aws/vendedlogs/states/sf-extract-apis-mercado-livre:*"
              }
            ],
            "name": "sf-extract-apis-mercado-livre",
            "name_prefix": "",
            "publish": false,
            "revision_id": "91cc092a-dab1-470a-b9e6-a1059be5e8c6",
            "role_arn": "arn:aws:iam::526054848789:role/sf-extract-apis-mercado-livre",
            "state_machine_version_arn": "",
            "status": "ACTIVE",
            "tags": {
              "Name": "sf-extract-apis-mercado-livre"
            },
            "tags_all": {
              "Name": "sf-extract-apis-mercado-livre"
            },
            "timeouts": {
              "create": null,
              "delete": null,
              "update": null
            },
            "tracing_configuration": [
              {
                "enabled": false
              }
            ],
            "type": "STANDARD",
            "version_description": null
          },
          "sensitive_attributes": [],
          "private": "eyJlMmJmYjczMC1lY2FhLTExZTYtOGY4OC0zNDM2M2JjN2M0YzAiOnsiY3JlYXRlIjozMDAwMDAwMDAwMDAsImRlbGV0ZSI6MzAwMDAwMDAwMDAwLCJ1cGRhdGUiOjYwMDAwMDAwMDAwfX0=",
          "dependencies": [
            "data.aws_caller_identity.this",
            "data.aws_ecr_authorization_token.token",
            "data.aws_region.current",
            "module.docker_image_mercado_livre.aws_ecr_repository.this",
            "module.docker_image_mercado_livre.data.aws_caller_identity.this",
            "module.docker_image_mercado_livre.data.aws_region.current",
            "module.docker_image_mercado_livre.docker_image.this",
            "module.docker_image_mercado_livre.docker_registry_image.this",
            "module.lambda_mercado_livre.aws_cloudwatch_log_group.lambda",
            "module.lambda_mercado_livre.aws_iam_policy.additional_inline",
            "module.lambda_mercado_livre.aws_iam_policy.additional_json",
            "module.lambda_mercado_livre.aws_iam_policy.additional_jsons",
            "module.lambda_mercado_livre.aws_iam_policy.async",
            "module.lambda_mercado_livre.aws_iam_policy.dead_letter",
            "module.lambda_mercado_livre.aws_iam_policy.logs",
            "module.lambda_mercado_livre.aws_iam_policy.tracing",
            "module.lambda_mercado_livre.aws_iam_policy.vpc",
            "module.lambda_mercado_livre.aws_iam_role.lambda",
            "module.lambda_mercado_livre.aws_iam_role_policy_attachment.additional_inline",
            "module.lambda_mercado_livre.aws_iam_role_policy_attachment.additional_json",
            "module.lambda_mercado_livre.aws_iam_role_policy_attachment.additional_jsons",
            "module.lambda_mercado_livre.aws_iam_role_policy_attachment.additional_many",
            "module.lambda_mercado_livre.aws_iam_role_policy_attachment.additional_one",
            "module.lambda_mercado_livre.aws_iam_role_policy_attachment.async",
            "module.lambda_mercado_livre.aws_iam_role_policy_attachment.dead_letter",
            "module.lambda_mercado_livre.aws_iam_role_policy_attachment.logs",
            "module.lambda_mercado_livre.aws_iam_role_policy_attachment.tracing",
            "module.lambda_mercado_livre.aws_iam_role_policy_attachment.vpc",
            "module.lambda_mercado_livre.aws_lambda_function.this",
            "module.lambda_mercado_livre.aws_s3_object.lambda_package",
            "module.lambda_mercado_livre.data.aws_arn.log_group_arn",
            "module.lambda_mercado_livre.data.aws_cloudwatch_log_group.lambda",
            "module.lambda_mercado_livre.data.aws_iam_policy.tracing",
            "module.lambda_mercado_livre.data.aws_iam_policy.vpc",
            "module.lambda_mercado_livre.data.aws_iam_policy_document.additional_inline",
            "module.lambda_mercado_livre.data.aws_iam_policy_document.assume_role",
            "module.lambda_mercado_livre.data.aws_iam_policy_document.async",
            "module.lambda_mercado_livre.data.aws_iam_policy_document.dead_letter",
            "module.lambda_mercado_livre.data.aws_iam_policy_document.logs",
            "module.lambda_mercado_livre.data.aws_partition.current",
            "module.lambda_mercado_livre.data.external.archive_prepare",
            "module.lambda_mercado_livre.local_file.archive_plan",
            "module.lambda_mercado_livre.null_resource.archive",
            "module.s3_bucket.aws_s3_bucket.this",
            "module.s3_bucket.aws_s3_bucket_policy.this",
            "module.s3_bucket.aws_s3_bucket_public_access_block.this",
            "module.s3_bucket.data.aws_caller_identity.current",
            "module.s3_bucket.data.aws_iam_policy_document.access_log_delivery",
            "module.s3_bucket.data.aws_iam_policy_document.combined",
            "module.s3_bucket.data.aws_iam_policy_document.deny_incorrect_encryption_headers",
            "module.s3_bucket.data.aws_iam_policy_document.deny_incorrect_kms_key_sse",
            "module.s3_bucket.data.aws_iam_policy_document.deny_insecure_transport",
            "module.s3_bucket.data.aws_iam_policy_document.deny_unencrypted_object_uploads",
            "module.s3_bucket.data.aws_iam_policy_document.elb_log_delivery",
            "module.s3_bucket.data.aws_iam_policy_document.inventory_and_analytics_destination_policy",
            "module.s3_bucket.data.aws_iam_policy_document.lb_log_delivery",
            "module.s3_bucket.data.aws_iam_policy_document.require_latest_tls",
            "module.s3_bucket.data.aws_partition.current",
            "module.s3_bucket.data.aws_region.current",
            "module.step_function.aws_cloudwatch_log_group.sfn",
            "module.step_function.aws_iam_role.this",
            "module.step_function.data.aws_cloudwatch_log_group.sfn",
            "module.step_function.data.aws_iam_policy_document.assume_role",
            "module.step_function.data.aws_region.current"
          ]
        }
      ]
    }
  ],
  "check_results": null
}
