{
  "version": 4,
  "terraform_version": "1.5.7",
  "serial": 388,
  "lineage": "f37a54f5-ee15-7652-215d-c85e3fe05816",
  "outputs": {},
  "resources": [
    {
      "mode": "data",
      "type": "aws_caller_identity",
      "name": "this",
      "provider": "provider[\"registry.terraform.io/hashicorp/aws\"]",
      "instances": [
        {
          "schema_version": 0,
          "attributes": {
            "account_id": "526054848789",
            "arn": "arn:aws:sts::526054848789:assumed-role/AWSReservedSSO_AdministratorAccess_eaa146b6dc3a2316/igor.oliveira",
            "id": "526054848789",
            "user_id": "AROAXU62P7EKSOARTWBFI:igor.oliveira"
          },
          "sensitive_attributes": []
        }
      ]
    },
    {
      "mode": "data",
      "type": "aws_ecr_authorization_token",
      "name": "token",
      "provider": "provider[\"registry.terraform.io/hashicorp/aws\"]",
      "instances": [
        {
          "schema_version": 0,
          "attributes": {
            "authorization_token": "QVdTOmV5SndZWGxzYjJGa0lqb2lhWGsyVTBSb1lYaE1UbWgyTVdKWlpXNDFhREEwUkN0a1NWb3lSMHhXSzJJNVVGSnZaR2RqZGpVeWNDOTRjR0p4VkU1T2VFODNlVVF5VFdoNE5FbGpOM3A0V1V3NU5uUmtaVlJZUTBGUFJtTkNRamR4VFhFMmFqQnhUelEwZUVFd1JDczBTR0l3VlRjeU4yeENUVzVrVW0xaGJrdHlSaTlyWkcxemJqUjRjR1kxTkRsdlVIVm5SemxvVlZWbVZWQlpXWFpxT1VoclNuQkZPRkp1TnpSbGNVTmxTelpRZWxSM05WQkhUMU0zWVZOdU1IZEtNV3h1ZDBjM1kwNVdXRXRTU1VsVVF6aGFSRzVCZEM5WFMzVnJXVEl5UzNaNVZHNVNUalJCVEUxRFJIVktSRmhLUlhad1ltcE9kelpFVDI5SmRrSlFVbmRVZW5Rck5XczRVVWhPVFdGclVIRTJXVEJqT0RkRVpVaFpLME54T0VkRWRtbFFZbFZYV1RKaFpWSnRjSEJ2UVROdVdsaHpSbWxPVkd4b1ZGZFdPVWM1YWs0M2FHSkpSRE5SUjBsQ1MyVmhSVEpVWWxCcmRFaFhkbG80Wnpsb05VNW1NSHB5U1ZSMmVsQkZSbWhsSzBGWGNrbHRRVmhvVURsT2RVRnZTR1ZpYTFjM01USTVUelphY1VSRUsybGhaV2QzYzFWWFN6UlVkMWRIVHk5TWFVdFhiRmRSZFZwUVdVbGpZMnRSWjJJM05VMVhUVmxKTms5RVQxSjNjemxtT1dOdVJ6SXhVV3ROVTBwVlkxRXlXV2hIUVZGV0wyMTBlSFpGVUZZMWNFRlBORTVSUlRkdGFreE9jWEpZZGxCT01HaFdlRTh3WmtRclF6bGxUbFpUYkhNMU5VWlpNWGRUWVRVd1JUVlJjMDlvUWxWeFFVd3ZZV1J2TkdkYVVIWjRialpyU1hGSFRYaE1kemxGS3pSMWRVcHdiVk0zTTNjeU5UUk5lRU5wTWxjclRrMVFXVkJoY2xOYVVIQktRMFJ3VFRsUVEzYzJPRk00U1cxMmVWRk9RamxVVVhCek1URmhVVVI2UVhSUWJFdHBNbTVYU0VNek1IcHdlVlJhTVRKYVV5OVBkamd5YkRkSWFXWlhVa3hRWTI5YU9YZFJWa04yZDBOS1JtOWlSbHA2TVdscVppdEpXa2RaUzBOb2NqWldURzVLZGxoc1RIQldSVXBvYmxaUk1tbE1jVE14WW14bmNrMDBWekpoV0ZkTmVWWkdNbWt5VVdseFYwcE1NMVp4Yms5aE5sRnVNbVYwVUVJMlZVTkJTMkZ6TVZsaVRrb3pSbGN5VHpWTVYxQXdZa0V5TDNsU1UyOXFUMW93SzB0QlFqTXhaVGhuWlZFcldHNU9VazFOWmtWdE1sSjVUM2QxZGxZd2FuWkRTVzlFV1RnM05TdHFWbUZwY1ZwVU1rUkhUVk5TVUdwSmF6UnBaMDlxVEhGMFV5OVVRazlQVEhWSU5rMU5aWE5NUVVOVE9IcGpTVGhKYlRaVk1GQnlNRWMyTm5KeFNtdERjRzAwV2xSbGRrUXpWRVU0ZVVWTk1uTkxTbVJLSzNBMFEyMXpRamQ2UWtsSmJVRndka3BTWVc5M05VTkJRbFUxY3pKRFVIWTRSMDVPTDJwT1lXZGpjM3BOZG5ZM1ZIWnlhRnA2UkRaQlZsaDZWMlZtZDFaRmRFWklPSEZKUlRGWVdDOVpkMWx1TWpVMk1XUldVRVJuUWtvcmNrSTRjamRCY0RkbmNXMHhWRFVyTlhoS2N6RTRSMlI1ZG5WRVVtbE9lbFp5Y1VRMlVEaDFVM1ZxTDNsRFZESkZUR0ZzU1VsTGVYbE5WbTluV1RabmVXSlVWbmQxWWpodVZWWm1WVFI0WTFscEsxbDFUM0ZJYlVaemVqVnZjMlk1ZDFZMk1UUkpXSFpoWm5vd056ZzVabUYzY21KMVQyc3diVlkxWVd0NmNtRkZhbWxhTkdSUEt5dFVUVTVqWjJOc2NXVXpOaTl3U3pSTFNUbEVUMHRKVWxGcVlXZEhlQzkzZURKdmNtMVZZV3hhVkhkbmRsRnFUbUp6ZGxoelVUTTNVSGRzU1ZsME1tbzJUV052Y1ZOUFdGUlJTbEp6V2pjMGVDODJUMWMyVW10UlkzZGthMk00ZFdFdlIwbzNhbU53VFZsT1pYSjJXVmxSWlV4NVYzVmFkbGhIVFVVeVQzaHdhM1JJT1hOdU5XZGthR2RNU0ZsSWJuRktWREZJY0UxM2RqQm9jVkF3VkRSTlMwd3ZhWE5hVjNOa09XSnZjM2RTWmxVclJYcEhkbmRWTmtGM0sxUllWR2hHZUU5d2RsTm1abWMwYW1WWGIxQXZkbUZVVW5OSlJXeFNlRTFUYURVNFlqZGFPWFJyY1VSR1dXdFZiVTV1VW5CME4zWkpiVlJ3Y3lzMVJVSjFXVXN3YkdWeEwwZ3hjVEpQUTFBeFdWaFJhVVUzWXowaUxDSmtZWFJoYTJWNUlqb2lRVkZGUWtGSWFqWnNZelJZU1VwM0x6ZHNiakJJWXpBd1JFMWxhelpIUlhoSVEySlpORkpKY0ZSTlEwazFPRWx1VlhkQlFVRklOSGRtUVZsS1MyOWFTV2gyWTA1QlVXTkhiMGM0ZDJKUlNVSkJSRUp2UW1kcmNXaHJhVWM1ZHpCQ1FuZEZkMGhuV1VwWlNWcEpRVmRWUkVKQlJYVk5Ra1ZGUkVsaVNFaG9kMUZ1UXpCSmVFTmhhak5CU1VKRlNVRTNUWGMwU1hRMU5FSm9VRkJXU21OVmMweGxZelJ1UlUxUFYycGFUbVpuYzJSNlkxUndZbFV3TlRCa2NtcEZNRWgwVWtkaVJWbE9OSEJvUm14UmVEZGxNV1ZhYzA5NE5XTkRaazlGTW5CVU1EMGlMQ0oyWlhKemFXOXVJam9pTWlJc0luUjVjR1VpT2lKRVFWUkJYMHRGV1NJc0ltVjRjR2x5WVhScGIyNGlPakUyT1RRNE56ZzFPVEI5",
            "expires_at": "2023-09-16T15:36:30Z",
            "id": "us-west-2",
            "password": "eyJwYXlsb2FkIjoiaXk2U0RoYXhMTmh2MWJZZW41aDA0RCtkSVoyR0xWK2I5UFJvZGdjdjUycC94cGJxVE5OeE83eUQyTWh4NEljN3p4WUw5NnRkZVRYQ0FPRmNCQjdxTXE2ajBxTzQ0eEEwRCs0SGIwVTcyN2xCTW5kUm1hbktyRi9rZG1zbjR4cGY1NDlvUHVnRzloVVVmVVBZWXZqOUhrSnBFOFJuNzRlcUNlSzZQelR3NVBHT1M3YVNuMHdKMWxud0c3Y05WWEtSSUlUQzhaRG5BdC9XS3VrWTIyS3Z5VG5STjRBTE1DRHVKRFhKRXZwYmpOdzZET29JdkJQUndUenQrNWs4UUhOTWFrUHE2WTBjODdEZUhZK0NxOEdEdmlQYlVXWTJhZVJtcHBvQTNuWlhzRmlOVGxoVFdWOUc5ak43aGJJRDNRR0lCS2VhRTJUYlBrdEhXdlo4ZzloNU5mMHpySVR2elBFRmhlK0FXckltQVhoUDlOdUFvSGVia1c3MTI5TzZacUREK2lhZWd3c1VXSzRUd1dHTy9MaUtXbFdRdVpQWUljY2tRZ2I3NU1XTVlJNk9ET1J3czlmOWNuRzIxUWtNU0pVY1EyWWhHQVFWL210eHZFUFY1cEFPNE5RRTdtakxOcXJYdlBOMGhWeE8wZkQrQzllTlZTbHM1NUZZMXdTYTUwRTVRc09oQlVxQUwvYWRvNGdaUHZ4bjZrSXFHTXhMdzlFKzR1dUpwbVM3M3cyNTRNeENpMlcrTk1QWVBhclNaUHBKQ0RwTTlQQ3c2OFM4SW12eVFOQjlUUXBzMTFhUUR6QXRQbEtpMm5XSEMzMHpweVRaMTJaUy9PdjgybDdIaWZXUkxQY29aOXdRVkN2d0NKRm9iRlp6MWlqZitJWkdZS0NocjZWTG5KdlhsTHBWRUpoblZRMmlMcTMxYmxnck00VzJhWFdNeVZGMmkyUWlxV0pMM1Zxbk9hNlFuMmV0UEI2VUNBS2FzMVliTkozRlcyTzVMV1AwYkEyL3lSU29qT1owK0tBQjMxZThnZVErWG5OUk1NZkVtMlJ5T3d1dlYwanZDSW9EWTg3NStqVmFpcVpUMkRHTVNSUGpJazRpZ09qTHF0Uy9UQk9PTHVINk1NZXNMQUNTOHpjSThJbTZVMFByMEc2NnJxSmtDcG00WlRldkQzVEU4eUVNMnNLSmRKK3A0Q21zQjd6QklJbUFwdkpSYW93NUNBQlU1czJDUHY4R05OL2pOYWdjc3pNdnY3VHZyaFp6RDZBVlh6V2Vmd1ZFdEZIOHFJRTFYWC9Zd1luMjU2MWRWUERnQkorckI4cjdBcDdncW0xVDUrNXhKczE4R2R5dnVEUmlOelZycUQ2UDh1U3VqL3lDVDJFTGFsSUlLeXlNVm9nWTZneWJUVnd1YjhuVVZmVTR4Y1lpK1l1T3FIbUZzejVvc2Y5d1Y2MTRJWHZhZnowNzg5ZmF3cmJ1T2swbVY1YWt6cmFFamlaNGRPKytUTU5jZ2NscWUzNi9wSzRLSTlET0tJUlFqYWdHeC93eDJvcm1VYWxaVHdndlFqTmJzdlhzUTM3UHdsSVl0Mmo2TWNvcVNPWFRRSlJzWjc0eC82T1c2UmtRY3dka2M4dWEvR0o3amNwTVlOZXJ2WVlRZUx5V3VadlhHTUUyT3hwa3RIOXNuNWdkaGdMSFlIbnFKVDFIcE13djBocVAwVDRNS0wvaXNaV3NkOWJvc3dSZlUrRXpHdndVNkF3K1RYVGhGeE9wdlNmZmc0amVXb1AvdmFUUnNJRWxSeE1TaDU4YjdaOXRrcURGWWtVbU5uUnB0N3ZJbVRwcys1RUJ1WUswbGVxL0gxcTJPQ1AxWVhRaUU3Yz0iLCJkYXRha2V5IjoiQVFFQkFIajZsYzRYSUp3LzdsbjBIYzAwRE1lazZHRXhIQ2JZNFJJcFRNQ0k1OEluVXdBQUFINHdmQVlKS29aSWh2Y05BUWNHb0c4d2JRSUJBREJvQmdrcWhraUc5dzBCQndFd0hnWUpZSVpJQVdVREJBRXVNQkVFREliSEhod1FuQzBJeENhajNBSUJFSUE3TXc0SXQ1NEJoUFBWSmNVc0xlYzRuRU1PV2paTmZnc2R6Y1RwYlUwNTBkcmpFMEh0UkdiRVlONHBoRmxReDdlMWVac094NWNDZk9FMnBUMD0iLCJ2ZXJzaW9uIjoiMiIsInR5cGUiOiJEQVRBX0tFWSIsImV4cGlyYXRpb24iOjE2OTQ4Nzg1OTB9",
            "proxy_endpoint": "https://526054848789.dkr.ecr.us-west-2.amazonaws.com",
            "registry_id": null,
            "user_name": "AWS"
          },
          "sensitive_attributes": []
        }
      ]
    },
    {
      "mode": "data",
      "type": "aws_region",
      "name": "current",
      "provider": "provider[\"registry.terraform.io/hashicorp/aws\"]",
      "instances": [
        {
          "schema_version": 0,
          "attributes": {
            "description": "US West (Oregon)",
            "endpoint": "ec2.us-west-2.amazonaws.com",
            "id": "us-west-2",
            "name": "us-west-2"
          },
          "sensitive_attributes": []
        }
      ]
    },
    {
      "module": "module.docker_image_mercado_livre",
      "mode": "data",
      "type": "aws_caller_identity",
      "name": "this",
      "provider": "provider[\"registry.terraform.io/hashicorp/aws\"]",
      "instances": [
        {
          "schema_version": 0,
          "attributes": {
            "account_id": "526054848789",
            "arn": "arn:aws:sts::526054848789:assumed-role/AWSReservedSSO_AdministratorAccess_eaa146b6dc3a2316/igor.oliveira",
            "id": "526054848789",
            "user_id": "AROAXU62P7EKSOARTWBFI:igor.oliveira"
          },
          "sensitive_attributes": []
        }
      ]
    },
    {
      "module": "module.docker_image_mercado_livre",
      "mode": "data",
      "type": "aws_region",
      "name": "current",
      "provider": "provider[\"registry.terraform.io/hashicorp/aws\"]",
      "instances": [
        {
          "schema_version": 0,
          "attributes": {
            "description": "US West (Oregon)",
            "endpoint": "ec2.us-west-2.amazonaws.com",
            "id": "us-west-2",
            "name": "us-west-2"
          },
          "sensitive_attributes": []
        }
      ]
    },
    {
      "module": "module.docker_image_mercado_livre",
      "mode": "managed",
      "type": "aws_ecr_lifecycle_policy",
      "name": "this",
      "provider": "provider[\"registry.terraform.io/hashicorp/aws\"]",
      "instances": [
        {
          "index_key": 0,
          "schema_version": 0,
          "attributes": {
            "id": "extract-apis-mercado-livre",
            "policy": "{\"rules\":[{\"action\":{\"type\":\"expire\"},\"description\":\"Keep only the last 2 images\",\"rulePriority\":1,\"selection\":{\"countNumber\":2,\"countType\":\"imageCountMoreThan\",\"tagStatus\":\"any\"}}]}",
            "registry_id": "526054848789",
            "repository": "extract-apis-mercado-livre"
          },
          "sensitive_attributes": [],
          "private": "bnVsbA==",
          "dependencies": [
            "module.docker_image_mercado_livre.aws_ecr_repository.this"
          ]
        }
      ]
    },
    {
      "module": "module.docker_image_mercado_livre",
      "mode": "managed",
      "type": "aws_ecr_repository",
      "name": "this",
      "provider": "provider[\"registry.terraform.io/hashicorp/aws\"]",
      "instances": [
        {
          "index_key": 0,
          "schema_version": 0,
          "attributes": {
            "arn": "arn:aws:ecr:us-west-2:526054848789:repository/extract-apis-mercado-livre",
            "encryption_configuration": [
              {
                "encryption_type": "AES256",
                "kms_key": ""
              }
            ],
            "force_delete": true,
            "id": "extract-apis-mercado-livre",
            "image_scanning_configuration": [
              {
                "scan_on_push": false
              }
            ],
            "image_tag_mutability": "MUTABLE",
            "name": "extract-apis-mercado-livre",
            "registry_id": "526054848789",
            "repository_url": "526054848789.dkr.ecr.us-west-2.amazonaws.com/extract-apis-mercado-livre",
            "tags": {},
            "tags_all": {},
            "timeouts": null
          },
          "sensitive_attributes": [],
          "private": "eyJlMmJmYjczMC1lY2FhLTExZTYtOGY4OC0zNDM2M2JjN2M0YzAiOnsiZGVsZXRlIjoxMjAwMDAwMDAwMDAwfX0="
        }
      ]
    },
    {
      "module": "module.docker_image_mercado_livre",
      "mode": "managed",
      "type": "docker_image",
      "name": "this",
      "provider": "provider[\"registry.terraform.io/kreuzwerker/docker\"]",
      "instances": [
        {
          "schema_version": 0,
          "attributes": {
            "build": [
              {
                "auth_config": [],
                "build_arg": null,
                "build_args": null,
                "build_id": "",
                "cache_from": [],
                "cgroup_parent": "",
                "context": "mercado-livre",
                "cpu_period": null,
                "cpu_quota": null,
                "cpu_set_cpus": "",
                "cpu_set_mems": "",
                "cpu_shares": null,
                "dockerfile": "Dockerfile",
                "extra_hosts": [],
                "force_remove": null,
                "isolation": "",
                "label": null,
                "labels": null,
                "memory": null,
                "memory_swap": null,
                "network_mode": "",
                "no_cache": null,
                "platform": "linux/amd64",
                "pull_parent": null,
                "remote_context": "",
                "remove": true,
                "security_opt": [],
                "session_id": "",
                "shm_size": null,
                "squash": null,
                "suppress_output": null,
                "tag": [],
                "target": "",
                "ulimit": [],
                "version": ""
              }
            ],
            "force_remove": null,
            "id": "sha256:1efd23016b4870530899d8ac44586198916824956a1fa4eb37b4f721334615ec526054848789.dkr.ecr.us-west-2.amazonaws.com/extract-apis-mercado-livre:0.2",
            "image_id": "sha256:1efd23016b4870530899d8ac44586198916824956a1fa4eb37b4f721334615ec",
            "keep_locally": null,
            "name": "526054848789.dkr.ecr.us-west-2.amazonaws.com/extract-apis-mercado-livre:0.2",
            "platform": null,
            "pull_triggers": null,
            "repo_digest": "",
            "triggers": null
          },
          "sensitive_attributes": [],
          "private": "bnVsbA==",
          "dependencies": [
            "data.aws_caller_identity.this",
            "data.aws_ecr_authorization_token.token",
            "data.aws_region.current",
            "module.docker_image_mercado_livre.aws_ecr_repository.this",
            "module.docker_image_mercado_livre.data.aws_caller_identity.this",
            "module.docker_image_mercado_livre.data.aws_region.current"
          ]
        }
      ]
    },
    {
      "module": "module.docker_image_mercado_livre",
      "mode": "managed",
      "type": "docker_registry_image",
      "name": "this",
      "provider": "provider[\"registry.terraform.io/kreuzwerker/docker\"]",
      "instances": [
        {
          "schema_version": 0,
          "attributes": {
            "id": "sha256:5c46603de5ccfc12a2afae83fead0cdd9a1fea89e1e456a799f43ce44ab00b53",
            "insecure_skip_verify": false,
            "keep_remotely": false,
            "name": "526054848789.dkr.ecr.us-west-2.amazonaws.com/extract-apis-mercado-livre:0.2",
            "sha256_digest": "sha256:5c46603de5ccfc12a2afae83fead0cdd9a1fea89e1e456a799f43ce44ab00b53",
            "triggers": null
          },
          "sensitive_attributes": [],
          "private": "bnVsbA==",
          "dependencies": [
            "data.aws_caller_identity.this",
            "data.aws_ecr_authorization_token.token",
            "data.aws_region.current",
            "module.docker_image_mercado_livre.aws_ecr_repository.this",
            "module.docker_image_mercado_livre.data.aws_caller_identity.this",
            "module.docker_image_mercado_livre.data.aws_region.current",
            "module.docker_image_mercado_livre.docker_image.this"
          ]
        }
      ]
    },
    {
      "module": "module.docker_image_mercado_livre",
      "mode": "managed",
      "type": "null_resource",
      "name": "sam_metadata_docker_registry_image",
      "provider": "provider[\"registry.terraform.io/hashicorp/null\"]",
      "instances": [
        {
          "schema_version": 0,
          "attributes": {
            "id": "8375434384408071909",
            "triggers": {
              "built_image_uri": "526054848789.dkr.ecr.us-west-2.amazonaws.com/extract-apis-mercado-livre:0.2",
              "docker_build_args": "{}",
              "docker_context": "mercado-livre",
              "docker_file": "Dockerfile",
              "docker_tag": "0.2",
              "resource_type": "IMAGE_LAMBDA_FUNCTION"
            }
          },
          "sensitive_attributes": [],
          "dependencies": [
            "data.aws_caller_identity.this",
            "data.aws_ecr_authorization_token.token",
            "data.aws_region.current",
            "module.docker_image_mercado_livre.aws_ecr_repository.this",
            "module.docker_image_mercado_livre.data.aws_caller_identity.this",
            "module.docker_image_mercado_livre.data.aws_region.current",
            "module.docker_image_mercado_livre.docker_image.this",
            "module.docker_image_mercado_livre.docker_registry_image.this"
          ]
        }
      ]
    },
    {
      "module": "module.lambda_mercado_livre",
      "mode": "data",
      "type": "aws_caller_identity",
      "name": "current",
      "provider": "provider[\"registry.terraform.io/hashicorp/aws\"]",
      "instances": [
        {
          "schema_version": 0,
          "attributes": {
            "account_id": "526054848789",
            "arn": "arn:aws:sts::526054848789:assumed-role/AWSReservedSSO_AdministratorAccess_eaa146b6dc3a2316/igor.oliveira",
            "id": "526054848789",
            "user_id": "AROAXU62P7EKSOARTWBFI:igor.oliveira"
          },
          "sensitive_attributes": []
        }
      ]
    },
    {
      "module": "module.lambda_mercado_livre",
      "mode": "data",
      "type": "aws_iam_policy_document",
      "name": "additional_inline",
      "provider": "provider[\"registry.terraform.io/hashicorp/aws\"]",
      "instances": [
        {
          "index_key": 0,
          "schema_version": 0,
          "attributes": {
            "id": "3014314062",
            "json": "{\n  \"Version\": \"2012-10-17\",\n  \"Statement\": [\n    {\n      \"Sid\": \"dynamodb\",\n      \"Effect\": \"Allow\",\n      \"Action\": \"s3:*\",\n      \"Resource\": \"*\"\n    }\n  ]\n}",
            "override_policy_documents": null,
            "policy_id": null,
            "source_policy_documents": null,
            "statement": [
              {
                "actions": [
                  "s3:*"
                ],
                "condition": [],
                "effect": "Allow",
                "not_actions": [],
                "not_principals": [],
                "not_resources": [],
                "principals": [],
                "resources": [
                  "*"
                ],
                "sid": "dynamodb"
              }
            ],
            "version": "2012-10-17"
          },
          "sensitive_attributes": []
        }
      ]
    },
    {
      "module": "module.lambda_mercado_livre",
      "mode": "data",
      "type": "aws_iam_policy_document",
      "name": "assume_role",
      "provider": "provider[\"registry.terraform.io/hashicorp/aws\"]",
      "instances": [
        {
          "index_key": 0,
          "schema_version": 0,
          "attributes": {
            "id": "2690255455",
            "json": "{\n  \"Version\": \"2012-10-17\",\n  \"Statement\": [\n    {\n      \"Effect\": \"Allow\",\n      \"Action\": \"sts:AssumeRole\",\n      \"Principal\": {\n        \"Service\": \"lambda.amazonaws.com\"\n      }\n    }\n  ]\n}",
            "override_policy_documents": null,
            "policy_id": null,
            "source_policy_documents": null,
            "statement": [
              {
                "actions": [
                  "sts:AssumeRole"
                ],
                "condition": [],
                "effect": "Allow",
                "not_actions": [],
                "not_principals": [],
                "not_resources": [],
                "principals": [
                  {
                    "identifiers": [
                      "lambda.amazonaws.com"
                    ],
                    "type": "Service"
                  }
                ],
                "resources": [],
                "sid": ""
              }
            ],
            "version": "2012-10-17"
          },
          "sensitive_attributes": []
        }
      ]
    },
    {
      "module": "module.lambda_mercado_livre",
      "mode": "data",
      "type": "aws_iam_policy_document",
      "name": "logs",
      "provider": "provider[\"registry.terraform.io/hashicorp/aws\"]",
      "instances": [
        {
          "index_key": 0,
          "schema_version": 0,
          "attributes": {
            "id": "3757632638",
            "json": "{\n  \"Version\": \"2012-10-17\",\n  \"Statement\": [\n    {\n      \"Effect\": \"Allow\",\n      \"Action\": [\n        \"logs:PutLogEvents\",\n        \"logs:CreateLogStream\",\n        \"logs:CreateLogGroup\"\n      ],\n      \"Resource\": [\n        \"arn:aws:logs:us-west-2:526054848789:log-group:/aws/lambda/extract-apis-mercado-livre:*:*\",\n        \"arn:aws:logs:us-west-2:526054848789:log-group:/aws/lambda/extract-apis-mercado-livre:*\"\n      ]\n    }\n  ]\n}",
            "override_policy_documents": null,
            "policy_id": null,
            "source_policy_documents": null,
            "statement": [
              {
                "actions": [
                  "logs:CreateLogGroup",
                  "logs:CreateLogStream",
                  "logs:PutLogEvents"
                ],
                "condition": [],
                "effect": "Allow",
                "not_actions": [],
                "not_principals": [],
                "not_resources": [],
                "principals": [],
                "resources": [
                  "arn:aws:logs:us-west-2:526054848789:log-group:/aws/lambda/extract-apis-mercado-livre:*",
                  "arn:aws:logs:us-west-2:526054848789:log-group:/aws/lambda/extract-apis-mercado-livre:*:*"
                ],
                "sid": ""
              }
            ],
            "version": "2012-10-17"
          },
          "sensitive_attributes": []
        }
      ]
    },
    {
      "module": "module.lambda_mercado_livre",
      "mode": "data",
      "type": "aws_partition",
      "name": "current",
      "provider": "provider[\"registry.terraform.io/hashicorp/aws\"]",
      "instances": [
        {
          "schema_version": 0,
          "attributes": {
            "dns_suffix": "amazonaws.com",
            "id": "aws",
            "partition": "aws",
            "reverse_dns_prefix": "com.amazonaws"
          },
          "sensitive_attributes": []
        }
      ]
    },
    {
      "module": "module.lambda_mercado_livre",
      "mode": "data",
      "type": "aws_region",
      "name": "current",
      "provider": "provider[\"registry.terraform.io/hashicorp/aws\"]",
      "instances": [
        {
          "schema_version": 0,
          "attributes": {
            "description": "US West (Oregon)",
            "endpoint": "ec2.us-west-2.amazonaws.com",
            "id": "us-west-2",
            "name": "us-west-2"
          },
          "sensitive_attributes": []
        }
      ]
    },
    {
      "module": "module.lambda_mercado_livre",
      "mode": "managed",
      "type": "aws_cloudwatch_log_group",
      "name": "lambda",
      "provider": "provider[\"registry.terraform.io/hashicorp/aws\"]",
      "instances": [
        {
          "index_key": 0,
          "schema_version": 0,
          "attributes": {
            "arn": "arn:aws:logs:us-west-2:526054848789:log-group:/aws/lambda/extract-apis-mercado-livre",
            "id": "/aws/lambda/extract-apis-mercado-livre",
            "kms_key_id": "",
            "name": "/aws/lambda/extract-apis-mercado-livre",
            "name_prefix": "",
            "retention_in_days": 0,
            "skip_destroy": false,
            "tags": {},
            "tags_all": {}
          },
          "sensitive_attributes": [],
          "private": "bnVsbA=="
        }
      ]
    },
    {
      "module": "module.lambda_mercado_livre",
      "mode": "managed",
      "type": "aws_iam_policy",
      "name": "additional_inline",
      "provider": "provider[\"registry.terraform.io/hashicorp/aws\"]",
      "instances": [
        {
          "index_key": 0,
          "schema_version": 0,
          "attributes": {
            "arn": "arn:aws:iam::526054848789:policy/extract-apis-mercado-livre-inline",
            "description": "",
            "id": "arn:aws:iam::526054848789:policy/extract-apis-mercado-livre-inline",
            "name": "extract-apis-mercado-livre-inline",
            "name_prefix": "",
            "path": "/",
            "policy": "{\"Statement\":[{\"Action\":\"s3:*\",\"Effect\":\"Allow\",\"Resource\":\"*\",\"Sid\":\"dynamodb\"}],\"Version\":\"2012-10-17\"}",
            "policy_id": "ANPAXU62P7EKWC4LXDTFV",
            "tags": {},
            "tags_all": {}
          },
          "sensitive_attributes": [],
          "private": "bnVsbA==",
          "dependencies": [
            "module.lambda_mercado_livre.data.aws_iam_policy_document.additional_inline"
          ]
        }
      ]
    },
    {
      "module": "module.lambda_mercado_livre",
      "mode": "managed",
      "type": "aws_iam_policy",
      "name": "logs",
      "provider": "provider[\"registry.terraform.io/hashicorp/aws\"]",
      "instances": [
        {
          "index_key": 0,
          "schema_version": 0,
          "attributes": {
            "arn": "arn:aws:iam::526054848789:policy/extract-apis-mercado-livre-logs",
            "description": "",
            "id": "arn:aws:iam::526054848789:policy/extract-apis-mercado-livre-logs",
            "name": "extract-apis-mercado-livre-logs",
            "name_prefix": "",
            "path": "/",
            "policy": "{\"Statement\":[{\"Action\":[\"logs:PutLogEvents\",\"logs:CreateLogStream\",\"logs:CreateLogGroup\"],\"Effect\":\"Allow\",\"Resource\":[\"arn:aws:logs:us-west-2:526054848789:log-group:/aws/lambda/extract-apis-mercado-livre:*:*\",\"arn:aws:logs:us-west-2:526054848789:log-group:/aws/lambda/extract-apis-mercado-livre:*\"]}],\"Version\":\"2012-10-17\"}",
            "policy_id": "ANPAXU62P7EKRW4H6KBW2",
            "tags": {},
            "tags_all": {}
          },
          "sensitive_attributes": [],
          "private": "bnVsbA==",
          "dependencies": [
            "module.lambda_mercado_livre.aws_cloudwatch_log_group.lambda",
            "module.lambda_mercado_livre.data.aws_arn.log_group_arn",
            "module.lambda_mercado_livre.data.aws_cloudwatch_log_group.lambda",
            "module.lambda_mercado_livre.data.aws_iam_policy_document.logs"
          ]
        }
      ]
    },
    {
      "module": "module.lambda_mercado_livre",
      "mode": "managed",
      "type": "aws_iam_role",
      "name": "lambda",
      "provider": "provider[\"registry.terraform.io/hashicorp/aws\"]",
      "instances": [
        {
          "index_key": 0,
          "schema_version": 0,
          "attributes": {
            "arn": "arn:aws:iam::526054848789:role/extract-apis-mercado-livre",
            "assume_role_policy": "{\"Statement\":[{\"Action\":\"sts:AssumeRole\",\"Effect\":\"Allow\",\"Principal\":{\"Service\":\"lambda.amazonaws.com\"}}],\"Version\":\"2012-10-17\"}",
            "create_date": "2023-09-16T03:25:36Z",
            "description": "",
            "force_detach_policies": true,
            "id": "extract-apis-mercado-livre",
            "inline_policy": [],
            "managed_policy_arns": [
              "arn:aws:iam::526054848789:policy/extract-apis-mercado-livre-inline",
              "arn:aws:iam::526054848789:policy/extract-apis-mercado-livre-logs"
            ],
            "max_session_duration": 3600,
            "name": "extract-apis-mercado-livre",
            "name_prefix": "",
            "path": "/",
            "permissions_boundary": null,
            "tags": {},
            "tags_all": {},
            "unique_id": "AROAXU62P7EKZRS67JGGP"
          },
          "sensitive_attributes": [],
          "private": "bnVsbA==",
          "dependencies": [
            "module.lambda_mercado_livre.data.aws_iam_policy_document.assume_role"
          ]
        }
      ]
    },
    {
      "module": "module.lambda_mercado_livre",
      "mode": "managed",
      "type": "aws_iam_role_policy_attachment",
      "name": "additional_inline",
      "provider": "provider[\"registry.terraform.io/hashicorp/aws\"]",
      "instances": [
        {
          "index_key": 0,
          "schema_version": 0,
          "attributes": {
            "id": "extract-apis-mercado-livre-20230916032537330600000001",
            "policy_arn": "arn:aws:iam::526054848789:policy/extract-apis-mercado-livre-inline",
            "role": "extract-apis-mercado-livre"
          },
          "sensitive_attributes": [],
          "private": "bnVsbA==",
          "dependencies": [
            "module.lambda_mercado_livre.aws_iam_policy.additional_inline",
            "module.lambda_mercado_livre.aws_iam_role.lambda",
            "module.lambda_mercado_livre.data.aws_iam_policy_document.additional_inline",
            "module.lambda_mercado_livre.data.aws_iam_policy_document.assume_role"
          ]
        }
      ]
    },
    {
      "module": "module.lambda_mercado_livre",
      "mode": "managed",
      "type": "aws_iam_role_policy_attachment",
      "name": "logs",
      "provider": "provider[\"registry.terraform.io/hashicorp/aws\"]",
      "instances": [
        {
          "index_key": 0,
          "schema_version": 0,
          "attributes": {
            "id": "extract-apis-mercado-livre-20230916032538428600000002",
            "policy_arn": "arn:aws:iam::526054848789:policy/extract-apis-mercado-livre-logs",
            "role": "extract-apis-mercado-livre"
          },
          "sensitive_attributes": [],
          "private": "bnVsbA==",
          "dependencies": [
            "module.lambda_mercado_livre.aws_cloudwatch_log_group.lambda",
            "module.lambda_mercado_livre.aws_iam_policy.logs",
            "module.lambda_mercado_livre.aws_iam_role.lambda",
            "module.lambda_mercado_livre.data.aws_arn.log_group_arn",
            "module.lambda_mercado_livre.data.aws_cloudwatch_log_group.lambda",
            "module.lambda_mercado_livre.data.aws_iam_policy_document.assume_role",
            "module.lambda_mercado_livre.data.aws_iam_policy_document.logs"
          ]
        }
      ]
    },
    {
      "module": "module.lambda_mercado_livre",
      "mode": "managed",
      "type": "aws_lambda_function",
      "name": "this",
      "provider": "provider[\"registry.terraform.io/hashicorp/aws\"]",
      "instances": [
        {
          "index_key": 0,
          "schema_version": 0,
          "attributes": {
            "architectures": [
              "x86_64"
            ],
            "arn": "arn:aws:lambda:us-west-2:526054848789:function:extract-apis-mercado-livre",
            "code_signing_config_arn": "",
            "dead_letter_config": [],
            "description": "My awesome lambda function",
            "environment": [
              {
                "variables": {
                  "TABLE_NAME": ""
                }
              }
            ],
            "ephemeral_storage": [
              {
                "size": 512
              }
            ],
            "file_system_config": [],
            "filename": null,
            "function_name": "extract-apis-mercado-livre",
            "handler": "",
            "id": "extract-apis-mercado-livre",
            "image_config": [],
            "image_uri": "526054848789.dkr.ecr.us-west-2.amazonaws.com/extract-apis-mercado-livre:0.2",
            "invoke_arn": "arn:aws:apigateway:us-west-2:lambda:path/2015-03-31/functions/arn:aws:lambda:us-west-2:526054848789:function:extract-apis-mercado-livre/invocations",
            "kms_key_arn": "",
            "last_modified": "2023-09-16T03:37:20.000+0000",
            "layers": [],
            "memory_size": 1024,
            "package_type": "Image",
            "publish": false,
            "qualified_arn": "arn:aws:lambda:us-west-2:526054848789:function:extract-apis-mercado-livre:$LATEST",
            "qualified_invoke_arn": "arn:aws:apigateway:us-west-2:lambda:path/2015-03-31/functions/arn:aws:lambda:us-west-2:526054848789:function:extract-apis-mercado-livre:$LATEST/invocations",
            "replace_security_groups_on_destroy": null,
            "replacement_security_group_ids": null,
            "reserved_concurrent_executions": -1,
            "role": "arn:aws:iam::526054848789:role/extract-apis-mercado-livre",
            "runtime": "",
            "s3_bucket": null,
            "s3_key": null,
            "s3_object_version": null,
            "signing_job_arn": "",
            "signing_profile_version_arn": "",
            "skip_destroy": false,
            "snap_start": [],
            "source_code_hash": "5c46603de5ccfc12a2afae83fead0cdd9a1fea89e1e456a799f43ce44ab00b53",
            "source_code_size": 0,
            "tags": {},
            "tags_all": {},
            "timeout": 60,
            "timeouts": null,
            "tracing_config": [
              {
                "mode": "PassThrough"
              }
            ],
            "version": "$LATEST",
            "vpc_config": []
          },
          "sensitive_attributes": [],
          "private": "eyJlMmJmYjczMC1lY2FhLTExZTYtOGY4OC0zNDM2M2JjN2M0YzAiOnsiY3JlYXRlIjo2MDAwMDAwMDAwMDAsImRlbGV0ZSI6NjAwMDAwMDAwMDAwLCJ1cGRhdGUiOjYwMDAwMDAwMDAwMH19",
          "dependencies": [
            "data.aws_caller_identity.this",
            "data.aws_ecr_authorization_token.token",
            "data.aws_region.current",
            "module.docker_image_mercado_livre.aws_ecr_repository.this",
            "module.docker_image_mercado_livre.data.aws_caller_identity.this",
            "module.docker_image_mercado_livre.data.aws_region.current",
            "module.docker_image_mercado_livre.docker_image.this",
            "module.docker_image_mercado_livre.docker_registry_image.this",
            "module.lambda_mercado_livre.aws_cloudwatch_log_group.lambda",
            "module.lambda_mercado_livre.aws_iam_role.lambda",
            "module.lambda_mercado_livre.aws_iam_role_policy_attachment.additional_inline",
            "module.lambda_mercado_livre.aws_iam_role_policy_attachment.additional_json",
            "module.lambda_mercado_livre.aws_iam_role_policy_attachment.additional_jsons",
            "module.lambda_mercado_livre.aws_iam_role_policy_attachment.additional_many",
            "module.lambda_mercado_livre.aws_iam_role_policy_attachment.additional_one",
            "module.lambda_mercado_livre.aws_iam_role_policy_attachment.async",
            "module.lambda_mercado_livre.aws_iam_role_policy_attachment.dead_letter",
            "module.lambda_mercado_livre.aws_iam_role_policy_attachment.logs",
            "module.lambda_mercado_livre.aws_iam_role_policy_attachment.tracing",
            "module.lambda_mercado_livre.aws_iam_role_policy_attachment.vpc",
            "module.lambda_mercado_livre.aws_s3_object.lambda_package",
            "module.lambda_mercado_livre.data.external.archive_prepare",
            "module.lambda_mercado_livre.null_resource.archive"
          ]
        }
      ]
    },
    {
      "module": "module.step_function",
      "mode": "data",
      "type": "aws_caller_identity",
      "name": "current",
      "provider": "provider[\"registry.terraform.io/hashicorp/aws\"]",
      "instances": [
        {
          "schema_version": 0,
          "attributes": {
            "account_id": "526054848789",
            "arn": "arn:aws:sts::526054848789:assumed-role/AWSReservedSSO_AdministratorAccess_eaa146b6dc3a2316/igor.oliveira",
            "id": "526054848789",
            "user_id": "AROAXU62P7EKSOARTWBFI:igor.oliveira"
          },
          "sensitive_attributes": []
        }
      ]
    },
    {
      "module": "module.step_function",
      "mode": "data",
      "type": "aws_iam_policy_document",
      "name": "assume_role",
      "provider": "provider[\"registry.terraform.io/hashicorp/aws\"]",
      "instances": [
        {
          "index_key": 0,
          "schema_version": 0,
          "attributes": {
            "id": "427396675",
            "json": "{\n  \"Version\": \"2012-10-17\",\n  \"Statement\": [\n    {\n      \"Effect\": \"Allow\",\n      \"Action\": \"sts:AssumeRole\",\n      \"Principal\": {\n        \"Service\": \"states.us-west-2.amazonaws.com\"\n      }\n    }\n  ]\n}",
            "override_policy_documents": null,
            "policy_id": null,
            "source_policy_documents": null,
            "statement": [
              {
                "actions": [
                  "sts:AssumeRole"
                ],
                "condition": [],
                "effect": "Allow",
                "not_actions": [],
                "not_principals": [],
                "not_resources": [],
                "principals": [
                  {
                    "identifiers": [
                      "states.us-west-2.amazonaws.com"
                    ],
                    "type": "Service"
                  }
                ],
                "resources": [],
                "sid": ""
              }
            ],
            "version": "2012-10-17"
          },
          "sensitive_attributes": []
        }
      ]
    },
    {
      "module": "module.step_function",
      "mode": "data",
      "type": "aws_iam_policy_document",
      "name": "logs",
      "provider": "provider[\"registry.terraform.io/hashicorp/aws\"]",
      "instances": [
        {
          "index_key": 0,
          "schema_version": 0,
          "attributes": {
            "id": "2981584126",
            "json": "{\n  \"Version\": \"2012-10-17\",\n  \"Statement\": [\n    {\n      \"Effect\": \"Allow\",\n      \"Action\": [\n        \"logs:UpdateLogDelivery\",\n        \"logs:PutResourcePolicy\",\n        \"logs:ListLogDeliveries\",\n        \"logs:GetLogDelivery\",\n        \"logs:DescribeResourcePolicies\",\n        \"logs:DescribeLogGroups\",\n        \"logs:DeleteLogDelivery\",\n        \"logs:CreateLogDelivery\"\n      ],\n      \"Resource\": \"*\"\n    }\n  ]\n}",
            "override_policy_documents": null,
            "policy_id": null,
            "source_policy_documents": null,
            "statement": [
              {
                "actions": [
                  "logs:CreateLogDelivery",
                  "logs:DeleteLogDelivery",
                  "logs:DescribeLogGroups",
                  "logs:DescribeResourcePolicies",
                  "logs:GetLogDelivery",
                  "logs:ListLogDeliveries",
                  "logs:PutResourcePolicy",
                  "logs:UpdateLogDelivery"
                ],
                "condition": [],
                "effect": "Allow",
                "not_actions": [],
                "not_principals": [],
                "not_resources": [],
                "principals": [],
                "resources": [
                  "*"
                ],
                "sid": ""
              }
            ],
            "version": "2012-10-17"
          },
          "sensitive_attributes": []
        }
      ]
    },
    {
      "module": "module.step_function",
      "mode": "data",
      "type": "aws_iam_policy_document",
      "name": "service",
      "provider": "provider[\"registry.terraform.io/hashicorp/aws\"]",
      "instances": [
        {
          "index_key": "lambda",
          "schema_version": 0,
          "attributes": {
            "id": "3361428682",
            "json": "{\n  \"Version\": \"2012-10-17\",\n  \"Statement\": [\n    {\n      \"Sid\": \"lambdaLambda\",\n      \"Effect\": \"Allow\",\n      \"Action\": \"lambda:InvokeFunction\",\n      \"Resource\": [\n        \"arn:aws:lambda:us-west-2:526054848789:function:extract-apis-mercado-livre:*\",\n        \"arn:aws:lambda:us-west-2:526054848789:function:extract-apis-mercado-livre\"\n      ]\n    }\n  ]\n}",
            "override_policy_documents": null,
            "policy_id": null,
            "source_policy_documents": null,
            "statement": [
              {
                "actions": [
                  "lambda:InvokeFunction"
                ],
                "condition": [],
                "effect": "Allow",
                "not_actions": [],
                "not_principals": [],
                "not_resources": [],
                "principals": [],
                "resources": [
                  "arn:aws:lambda:us-west-2:526054848789:function:extract-apis-mercado-livre",
                  "arn:aws:lambda:us-west-2:526054848789:function:extract-apis-mercado-livre:*"
                ],
                "sid": "lambdaLambda"
              }
            ],
            "version": "2012-10-17"
          },
          "sensitive_attributes": []
        }
      ]
    },
    {
      "module": "module.step_function",
      "mode": "data",
      "type": "aws_region",
      "name": "current",
      "provider": "provider[\"registry.terraform.io/hashicorp/aws\"]",
      "instances": [
        {
          "index_key": 0,
          "schema_version": 0,
          "attributes": {
            "description": "US West (Oregon)",
            "endpoint": "ec2.us-west-2.amazonaws.com",
            "id": "us-west-2",
            "name": "us-west-2"
          },
          "sensitive_attributes": []
        }
      ]
    },
    {
      "module": "module.step_function",
      "mode": "managed",
      "type": "aws_cloudwatch_log_group",
      "name": "sfn",
      "provider": "provider[\"registry.terraform.io/hashicorp/aws\"]",
      "instances": [
        {
          "index_key": 0,
          "schema_version": 0,
          "attributes": {
            "arn": "arn:aws:logs:us-west-2:526054848789:log-group:/aws/vendedlogs/states/sf-extract-apis-mercado-livre",
            "id": "/aws/vendedlogs/states/sf-extract-apis-mercado-livre",
            "kms_key_id": "",
            "name": "/aws/vendedlogs/states/sf-extract-apis-mercado-livre",
            "name_prefix": "",
            "retention_in_days": 0,
            "skip_destroy": false,
            "tags": {},
            "tags_all": {}
          },
          "sensitive_attributes": [],
          "private": "bnVsbA=="
        }
      ]
    },
    {
      "module": "module.step_function",
      "mode": "managed",
      "type": "aws_iam_policy",
      "name": "logs",
      "provider": "provider[\"registry.terraform.io/hashicorp/aws\"]",
      "instances": [
        {
          "index_key": 0,
          "schema_version": 0,
          "attributes": {
            "arn": "arn:aws:iam::526054848789:policy/sf-extract-apis-mercado-livre-logs",
            "description": "",
            "id": "arn:aws:iam::526054848789:policy/sf-extract-apis-mercado-livre-logs",
            "name": "sf-extract-apis-mercado-livre-logs",
            "name_prefix": "",
            "path": "/",
            "policy": "{\"Statement\":[{\"Action\":[\"logs:UpdateLogDelivery\",\"logs:PutResourcePolicy\",\"logs:ListLogDeliveries\",\"logs:GetLogDelivery\",\"logs:DescribeResourcePolicies\",\"logs:DescribeLogGroups\",\"logs:DeleteLogDelivery\",\"logs:CreateLogDelivery\"],\"Effect\":\"Allow\",\"Resource\":\"*\"}],\"Version\":\"2012-10-17\"}",
            "policy_id": "ANPAXU62P7EK423JU2NIU",
            "tags": {},
            "tags_all": {}
          },
          "sensitive_attributes": [],
          "private": "bnVsbA==",
          "dependencies": [
            "module.step_function.data.aws_iam_policy_document.logs"
          ]
        }
      ]
    },
    {
      "module": "module.step_function",
      "mode": "managed",
      "type": "aws_iam_policy",
      "name": "service",
      "provider": "provider[\"registry.terraform.io/hashicorp/aws\"]",
      "instances": [
        {
          "index_key": "lambda",
          "schema_version": 0,
          "attributes": {
            "arn": "arn:aws:iam::526054848789:policy/sf-extract-apis-mercado-livre-lambda",
            "description": "",
            "id": "arn:aws:iam::526054848789:policy/sf-extract-apis-mercado-livre-lambda",
            "name": "sf-extract-apis-mercado-livre-lambda",
            "name_prefix": "",
            "path": "/",
            "policy": "{\"Statement\":[{\"Action\":\"lambda:InvokeFunction\",\"Effect\":\"Allow\",\"Resource\":[\"arn:aws:lambda:us-west-2:526054848789:function:extract-apis-mercado-livre:*\",\"arn:aws:lambda:us-west-2:526054848789:function:extract-apis-mercado-livre\"],\"Sid\":\"lambdaLambda\"}],\"Version\":\"2012-10-17\"}",
            "policy_id": "ANPAXU62P7EK5GBLDWCDQ",
            "tags": {},
            "tags_all": {}
          },
          "sensitive_attributes": [],
          "private": "bnVsbA==",
          "dependencies": [
            "data.aws_caller_identity.this",
            "data.aws_ecr_authorization_token.token",
            "data.aws_region.current",
            "module.docker_image_mercado_livre.aws_ecr_repository.this",
            "module.docker_image_mercado_livre.data.aws_caller_identity.this",
            "module.docker_image_mercado_livre.data.aws_region.current",
            "module.docker_image_mercado_livre.docker_image.this",
            "module.docker_image_mercado_livre.docker_registry_image.this",
            "module.lambda_mercado_livre.aws_cloudwatch_log_group.lambda",
            "module.lambda_mercado_livre.aws_iam_policy.additional_inline",
            "module.lambda_mercado_livre.aws_iam_policy.additional_json",
            "module.lambda_mercado_livre.aws_iam_policy.additional_jsons",
            "module.lambda_mercado_livre.aws_iam_policy.async",
            "module.lambda_mercado_livre.aws_iam_policy.dead_letter",
            "module.lambda_mercado_livre.aws_iam_policy.logs",
            "module.lambda_mercado_livre.aws_iam_policy.tracing",
            "module.lambda_mercado_livre.aws_iam_policy.vpc",
            "module.lambda_mercado_livre.aws_iam_role.lambda",
            "module.lambda_mercado_livre.aws_iam_role_policy_attachment.additional_inline",
            "module.lambda_mercado_livre.aws_iam_role_policy_attachment.additional_json",
            "module.lambda_mercado_livre.aws_iam_role_policy_attachment.additional_jsons",
            "module.lambda_mercado_livre.aws_iam_role_policy_attachment.additional_many",
            "module.lambda_mercado_livre.aws_iam_role_policy_attachment.additional_one",
            "module.lambda_mercado_livre.aws_iam_role_policy_attachment.async",
            "module.lambda_mercado_livre.aws_iam_role_policy_attachment.dead_letter",
            "module.lambda_mercado_livre.aws_iam_role_policy_attachment.logs",
            "module.lambda_mercado_livre.aws_iam_role_policy_attachment.tracing",
            "module.lambda_mercado_livre.aws_iam_role_policy_attachment.vpc",
            "module.lambda_mercado_livre.aws_lambda_function.this",
            "module.lambda_mercado_livre.aws_s3_object.lambda_package",
            "module.lambda_mercado_livre.data.aws_arn.log_group_arn",
            "module.lambda_mercado_livre.data.aws_cloudwatch_log_group.lambda",
            "module.lambda_mercado_livre.data.aws_iam_policy.tracing",
            "module.lambda_mercado_livre.data.aws_iam_policy.vpc",
            "module.lambda_mercado_livre.data.aws_iam_policy_document.additional_inline",
            "module.lambda_mercado_livre.data.aws_iam_policy_document.assume_role",
            "module.lambda_mercado_livre.data.aws_iam_policy_document.async",
            "module.lambda_mercado_livre.data.aws_iam_policy_document.dead_letter",
            "module.lambda_mercado_livre.data.aws_iam_policy_document.logs",
            "module.lambda_mercado_livre.data.aws_partition.current",
            "module.lambda_mercado_livre.data.external.archive_prepare",
            "module.lambda_mercado_livre.local_file.archive_plan",
            "module.lambda_mercado_livre.null_resource.archive",
            "module.step_function.data.aws_caller_identity.current",
            "module.step_function.data.aws_iam_policy_document.service",
            "module.step_function.data.aws_region.current"
          ]
        }
      ]
    },
    {
      "module": "module.step_function",
      "mode": "managed",
      "type": "aws_iam_policy_attachment",
      "name": "logs",
      "provider": "provider[\"registry.terraform.io/hashicorp/aws\"]",
      "instances": [
        {
          "index_key": 0,
          "schema_version": 0,
          "attributes": {
            "groups": [],
            "id": "sf-extract-apis-mercado-livre-logs",
            "name": "sf-extract-apis-mercado-livre-logs",
            "policy_arn": "arn:aws:iam::526054848789:policy/sf-extract-apis-mercado-livre-logs",
            "roles": [
              "sf-extract-apis-mercado-livre"
            ],
            "users": []
          },
          "sensitive_attributes": [],
          "private": "bnVsbA==",
          "dependencies": [
            "module.step_function.aws_iam_policy.logs",
            "module.step_function.aws_iam_role.this",
            "module.step_function.data.aws_iam_policy_document.assume_role",
            "module.step_function.data.aws_iam_policy_document.logs",
            "module.step_function.data.aws_region.current"
          ]
        }
      ]
    },
    {
      "module": "module.step_function",
      "mode": "managed",
      "type": "aws_iam_policy_attachment",
      "name": "service",
      "provider": "provider[\"registry.terraform.io/hashicorp/aws\"]",
      "instances": [
        {
          "index_key": "lambda",
          "schema_version": 0,
          "attributes": {
            "groups": [],
            "id": "sf-extract-apis-mercado-livre-lambda",
            "name": "sf-extract-apis-mercado-livre-lambda",
            "policy_arn": "arn:aws:iam::526054848789:policy/sf-extract-apis-mercado-livre-lambda",
            "roles": [
              "sf-extract-apis-mercado-livre"
            ],
            "users": []
          },
          "sensitive_attributes": [],
          "private": "bnVsbA==",
          "dependencies": [
            "data.aws_caller_identity.this",
            "data.aws_ecr_authorization_token.token",
            "data.aws_region.current",
            "module.docker_image_mercado_livre.aws_ecr_repository.this",
            "module.docker_image_mercado_livre.data.aws_caller_identity.this",
            "module.docker_image_mercado_livre.data.aws_region.current",
            "module.docker_image_mercado_livre.docker_image.this",
            "module.docker_image_mercado_livre.docker_registry_image.this",
            "module.lambda_mercado_livre.aws_cloudwatch_log_group.lambda",
            "module.lambda_mercado_livre.aws_iam_policy.additional_inline",
            "module.lambda_mercado_livre.aws_iam_policy.additional_json",
            "module.lambda_mercado_livre.aws_iam_policy.additional_jsons",
            "module.lambda_mercado_livre.aws_iam_policy.async",
            "module.lambda_mercado_livre.aws_iam_policy.dead_letter",
            "module.lambda_mercado_livre.aws_iam_policy.logs",
            "module.lambda_mercado_livre.aws_iam_policy.tracing",
            "module.lambda_mercado_livre.aws_iam_policy.vpc",
            "module.lambda_mercado_livre.aws_iam_role.lambda",
            "module.lambda_mercado_livre.aws_iam_role_policy_attachment.additional_inline",
            "module.lambda_mercado_livre.aws_iam_role_policy_attachment.additional_json",
            "module.lambda_mercado_livre.aws_iam_role_policy_attachment.additional_jsons",
            "module.lambda_mercado_livre.aws_iam_role_policy_attachment.additional_many",
            "module.lambda_mercado_livre.aws_iam_role_policy_attachment.additional_one",
            "module.lambda_mercado_livre.aws_iam_role_policy_attachment.async",
            "module.lambda_mercado_livre.aws_iam_role_policy_attachment.dead_letter",
            "module.lambda_mercado_livre.aws_iam_role_policy_attachment.logs",
            "module.lambda_mercado_livre.aws_iam_role_policy_attachment.tracing",
            "module.lambda_mercado_livre.aws_iam_role_policy_attachment.vpc",
            "module.lambda_mercado_livre.aws_lambda_function.this",
            "module.lambda_mercado_livre.aws_s3_object.lambda_package",
            "module.lambda_mercado_livre.data.aws_arn.log_group_arn",
            "module.lambda_mercado_livre.data.aws_cloudwatch_log_group.lambda",
            "module.lambda_mercado_livre.data.aws_iam_policy.tracing",
            "module.lambda_mercado_livre.data.aws_iam_policy.vpc",
            "module.lambda_mercado_livre.data.aws_iam_policy_document.additional_inline",
            "module.lambda_mercado_livre.data.aws_iam_policy_document.assume_role",
            "module.lambda_mercado_livre.data.aws_iam_policy_document.async",
            "module.lambda_mercado_livre.data.aws_iam_policy_document.dead_letter",
            "module.lambda_mercado_livre.data.aws_iam_policy_document.logs",
            "module.lambda_mercado_livre.data.aws_partition.current",
            "module.lambda_mercado_livre.data.external.archive_prepare",
            "module.lambda_mercado_livre.local_file.archive_plan",
            "module.lambda_mercado_livre.null_resource.archive",
            "module.step_function.aws_iam_policy.service",
            "module.step_function.aws_iam_role.this",
            "module.step_function.data.aws_caller_identity.current",
            "module.step_function.data.aws_iam_policy_document.assume_role",
            "module.step_function.data.aws_iam_policy_document.service",
            "module.step_function.data.aws_region.current"
          ]
        }
      ]
    },
    {
      "module": "module.step_function",
      "mode": "managed",
      "type": "aws_iam_role",
      "name": "this",
      "provider": "provider[\"registry.terraform.io/hashicorp/aws\"]",
      "instances": [
        {
          "index_key": 0,
          "schema_version": 0,
          "attributes": {
            "arn": "arn:aws:iam::526054848789:role/sf-extract-apis-mercado-livre",
            "assume_role_policy": "{\"Statement\":[{\"Action\":\"sts:AssumeRole\",\"Effect\":\"Allow\",\"Principal\":{\"Service\":\"states.us-west-2.amazonaws.com\"}}],\"Version\":\"2012-10-17\"}",
            "create_date": "2023-09-16T03:23:53Z",
            "description": "",
            "force_detach_policies": true,
            "id": "sf-extract-apis-mercado-livre",
            "inline_policy": [],
            "managed_policy_arns": [
              "arn:aws:iam::526054848789:policy/sf-extract-apis-mercado-livre-lambda",
              "arn:aws:iam::526054848789:policy/sf-extract-apis-mercado-livre-logs"
            ],
            "max_session_duration": 3600,
            "name": "sf-extract-apis-mercado-livre",
            "name_prefix": "",
            "path": "/",
            "permissions_boundary": null,
            "tags": {},
            "tags_all": {},
            "unique_id": "AROAXU62P7EKWR2RKEZ65"
          },
          "sensitive_attributes": [],
          "private": "bnVsbA==",
          "dependencies": [
            "module.step_function.data.aws_iam_policy_document.assume_role",
            "module.step_function.data.aws_region.current"
          ]
        }
      ]
    },
    {
      "module": "module.step_function",
      "mode": "managed",
      "type": "aws_sfn_state_machine",
      "name": "this",
      "provider": "provider[\"registry.terraform.io/hashicorp/aws\"]",
      "instances": [
        {
          "index_key": 0,
          "schema_version": 0,
          "attributes": {
            "arn": "arn:aws:states:us-west-2:526054848789:stateMachine:sf-extract-apis-mercado-livre",
            "creation_date": "2023-09-16T03:25:13Z",
            "definition": "{\n    \"Comment\": \"Mercado Livre Flow\",\n    \"StartAt\": \"Get Mercado Livre Items\",\n    \"States\": {\n      \"Get Mercado Livre Items\": {\n        \"Type\": \"Task\",\n        \"Resource\": \"arn:aws:states:::lambda:invoke\",\n        \"OutputPath\": \"$.Payload\",\n        \"Parameters\": {\n          \"Payload.$\": \"$\",\n          \"FunctionName\": \"arn:aws:lambda:us-west-2:526054848789:function:extract-apis-mercado-livre:$LATEST\"\n        },\n        \"Retry\": [\n          {\n            \"ErrorEquals\": [\n              \"Lambda.ServiceException\",\n              \"Lambda.AWSLambdaException\",\n              \"Lambda.SdkClientException\",\n              \"Lambda.TooManyRequestsException\"\n            ],\n            \"IntervalSeconds\": 2,\n            \"MaxAttempts\": 6,\n            \"BackoffRate\": 2\n          }\n        ],\n        \"Next\": \"Has Next Items?\"\n      },\n      \"Has Next Items?\": {\n        \"Type\": \"Choice\",\n        \"Choices\": [\n          {\n            \"Variable\": \"$.next_items\",\n            \"IsPresent\": true,\n            \"Next\": \"Get Mercado Livre Items\"\n          }\n        ],\n        \"Default\": \"Success\"\n      },\n      \"Success\": {\n        \"Type\": \"Succeed\"\n      }\n    }\n  }",
            "description": "",
            "id": "arn:aws:states:us-west-2:526054848789:stateMachine:sf-extract-apis-mercado-livre",
            "logging_configuration": [
              {
                "include_execution_data": false,
                "level": "ERROR",
                "log_destination": "arn:aws:logs:us-west-2:526054848789:log-group:/aws/vendedlogs/states/sf-extract-apis-mercado-livre:*"
              }
            ],
            "name": "sf-extract-apis-mercado-livre",
            "name_prefix": "",
            "publish": false,
            "revision_id": "91cc092a-dab1-470a-b9e6-a1059be5e8c6",
            "role_arn": "arn:aws:iam::526054848789:role/sf-extract-apis-mercado-livre",
            "state_machine_version_arn": "",
            "status": "ACTIVE",
            "tags": {
              "Name": "sf-extract-apis-mercado-livre"
            },
            "tags_all": {
              "Name": "sf-extract-apis-mercado-livre"
            },
            "timeouts": {
              "create": null,
              "delete": null,
              "update": null
            },
            "tracing_configuration": [
              {
                "enabled": false
              }
            ],
            "type": "STANDARD",
            "version_description": null
          },
          "sensitive_attributes": [],
          "private": "eyJlMmJmYjczMC1lY2FhLTExZTYtOGY4OC0zNDM2M2JjN2M0YzAiOnsiY3JlYXRlIjozMDAwMDAwMDAwMDAsImRlbGV0ZSI6MzAwMDAwMDAwMDAwLCJ1cGRhdGUiOjYwMDAwMDAwMDAwfX0=",
          "dependencies": [
            "data.aws_caller_identity.this",
            "data.aws_ecr_authorization_token.token",
            "data.aws_region.current",
            "module.docker_image_mercado_livre.aws_ecr_repository.this",
            "module.docker_image_mercado_livre.data.aws_caller_identity.this",
            "module.docker_image_mercado_livre.data.aws_region.current",
            "module.docker_image_mercado_livre.docker_image.this",
            "module.docker_image_mercado_livre.docker_registry_image.this",
            "module.lambda_mercado_livre.aws_cloudwatch_log_group.lambda",
            "module.lambda_mercado_livre.aws_iam_policy.additional_inline",
            "module.lambda_mercado_livre.aws_iam_policy.additional_json",
            "module.lambda_mercado_livre.aws_iam_policy.additional_jsons",
            "module.lambda_mercado_livre.aws_iam_policy.async",
            "module.lambda_mercado_livre.aws_iam_policy.dead_letter",
            "module.lambda_mercado_livre.aws_iam_policy.logs",
            "module.lambda_mercado_livre.aws_iam_policy.tracing",
            "module.lambda_mercado_livre.aws_iam_policy.vpc",
            "module.lambda_mercado_livre.aws_iam_role.lambda",
            "module.lambda_mercado_livre.aws_iam_role_policy_attachment.additional_inline",
            "module.lambda_mercado_livre.aws_iam_role_policy_attachment.additional_json",
            "module.lambda_mercado_livre.aws_iam_role_policy_attachment.additional_jsons",
            "module.lambda_mercado_livre.aws_iam_role_policy_attachment.additional_many",
            "module.lambda_mercado_livre.aws_iam_role_policy_attachment.additional_one",
            "module.lambda_mercado_livre.aws_iam_role_policy_attachment.async",
            "module.lambda_mercado_livre.aws_iam_role_policy_attachment.dead_letter",
            "module.lambda_mercado_livre.aws_iam_role_policy_attachment.logs",
            "module.lambda_mercado_livre.aws_iam_role_policy_attachment.tracing",
            "module.lambda_mercado_livre.aws_iam_role_policy_attachment.vpc",
            "module.lambda_mercado_livre.aws_lambda_function.this",
            "module.lambda_mercado_livre.aws_s3_object.lambda_package",
            "module.lambda_mercado_livre.data.aws_arn.log_group_arn",
            "module.lambda_mercado_livre.data.aws_cloudwatch_log_group.lambda",
            "module.lambda_mercado_livre.data.aws_iam_policy.tracing",
            "module.lambda_mercado_livre.data.aws_iam_policy.vpc",
            "module.lambda_mercado_livre.data.aws_iam_policy_document.additional_inline",
            "module.lambda_mercado_livre.data.aws_iam_policy_document.assume_role",
            "module.lambda_mercado_livre.data.aws_iam_policy_document.async",
            "module.lambda_mercado_livre.data.aws_iam_policy_document.dead_letter",
            "module.lambda_mercado_livre.data.aws_iam_policy_document.logs",
            "module.lambda_mercado_livre.data.aws_partition.current",
            "module.lambda_mercado_livre.data.external.archive_prepare",
            "module.lambda_mercado_livre.local_file.archive_plan",
            "module.lambda_mercado_livre.null_resource.archive",
            "module.step_function.aws_cloudwatch_log_group.sfn",
            "module.step_function.aws_iam_role.this",
            "module.step_function.data.aws_cloudwatch_log_group.sfn",
            "module.step_function.data.aws_iam_policy_document.assume_role",
            "module.step_function.data.aws_region.current"
          ]
        }
      ]
    }
  ],
  "check_results": null
}
